// !$*UTF8*$!
{
	archiveVersion = 1;
	classes = {
	};
	objectVersion = 46;
	objects = {

/* Begin PBXBuildFile section */
		4BDE135B1EA9A718001E5BAC /* AppDelegate.swift in Sources */ = {isa = PBXBuildFile; fileRef = 4BDE135A1EA9A718001E5BAC /* AppDelegate.swift */; };
		4BDE135D1EA9A718001E5BAC /* ViewController.swift in Sources */ = {isa = PBXBuildFile; fileRef = 4BDE135C1EA9A718001E5BAC /* ViewController.swift */; };
		4BDE13601EA9A718001E5BAC /* Main.storyboard in Resources */ = {isa = PBXBuildFile; fileRef = 4BDE135E1EA9A718001E5BAC /* Main.storyboard */; };
		4BDE13621EA9A718001E5BAC /* Assets.xcassets in Resources */ = {isa = PBXBuildFile; fileRef = 4BDE13611EA9A718001E5BAC /* Assets.xcassets */; };
		4BDE13651EA9A718001E5BAC /* LaunchScreen.storyboard in Resources */ = {isa = PBXBuildFile; fileRef = 4BDE13631EA9A718001E5BAC /* LaunchScreen.storyboard */; };
		4BDE13701EA9A718001E5BAC /* shareHeaderTests.swift in Sources */ = {isa = PBXBuildFile; fileRef = 4BDE136F1EA9A718001E5BAC /* shareHeaderTests.swift */; };
		4BDE137B1EA9A719001E5BAC /* shareHeaderUITests.swift in Sources */ = {isa = PBXBuildFile; fileRef = 4BDE137A1EA9A719001E5BAC /* shareHeaderUITests.swift */; };
/* End PBXBuildFile section */

/* Begin PBXContainerItemProxy section */
		4BDE136C1EA9A718001E5BAC /* PBXContainerItemProxy */ = {
			isa = PBXContainerItemProxy;
			containerPortal = 4BDE134F1EA9A718001E5BAC /* Project object */;
			proxyType = 1;
			remoteGlobalIDString = 4BDE13561EA9A718001E5BAC;
			remoteInfo = shareHeader;
		};
		4BDE13771EA9A719001E5BAC /* PBXContainerItemProxy */ = {
			isa = PBXContainerItemProxy;
			containerPortal = 4BDE134F1EA9A718001E5BAC /* Project object */;
			proxyType = 1;
			remoteGlobalIDString = 4BDE13561EA9A718001E5BAC;
			remoteInfo = shareHeader;
		};
/* End PBXContainerItemProxy section */

/* Begin PBXFileReference section */
		4BDE13571EA9A718001E5BAC /* shareHeader.app */ = {isa = PBXFileReference; explicitFileType = wrapper.application; includeInIndex = 0; path = shareHeader.app; sourceTree = BUILT_PRODUCTS_DIR; };
		4BDE135A1EA9A718001E5BAC /* AppDelegate.swift */ = {isa = PBXFileReference; lastKnownFileType = sourcecode.swift; path = AppDelegate.swift; sourceTree = "<group>"; };
		4BDE135C1EA9A718001E5BAC /* ViewController.swift */ = {isa = PBXFileReference; lastKnownFileType = sourcecode.swift; path = ViewController.swift; sourceTree = "<group>"; };
		4BDE135F1EA9A718001E5BAC /* Base */ = {isa = PBXFileReference; lastKnownFileType = file.storyboard; name = Base; path = Base.lproj/Main.storyboard; sourceTree = "<group>"; };
		4BDE13611EA9A718001E5BAC /* Assets.xcassets */ = {isa = PBXFileReference; lastKnownFileType = folder.assetcatalog; path = Assets.xcassets; sourceTree = "<group>"; };
		4BDE13641EA9A718001E5BAC /* Base */ = {isa = PBXFileReference; lastKnownFileType = file.storyboard; name = Base; path = Base.lproj/LaunchScreen.storyboard; sourceTree = "<group>"; };
		4BDE13661EA9A718001E5BAC /* Info.plist */ = {isa = PBXFileReference; lastKnownFileType = text.plist.xml; path = Info.plist; sourceTree = "<group>"; };
		4BDE136B1EA9A718001E5BAC /* shareHeaderTests.xctest */ = {isa = PBXFileReference; explicitFileType = wrapper.cfbundle; includeInIndex = 0; path = shareHeaderTests.xctest; sourceTree = BUILT_PRODUCTS_DIR; };
		4BDE136F1EA9A718001E5BAC /* shareHeaderTests.swift */ = {isa = PBXFileReference; lastKnownFileType = sourcecode.swift; path = shareHeaderTests.swift; sourceTree = "<group>"; };
		4BDE13711EA9A718001E5BAC /* Info.plist */ = {isa = PBXFileReference; lastKnownFileType = text.plist.xml; path = Info.plist; sourceTree = "<group>"; };
		4BDE13761EA9A718001E5BAC /* shareHeaderUITests.xctest */ = {isa = PBXFileReference; explicitFileType = wrapper.cfbundle; includeInIndex = 0; path = shareHeaderUITests.xctest; sourceTree = BUILT_PRODUCTS_DIR; };
		4BDE137A1EA9A719001E5BAC /* shareHeaderUITests.swift */ = {isa = PBXFileReference; lastKnownFileType = sourcecode.swift; path = shareHeaderUITests.swift; sourceTree = "<group>"; };
		4BDE137C1EA9A719001E5BAC /* Info.plist */ = {isa = PBXFileReference; lastKnownFileType = text.plist.xml; path = Info.plist; sourceTree = "<group>"; };
/* End PBXFileReference section */

/* Begin PBXFrameworksBuildPhase section */
		4BDE13541EA9A718001E5BAC /* Frameworks */ = {
			isa = PBXFrameworksBuildPhase;
			buildActionMask = 2147483647;
			files = (
			);
			runOnlyForDeploymentPostprocessing = 0;
		};
		4BDE13681EA9A718001E5BAC /* Frameworks */ = {
			isa = PBXFrameworksBuildPhase;
			buildActionMask = 2147483647;
			files = (
			);
			runOnlyForDeploymentPostprocessing = 0;
		};
		4BDE13731EA9A718001E5BAC /* Frameworks */ = {
			isa = PBXFrameworksBuildPhase;
			buildActionMask = 2147483647;
			files = (
			);
			runOnlyForDeploymentPostprocessing = 0;
		};
/* End PBXFrameworksBuildPhase section */

/* Begin PBXGroup section */
		4BDE134E1EA9A718001E5BAC = {
			isa = PBXGroup;
			children = (
				4BDE13591EA9A718001E5BAC /* shareHeader */,
				4BDE136E1EA9A718001E5BAC /* shareHeaderTests */,
				4BDE13791EA9A719001E5BAC /* shareHeaderUITests */,
				4BDE13581EA9A718001E5BAC /* Products */,
			);
			sourceTree = "<group>";
		};
		4BDE13581EA9A718001E5BAC /* Products */ = {
			isa = PBXGroup;
			children = (
				4BDE13571EA9A718001E5BAC /* shareHeader.app */,
				4BDE136B1EA9A718001E5BAC /* shareHeaderTests.xctest */,
				4BDE13761EA9A718001E5BAC /* shareHeaderUITests.xctest */,
			);
			name = Products;
			sourceTree = "<group>";
		};
		4BDE13591EA9A718001E5BAC /* shareHeader */ = {
			isa = PBXGroup;
			children = (
				4BDE135A1EA9A718001E5BAC /* AppDelegate.swift */,
				4BDE135C1EA9A718001E5BAC /* ViewController.swift */,
				4BDE135E1EA9A718001E5BAC /* Main.storyboard */,
				4BDE13611EA9A718001E5BAC /* Assets.xcassets */,
				4BDE13631EA9A718001E5BAC /* LaunchScreen.storyboard */,
				4BDE13661EA9A718001E5BAC /* Info.plist */,
			);
			path = shareHeader;
			sourceTree = "<group>";
		};
		4BDE136E1EA9A718001E5BAC /* shareHeaderTests */ = {
			isa = PBXGroup;
			children = (
				4BDE136F1EA9A718001E5BAC /* shareHeaderTests.swift */,
				4BDE13711EA9A718001E5BAC /* Info.plist */,
			);
			path = shareHeaderTests;
			sourceTree = "<group>";
		};
		4BDE13791EA9A719001E5BAC /* shareHeaderUITests */ = {
			isa = PBXGroup;
			children = (
				4BDE137A1EA9A719001E5BAC /* shareHeaderUITests.swift */,
				4BDE137C1EA9A719001E5BAC /* Info.plist */,
			);
			path = shareHeaderUITests;
			sourceTree = "<group>";
		};
/* End PBXGroup section */

/* Begin PBXNativeTarget section */
		4BDE13561EA9A718001E5BAC /* shareHeader */ = {
			isa = PBXNativeTarget;
			buildConfigurationList = 4BDE137F1EA9A719001E5BAC /* Build configuration list for PBXNativeTarget "shareHeader" */;
			buildPhases = (
				4BDE13531EA9A718001E5BAC /* Sources */,
				4BDE13541EA9A718001E5BAC /* Frameworks */,
				4BDE13551EA9A718001E5BAC /* Resources */,
			);
			buildRules = (
			);
			dependencies = (
			);
			name = shareHeader;
			productName = shareHeader;
			productReference = 4BDE13571EA9A718001E5BAC /* shareHeader.app */;
			productType = "com.apple.product-type.application";
		};
		4BDE136A1EA9A718001E5BAC /* shareHeaderTests */ = {
			isa = PBXNativeTarget;
			buildConfigurationList = 4BDE13821EA9A719001E5BAC /* Build configuration list for PBXNativeTarget "shareHeaderTests" */;
			buildPhases = (
				4BDE13671EA9A718001E5BAC /* Sources */,
				4BDE13681EA9A718001E5BAC /* Frameworks */,
				4BDE13691EA9A718001E5BAC /* Resources */,
			);
			buildRules = (
			);
			dependencies = (
				4BDE136D1EA9A718001E5BAC /* PBXTargetDependency */,
			);
			name = shareHeaderTests;
			productName = shareHeaderTests;
			productReference = 4BDE136B1EA9A718001E5BAC /* shareHeaderTests.xctest */;
			productType = "com.apple.product-type.bundle.unit-test";
		};
		4BDE13751EA9A718001E5BAC /* shareHeaderUITests */ = {
			isa = PBXNativeTarget;
			buildConfigurationList = 4BDE13851EA9A719001E5BAC /* Build configuration list for PBXNativeTarget "shareHeaderUITests" */;
			buildPhases = (
				4BDE13721EA9A718001E5BAC /* Sources */,
				4BDE13731EA9A718001E5BAC /* Frameworks */,
				4BDE13741EA9A718001E5BAC /* Resources */,
			);
			buildRules = (
			);
			dependencies = (
				4BDE13781EA9A719001E5BAC /* PBXTargetDependency */,
			);
			name = shareHeaderUITests;
			productName = shareHeaderUITests;
			productReference = 4BDE13761EA9A718001E5BAC /* shareHeaderUITests.xctest */;
			productType = "com.apple.product-type.bundle.ui-testing";
		};
/* End PBXNativeTarget section */

/* Begin PBXProject section */
		4BDE134F1EA9A718001E5BAC /* Project object */ = {
			isa = PBXProject;
			attributes = {
				LastSwiftUpdateCheck = 0830;
				LastUpgradeCheck = 0830;
				ORGANIZATIONNAME = "李玉峰";
				TargetAttributes = {
					4BDE13561EA9A718001E5BAC = {
						CreatedOnToolsVersion = 8.3.1;
						DevelopmentTeam = 3F685LX6UR;
						ProvisioningStyle = Automatic;
					};
					4BDE136A1EA9A718001E5BAC = {
						CreatedOnToolsVersion = 8.3.1;
						DevelopmentTeam = 3F685LX6UR;
						ProvisioningStyle = Automatic;
						TestTargetID = 4BDE13561EA9A718001E5BAC;
					};
					4BDE13751EA9A718001E5BAC = {
						CreatedOnToolsVersion = 8.3.1;
						DevelopmentTeam = 3F685LX6UR;
						ProvisioningStyle = Automatic;
						TestTargetID = 4BDE13561EA9A718001E5BAC;
					};
				};
			};
			buildConfigurationList = 4BDE13521EA9A718001E5BAC /* Build configuration list for PBXProject "shareHeader" */;
			compatibilityVersion = "Xcode 3.2";
			developmentRegion = English;
			hasScannedForEncodings = 0;
			knownRegions = (
				en,
				Base,
			);
			mainGroup = 4BDE134E1EA9A718001E5BAC;
			productRefGroup = 4BDE13581EA9A718001E5BAC /* Products */;
			projectDirPath = "";
			projectRoot = "";
			targets = (
				4BDE13561EA9A718001E5BAC /* shareHeader */,
				4BDE136A1EA9A718001E5BAC /* shareHeaderTests */,
				4BDE13751EA9A718001E5BAC /* shareHeaderUITests */,
			);
		};
/* End PBXProject section */

/* Begin PBXResourcesBuildPhase section */
		4BDE13551EA9A718001E5BAC /* Resources */ = {
			isa = PBXResourcesBuildPhase;
			buildActionMask = 2147483647;
			files = (
				4BDE13651EA9A718001E5BAC /* LaunchScreen.storyboard in Resources */,
				4BDE13621EA9A718001E5BAC /* Assets.xcassets in Resources */,
				4BDE13601EA9A718001E5BAC /* Main.storyboard in Resources */,
			);
			runOnlyForDeploymentPostprocessing = 0;
		};
		4BDE13691EA9A718001E5BAC /* Resources */ = {
			isa = PBXResourcesBuildPhase;
			buildActionMask = 2147483647;
			files = (
			);
			runOnlyForDeploymentPostprocessing = 0;
		};
		4BDE13741EA9A718001E5BAC /* Resources */ = {
			isa = PBXResourcesBuildPhase;
			buildActionMask = 2147483647;
			files = (
			);
			runOnlyForDeploymentPostprocessing = 0;
		};
/* End PBXResourcesBuildPhase section */

/* Begin PBXSourcesBuildPhase section */
		4BDE13531EA9A718001E5BAC /* Sources */ = {
			isa = PBXSourcesBuildPhase;
			buildActionMask = 2147483647;
			files = (
				4BDE135D1EA9A718001E5BAC /* ViewController.swift in Sources */,
				4BDE135B1EA9A718001E5BAC /* AppDelegate.swift in Sources */,
			);
			runOnlyForDeploymentPostprocessing = 0;
		};
		4BDE13671EA9A718001E5BAC /* Sources */ = {
			isa = PBXSourcesBuildPhase;
			buildActionMask = 2147483647;
			files = (
				4BDE13701EA9A718001E5BAC /* shareHeaderTests.swift in Sources */,
			);
			runOnlyForDeploymentPostprocessing = 0;
		};
		4BDE13721EA9A718001E5BAC /* Sources */ = {
			isa = PBXSourcesBuildPhase;
			buildActionMask = 2147483647;
			files = (
				4BDE137B1EA9A719001E5BAC /* shareHeaderUITests.swift in Sources */,
			);
			runOnlyForDeploymentPostprocessing = 0;
		};
/* End PBXSourcesBuildPhase section */

/* Begin PBXTargetDependency section */
		4BDE136D1EA9A718001E5BAC /* PBXTargetDependency */ = {
			isa = PBXTargetDependency;
			target = 4BDE13561EA9A718001E5BAC /* shareHeader */;
			targetProxy = 4BDE136C1EA9A718001E5BAC /* PBXContainerItemProxy */;
		};
		4BDE13781EA9A719001E5BAC /* PBXTargetDependency */ = {
			isa = PBXTargetDependency;
			target = 4BDE13561EA9A718001E5BAC /* shareHeader */;
			targetProxy = 4BDE13771EA9A719001E5BAC /* PBXContainerItemProxy */;
		};
/* End PBXTargetDependency section */

/* Begin PBXVariantGroup section */
		4BDE135E1EA9A718001E5BAC /* Main.storyboard */ = {
			isa = PBXVariantGroup;
			children = (
				4BDE135F1EA9A718001E5BAC /* Base */,
			);
			name = Main.storyboard;
			sourceTree = "<group>";
		};
		4BDE13631EA9A718001E5BAC /* LaunchScreen.storyboard */ = {
			isa = PBXVariantGroup;
			children = (
				4BDE13641EA9A718001E5BAC /* Base */,
			);
			name = LaunchScreen.storyboard;
			sourceTree = "<group>";
		};
/* End PBXVariantGroup section */

/* Begin XCBuildConfiguration section */
		4BDE137D1EA9A719001E5BAC /* Debug */ = {
			isa = XCBuildConfiguration;
			buildSettings = {
				ALWAYS_SEARCH_USER_PATHS = NO;
				CLANG_ANALYZER_NONNULL = YES;
				CLANG_ANALYZER_NUMBER_OBJECT_CONVERSION = YES_AGGRESSIVE;
				CLANG_CXX_LANGUAGE_STANDARD = "gnu++0x";
				CLANG_CXX_LIBRARY = "libc++";
				CLANG_ENABLE_MODULES = YES;
				CLANG_ENABLE_OBJC_ARC = YES;
				CLANG_WARN_BOOL_CONVERSION = YES;
				CLANG_WARN_CONSTANT_CONVERSION = YES;
				CLANG_WARN_DIRECT_OBJC_ISA_USAGE = YES_ERROR;
				CLANG_WARN_DOCUMENTATION_COMMENTS = YES;
				CLANG_WARN_EMPTY_BODY = YES;
				CLANG_WARN_ENUM_CONVERSION = YES;
				CLANG_WARN_INFINITE_RECURSION = YES;
				CLANG_WARN_INT_CONVERSION = YES;
				CLANG_WARN_OBJC_ROOT_CLASS = YES_ERROR;
				CLANG_WARN_SUSPICIOUS_MOVE = YES;
				CLANG_WARN_UNREACHABLE_CODE = YES;
				CLANG_WARN__DUPLICATE_METHOD_MATCH = YES;
				"CODE_SIGN_IDENTITY[sdk=iphoneos*]" = "iPhone Developer";
				COPY_PHASE_STRIP = NO;
				DEBUG_INFORMATION_FORMAT = dwarf;
				ENABLE_STRICT_OBJC_MSGSEND = YES;
				ENABLE_TESTABILITY = YES;
				GCC_C_LANGUAGE_STANDARD = gnu99;
				GCC_DYNAMIC_NO_PIC = NO;
				GCC_NO_COMMON_BLOCKS = YES;
				GCC_OPTIMIZATION_LEVEL = 0;
				GCC_PREPROCESSOR_DEFINITIONS = (
					"DEBUG=1",
					"$(inherited)",
				);
				GCC_WARN_64_TO_32_BIT_CONVERSION = YES;
				GCC_WARN_ABOUT_RETURN_TYPE = YES_ERROR;
				GCC_WARN_UNDECLARED_SELECTOR = YES;
				GCC_WARN_UNINITIALIZED_AUTOS = YES_AGGRESSIVE;
				GCC_WARN_UNUSED_FUNCTION = YES;
				GCC_WARN_UNUSED_VARIABLE = YES;
				IPHONEOS_DEPLOYMENT_TARGET = 10.3;
				MTL_ENABLE_DEBUG_INFO = YES;
				ONLY_ACTIVE_ARCH = YES;
				SDKROOT = iphoneos;
				SWIFT_ACTIVE_COMPILATION_CONDITIONS = DEBUG;
				SWIFT_OPTIMIZATION_LEVEL = "-Onone";
				TARGETED_DEVICE_FAMILY = "1,2";
			};
			name = Debug;
		};
		4BDE137E1EA9A719001E5BAC /* Release */ = {
			isa = XCBuildConfiguration;
			buildSettings = {
				ALWAYS_SEARCH_USER_PATHS = NO;
				CLANG_ANALYZER_NONNULL = YES;
				CLANG_ANALYZER_NUMBER_OBJECT_CONVERSION = YES_AGGRESSIVE;
				CLANG_CXX_LANGUAGE_STANDARD = "gnu++0x";
				CLANG_CXX_LIBRARY = "libc++";
				CLANG_ENABLE_MODULES = YES;
				CLANG_ENABLE_OBJC_ARC = YES;
				CLANG_WARN_BOOL_CONVERSION = YES;
				CLANG_WARN_CONSTANT_CONVERSION = YES;
				CLANG_WARN_DIRECT_OBJC_ISA_USAGE = YES_ERROR;
				CLANG_WARN_DOCUMENTATION_COMMENTS = YES;
				CLANG_WARN_EMPTY_BODY = YES;
				CLANG_WARN_ENUM_CONVERSION = YES;
				CLANG_WARN_INFINITE_RECURSION = YES;
				CLANG_WARN_INT_CONVERSION = YES;
				CLANG_WARN_OBJC_ROOT_CLASS = YES_ERROR;
				CLANG_WARN_SUSPICIOUS_MOVE = YES;
				CLANG_WARN_UNREACHABLE_CODE = YES;
				CLANG_WARN__DUPLICATE_METHOD_MATCH = YES;
				"CODE_SIGN_IDENTITY[sdk=iphoneos*]" = "iPhone Developer";
				COPY_PHASE_STRIP = NO;
				DEBUG_INFORMATION_FORMAT = "dwarf-with-dsym";
				ENABLE_NS_ASSERTIONS = NO;
				ENABLE_STRICT_OBJC_MSGSEND = YES;
				GCC_C_LANGUAGE_STANDARD = gnu99;
				GCC_NO_COMMON_BLOCKS = YES;
				GCC_WARN_64_TO_32_BIT_CONVERSION = YES;
				GCC_WARN_ABOUT_RETURN_TYPE = YES_ERROR;
				GCC_WARN_UNDECLARED_SELECTOR = YES;
				GCC_WARN_UNINITIALIZED_AUTOS = YES_AGGRESSIVE;
				GCC_WARN_UNUSED_FUNCTION = YES;
				GCC_WARN_UNUSED_VARIABLE = YES;
				IPHONEOS_DEPLOYMENT_TARGET = 10.3;
				MTL_ENABLE_DEBUG_INFO = NO;
				SDKROOT = iphoneos;
				SWIFT_OPTIMIZATION_LEVEL = "-Owholemodule";
				TARGETED_DEVICE_FAMILY = "1,2";
				VALIDATE_PRODUCT = YES;
			};
			name = Release;
		};
		4BDE13801EA9A719001E5BAC /* Debug */ = {
			isa = XCBuildConfiguration;
			buildSettings = {
				ASSETCATALOG_COMPILER_APPICON_NAME = AppIcon;
				DEVELOPMENT_TEAM = 3F685LX6UR;
				INFOPLIST_FILE = shareHeader/Info.plist;
				LD_RUNPATH_SEARCH_PATHS = "$(inherited) @executable_path/Frameworks";
				PRODUCT_BUNDLE_IDENTIFIER = com.appstore.shareHeader;
				PRODUCT_NAME = "$(TARGET_NAME)";
				SWIFT_VERSION = 3.0;
			};
			name = Debug;
		};
		4BDE13811EA9A719001E5BAC /* Release */ = {
			isa = XCBuildConfiguration;
			buildSettings = {
				ASSETCATALOG_COMPILER_APPICON_NAME = AppIcon;
				DEVELOPMENT_TEAM = 3F685LX6UR;
				INFOPLIST_FILE = shareHeader/Info.plist;
				LD_RUNPATH_SEARCH_PATHS = "$(inherited) @executable_path/Frameworks";
				PRODUCT_BUNDLE_IDENTIFIER = com.appstore.shareHeader;
				PRODUCT_NAME = "$(TARGET_NAME)";
				SWIFT_VERSION = 3.0;
			};
			name = Release;
		};
		4BDE13831EA9A719001E5BAC /* Debug */ = {
			isa = XCBuildConfiguration;
			buildSettings = {
				ALWAYS_EMBED_SWIFT_STANDARD_LIBRARIES = YES;
				BUNDLE_LOADER = "$(TEST_HOST)";
				DEVELOPMENT_TEAM = 3F685LX6UR;
				INFOPLIST_FILE = shareHeaderTests/Info.plist;
				LD_RUNPATH_SEARCH_PATHS = "$(inherited) @executable_path/Frameworks @loader_path/Frameworks";
				PRODUCT_BUNDLE_IDENTIFIER = com.appstore.shareHeaderTests;
				PRODUCT_NAME = "$(TARGET_NAME)";
				SWIFT_VERSION = 3.0;
				TEST_HOST = "$(BUILT_PRODUCTS_DIR)/shareHeader.app/shareHeader";
			};
			name = Debug;
		};
		4BDE13841EA9A719001E5BAC /* Release */ = {
			isa = XCBuildConfiguration;
			buildSettings = {
				ALWAYS_EMBED_SWIFT_STANDARD_LIBRARIES = YES;
				BUNDLE_LOADER = "$(TEST_HOST)";
				DEVELOPMENT_TEAM = 3F685LX6UR;
				INFOPLIST_FILE = shareHeaderTests/Info.plist;
				LD_RUNPATH_SEARCH_PATHS = "$(inherited) @executable_path/Frameworks @loader_path/Frameworks";
				PRODUCT_BUNDLE_IDENTIFIER = com.appstore.shareHeaderTests;
				PRODUCT_NAME = "$(TARGET_NAME)";
				SWIFT_VERSION = 3.0;
				TEST_HOST = "$(BUILT_PRODUCTS_DIR)/shareHeader.app/shareHeader";
			};
			name = Release;
		};
		4BDE13861EA9A719001E5BAC /* Debug */ = {
			isa = XCBuildConfiguration;
			buildSettings = {
				ALWAYS_EMBED_SWIFT_STANDARD_LIBRARIES = YES;
				DEVELOPMENT_TEAM = 3F685LX6UR;
				INFOPLIST_FILE = shareHeaderUITests/Info.plist;
				LD_RUNPATH_SEARCH_PATHS = "$(inherited) @executable_path/Frameworks @loader_path/Frameworks";
				PRODUCT_BUNDLE_IDENTIFIER = com.appstore.shareHeaderUITests;
				PRODUCT_NAME = "$(TARGET_NAME)";
				SWIFT_VERSION = 3.0;
				TEST_TARGET_NAME = shareHeader;
			};
			name = Debug;
		};
		4BDE13871EA9A719001E5BAC /* Release */ = {
			isa = XCBuildConfiguration;
			buildSettings = {
				ALWAYS_EMBED_SWIFT_STANDARD_LIBRARIES = YES;
				DEVELOPMENT_TEAM = 3F685LX6UR;
				INFOPLIST_FILE = shareHeaderUITests/Info.plist;
				LD_RUNPATH_SEARCH_PATHS = "$(inherited) @executable_path/Frameworks @loader_path/Frameworks";
				PRODUCT_BUNDLE_IDENTIFIER = com.appstore.shareHeaderUITests;
				PRODUCT_NAME = "$(TARGET_NAME)";
				SWIFT_VERSION = 3.0;
				TEST_TARGET_NAME = shareHeader;
			};
			name = Release;
		};
/* End XCBuildConfiguration section */

/* Begin XCConfigurationList section */
		4BDE13521EA9A718001E5BAC /* Build configuration list for PBXProject "shareHeader" */ = {
			isa = XCConfigurationList;
			buildConfigurations = (
				4BDE137D1EA9A719001E5BAC /* Debug */,
				4BDE137E1EA9A719001E5BAC /* Release */,
			);
			defaultConfigurationIsVisible = 0;
			defaultConfigurationName = Release;
		};
		4BDE137F1EA9A719001E5BAC /* Build configuration list for PBXNativeTarget "shareHeader" */ = {
			isa = XCConfigurationList;
			buildConfigurations = (
				4BDE13801EA9A719001E5BAC /* Debug */,
				4BDE13811EA9A719001E5BAC /* Release */,
			);
			defaultConfigurationIsVisible = 0;
		};
		4BDE13821EA9A719001E5BAC /* Build configuration list for PBXNativeTarget "shareHeaderTests" */ = {
			isa = XCConfigurationList;
			buildConfigurations = (
				4BDE13831EA9A719001E5BAC /* Debug */,
				4BDE13841EA9A719001E5BAC /* Release */,
			);
			defaultConfigurationIsVisible = 0;
		};
		4BDE13851EA9A719001E5BAC /* Build configuration list for PBXNativeTarget "shareHeaderUITests" */ = {
			isa = XCConfigurationList;
			buildConfigurations = (
				4BDE13861EA9A719001E5BAC /* Debug */,
				4BDE13871EA9A719001E5BAC /* Release */,
			);
			defaultConfigurationIsVisible = 0;
		};
/* End XCConfigurationList section */
	};
	rootObject = 4BDE134F1EA9A718001E5BAC /* Project object */;
}
