// !$*UTF8*$!
{
	archiveVersion = 1;
	classes = {
	};
	objectVersion = 50;
	objects = {

/* Begin PBXBuildFile section */
		4B22056C208F0C3B00CA002B /* AppDelegate.swift in Sources */ = {isa = PBXBuildFile; fileRef = 4B22056B208F0C3B00CA002B /* AppDelegate.swift */; };
		4B22056E208F0C3B00CA002B /* ViewController.swift in Sources */ = {isa = PBXBuildFile; fileRef = 4B22056D208F0C3B00CA002B /* ViewController.swift */; };
		4B220571208F0C3B00CA002B /* Main.storyboard in Resources */ = {isa = PBXBuildFile; fileRef = 4B22056F208F0C3B00CA002B /* Main.storyboard */; };
		4B220573208F0C3D00CA002B /* Assets.xcassets in Resources */ = {isa = PBXBuildFile; fileRef = 4B220572208F0C3D00CA002B /* Assets.xcassets */; };
		4B220576208F0C3D00CA002B /* LaunchScreen.storyboard in Resources */ = {isa = PBXBuildFile; fileRef = 4B220574208F0C3D00CA002B /* LaunchScreen.storyboard */; };
		4B220581208F0C3D00CA002B /* BroadcastStarterTests.swift in Sources */ = {isa = PBXBuildFile; fileRef = 4B220580208F0C3D00CA002B /* BroadcastStarterTests.swift */; };
		4B22058C208F0C3D00CA002B /* BroadcastStarterUITests.swift in Sources */ = {isa = PBXBuildFile; fileRef = 4B22058B208F0C3D00CA002B /* BroadcastStarterUITests.swift */; };
/* End PBXBuildFile section */

/* Begin PBXContainerItemProxy section */
		4B22057D208F0C3D00CA002B /* PBXContainerItemProxy */ = {
			isa = PBXContainerItemProxy;
			containerPortal = 4B220560208F0C3B00CA002B /* Project object */;
			proxyType = 1;
			remoteGlobalIDString = 4B220567208F0C3B00CA002B;
			remoteInfo = BroadcastStarter;
		};
		4B220588208F0C3D00CA002B /* PBXContainerItemProxy */ = {
			isa = PBXContainerItemProxy;
			containerPortal = 4B220560208F0C3B00CA002B /* Project object */;
			proxyType = 1;
			remoteGlobalIDString = 4B220567208F0C3B00CA002B;
			remoteInfo = BroadcastStarter;
		};
/* End PBXContainerItemProxy section */

/* Begin PBXFileReference section */
		4B220568208F0C3B00CA002B /* BroadcastStarter.app */ = {isa = PBXFileReference; explicitFileType = wrapper.application; includeInIndex = 0; path = BroadcastStarter.app; sourceTree = BUILT_PRODUCTS_DIR; };
		4B22056B208F0C3B00CA002B /* AppDelegate.swift */ = {isa = PBXFileReference; lastKnownFileType = sourcecode.swift; path = AppDelegate.swift; sourceTree = "<group>"; };
		4B22056D208F0C3B00CA002B /* ViewController.swift */ = {isa = PBXFileReference; lastKnownFileType = sourcecode.swift; path = ViewController.swift; sourceTree = "<group>"; };
		4B220570208F0C3B00CA002B /* Base */ = {isa = PBXFileReference; lastKnownFileType = file.storyboard; name = Base; path = Base.lproj/Main.storyboard; sourceTree = "<group>"; };
		4B220572208F0C3D00CA002B /* Assets.xcassets */ = {isa = PBXFileReference; lastKnownFileType = folder.assetcatalog; path = Assets.xcassets; sourceTree = "<group>"; };
		4B220575208F0C3D00CA002B /* Base */ = {isa = PBXFileReference; lastKnownFileType = file.storyboard; name = Base; path = Base.lproj/LaunchScreen.storyboard; sourceTree = "<group>"; };
		4B220577208F0C3D00CA002B /* Info.plist */ = {isa = PBXFileReference; lastKnownFileType = text.plist.xml; path = Info.plist; sourceTree = "<group>"; };
		4B22057C208F0C3D00CA002B /* BroadcastStarterTests.xctest */ = {isa = PBXFileReference; explicitFileType = wrapper.cfbundle; includeInIndex = 0; path = BroadcastStarterTests.xctest; sourceTree = BUILT_PRODUCTS_DIR; };
		4B220580208F0C3D00CA002B /* BroadcastStarterTests.swift */ = {isa = PBXFileReference; lastKnownFileType = sourcecode.swift; path = BroadcastStarterTests.swift; sourceTree = "<group>"; };
		4B220582208F0C3D00CA002B /* Info.plist */ = {isa = PBXFileReference; lastKnownFileType = text.plist.xml; path = Info.plist; sourceTree = "<group>"; };
		4B220587208F0C3D00CA002B /* BroadcastStarterUITests.xctest */ = {isa = PBXFileReference; explicitFileType = wrapper.cfbundle; includeInIndex = 0; path = BroadcastStarterUITests.xctest; sourceTree = BUILT_PRODUCTS_DIR; };
		4B22058B208F0C3D00CA002B /* BroadcastStarterUITests.swift */ = {isa = PBXFileReference; lastKnownFileType = sourcecode.swift; path = BroadcastStarterUITests.swift; sourceTree = "<group>"; };
		4B22058D208F0C3D00CA002B /* Info.plist */ = {isa = PBXFileReference; lastKnownFileType = text.plist.xml; path = Info.plist; sourceTree = "<group>"; };
/* End PBXFileReference section */

/* Begin PBXFrameworksBuildPhase section */
		4B220565208F0C3B00CA002B /* Frameworks */ = {
			isa = PBXFrameworksBuildPhase;
			buildActionMask = 2147483647;
			files = (
			);
			runOnlyForDeploymentPostprocessing = 0;
		};
		4B220579208F0C3D00CA002B /* Frameworks */ = {
			isa = PBXFrameworksBuildPhase;
			buildActionMask = 2147483647;
			files = (
			);
			runOnlyForDeploymentPostprocessing = 0;
		};
		4B220584208F0C3D00CA002B /* Frameworks */ = {
			isa = PBXFrameworksBuildPhase;
			buildActionMask = 2147483647;
			files = (
			);
			runOnlyForDeploymentPostprocessing = 0;
		};
/* End PBXFrameworksBuildPhase section */

/* Begin PBXGroup section */
		4B22055F208F0C3B00CA002B = {
			isa = PBXGroup;
			children = (
				4B22056A208F0C3B00CA002B /* BroadcastStarter */,
				4B22057F208F0C3D00CA002B /* BroadcastStarterTests */,
				4B22058A208F0C3D00CA002B /* BroadcastStarterUITests */,
				4B220569208F0C3B00CA002B /* Products */,
			);
			sourceTree = "<group>";
		};
		4B220569208F0C3B00CA002B /* Products */ = {
			isa = PBXGroup;
			children = (
				4B220568208F0C3B00CA002B /* BroadcastStarter.app */,
				4B22057C208F0C3D00CA002B /* BroadcastStarterTests.xctest */,
				4B220587208F0C3D00CA002B /* BroadcastStarterUITests.xctest */,
			);
			name = Products;
			sourceTree = "<group>";
		};
		4B22056A208F0C3B00CA002B /* BroadcastStarter */ = {
			isa = PBXGroup;
			children = (
				4B22056B208F0C3B00CA002B /* AppDelegate.swift */,
				4B22056D208F0C3B00CA002B /* ViewController.swift */,
				4B22056F208F0C3B00CA002B /* Main.storyboard */,
				4B220572208F0C3D00CA002B /* Assets.xcassets */,
				4B220574208F0C3D00CA002B /* LaunchScreen.storyboard */,
				4B220577208F0C3D00CA002B /* Info.plist */,
			);
			path = BroadcastStarter;
			sourceTree = "<group>";
		};
		4B22057F208F0C3D00CA002B /* BroadcastStarterTests */ = {
			isa = PBXGroup;
			children = (
				4B220580208F0C3D00CA002B /* BroadcastStarterTests.swift */,
				4B220582208F0C3D00CA002B /* Info.plist */,
			);
			path = BroadcastStarterTests;
			sourceTree = "<group>";
		};
		4B22058A208F0C3D00CA002B /* BroadcastStarterUITests */ = {
			isa = PBXGroup;
			children = (
				4B22058B208F0C3D00CA002B /* BroadcastStarterUITests.swift */,
				4B22058D208F0C3D00CA002B /* Info.plist */,
			);
			path = BroadcastStarterUITests;
			sourceTree = "<group>";
		};
/* End PBXGroup section */

/* Begin PBXNativeTarget section */
		4B220567208F0C3B00CA002B /* BroadcastStarter */ = {
			isa = PBXNativeTarget;
			buildConfigurationList = 4B220590208F0C3D00CA002B /* Build configuration list for PBXNativeTarget "BroadcastStarter" */;
			buildPhases = (
				4B220564208F0C3B00CA002B /* Sources */,
				4B220565208F0C3B00CA002B /* Frameworks */,
				4B220566208F0C3B00CA002B /* Resources */,
			);
			buildRules = (
			);
			dependencies = (
			);
			name = BroadcastStarter;
			productName = BroadcastStarter;
			productReference = 4B220568208F0C3B00CA002B /* BroadcastStarter.app */;
			productType = "com.apple.product-type.application";
		};
		4B22057B208F0C3D00CA002B /* BroadcastStarterTests */ = {
			isa = PBXNativeTarget;
			buildConfigurationList = 4B220593208F0C3D00CA002B /* Build configuration list for PBXNativeTarget "BroadcastStarterTests" */;
			buildPhases = (
				4B220578208F0C3D00CA002B /* Sources */,
				4B220579208F0C3D00CA002B /* Frameworks */,
				4B22057A208F0C3D00CA002B /* Resources */,
			);
			buildRules = (
			);
			dependencies = (
				4B22057E208F0C3D00CA002B /* PBXTargetDependency */,
			);
			name = BroadcastStarterTests;
			productName = BroadcastStarterTests;
			productReference = 4B22057C208F0C3D00CA002B /* BroadcastStarterTests.xctest */;
			productType = "com.apple.product-type.bundle.unit-test";
		};
		4B220586208F0C3D00CA002B /* BroadcastStarterUITests */ = {
			isa = PBXNativeTarget;
			buildConfigurationList = 4B220596208F0C3D00CA002B /* Build configuration list for PBXNativeTarget "BroadcastStarterUITests" */;
			buildPhases = (
				4B220583208F0C3D00CA002B /* Sources */,
				4B220584208F0C3D00CA002B /* Frameworks */,
				4B220585208F0C3D00CA002B /* Resources */,
			);
			buildRules = (
			);
			dependencies = (
				4B220589208F0C3D00CA002B /* PBXTargetDependency */,
			);
			name = BroadcastStarterUITests;
			productName = BroadcastStarterUITests;
			productReference = 4B220587208F0C3D00CA002B /* BroadcastStarterUITests.xctest */;
			productType = "com.apple.product-type.bundle.ui-testing";
		};
/* End PBXNativeTarget section */

/* Begin PBXProject section */
		4B220560208F0C3B00CA002B /* Project object */ = {
			isa = PBXProject;
			attributes = {
				LastSwiftUpdateCheck = 0930;
				LastUpgradeCheck = 0930;
				ORGANIZATIONNAME = cai;
				TargetAttributes = {
					4B220567208F0C3B00CA002B = {
						CreatedOnToolsVersion = 9.3;
					};
					4B22057B208F0C3D00CA002B = {
						CreatedOnToolsVersion = 9.3;
						TestTargetID = 4B220567208F0C3B00CA002B;
					};
					4B220586208F0C3D00CA002B = {
						CreatedOnToolsVersion = 9.3;
						TestTargetID = 4B220567208F0C3B00CA002B;
					};
				};
			};
			buildConfigurationList = 4B220563208F0C3B00CA002B /* Build configuration list for PBXProject "BroadcastStarter" */;
			compatibilityVersion = "Xcode 9.3";
			developmentRegion = en;
			hasScannedForEncodings = 0;
			knownRegions = (
				en,
				Base,
			);
			mainGroup = 4B22055F208F0C3B00CA002B;
			productRefGroup = 4B220569208F0C3B00CA002B /* Products */;
			projectDirPath = "";
			projectRoot = "";
			targets = (
				4B220567208F0C3B00CA002B /* BroadcastStarter */,
				4B22057B208F0C3D00CA002B /* BroadcastStarterTests */,
				4B220586208F0C3D00CA002B /* BroadcastStarterUITests */,
			);
		};
/* End PBXProject section */

/* Begin PBXResourcesBuildPhase section */
		4B220566208F0C3B00CA002B /* Resources */ = {
			isa = PBXResourcesBuildPhase;
			buildActionMask = 2147483647;
			files = (
				4B220576208F0C3D00CA002B /* LaunchScreen.storyboard in Resources */,
				4B220573208F0C3D00CA002B /* Assets.xcassets in Resources */,
				4B220571208F0C3B00CA002B /* Main.storyboard in Resources */,
			);
			runOnlyForDeploymentPostprocessing = 0;
		};
		4B22057A208F0C3D00CA002B /* Resources */ = {
			isa = PBXResourcesBuildPhase;
			buildActionMask = 2147483647;
			files = (
			);
			runOnlyForDeploymentPostprocessing = 0;
		};
		4B220585208F0C3D00CA002B /* Resources */ = {
			isa = PBXResourcesBuildPhase;
			buildActionMask = 2147483647;
			files = (
			);
			runOnlyForDeploymentPostprocessing = 0;
		};
/* End PBXResourcesBuildPhase section */

/* Begin PBXSourcesBuildPhase section */
		4B220564208F0C3B00CA002B /* Sources */ = {
			isa = PBXSourcesBuildPhase;
			buildActionMask = 2147483647;
			files = (
				4B22056E208F0C3B00CA002B /* ViewController.swift in Sources */,
				4B22056C208F0C3B00CA002B /* AppDelegate.swift in Sources */,
			);
			runOnlyForDeploymentPostprocessing = 0;
		};
		4B220578208F0C3D00CA002B /* Sources */ = {
			isa = PBXSourcesBuildPhase;
			buildActionMask = 2147483647;
			files = (
				4B220581208F0C3D00CA002B /* BroadcastStarterTests.swift in Sources */,
			);
			runOnlyForDeploymentPostprocessing = 0;
		};
		4B220583208F0C3D00CA002B /* Sources */ = {
			isa = PBXSourcesBuildPhase;
			buildActionMask = 2147483647;
			files = (
				4B22058C208F0C3D00CA002B /* BroadcastStarterUITests.swift in Sources */,
			);
			runOnlyForDeploymentPostprocessing = 0;
		};
/* End PBXSourcesBuildPhase section */

/* Begin PBXTargetDependency section */
		4B22057E208F0C3D00CA002B /* PBXTargetDependency */ = {
			isa = PBXTargetDependency;
			target = 4B220567208F0C3B00CA002B /* BroadcastStarter */;
			targetProxy = 4B22057D208F0C3D00CA002B /* PBXContainerItemProxy */;
		};
		4B220589208F0C3D00CA002B /* PBXTargetDependency */ = {
			isa = PBXTargetDependency;
			target = 4B220567208F0C3B00CA002B /* BroadcastStarter */;
			targetProxy = 4B220588208F0C3D00CA002B /* PBXContainerItemProxy */;
		};
/* End PBXTargetDependency section */

/* Begin PBXVariantGroup section */
		4B22056F208F0C3B00CA002B /* Main.storyboard */ = {
			isa = PBXVariantGroup;
			children = (
				4B220570208F0C3B00CA002B /* Base */,
			);
			name = Main.storyboard;
			sourceTree = "<group>";
		};
		4B220574208F0C3D00CA002B /* LaunchScreen.storyboard */ = {
			isa = PBXVariantGroup;
			children = (
				4B220575208F0C3D00CA002B /* Base */,
			);
			name = LaunchScreen.storyboard;
			sourceTree = "<group>";
		};
/* End PBXVariantGroup section */

/* Begin XCBuildConfiguration section */
		4B22058E208F0C3D00CA002B /* Debug */ = {
			isa = XCBuildConfiguration;
			buildSettings = {
				ALWAYS_SEARCH_USER_PATHS = NO;
				CLANG_ANALYZER_NONNULL = YES;
				CLANG_ANALYZER_NUMBER_OBJECT_CONVERSION = YES_AGGRESSIVE;
				CLANG_CXX_LANGUAGE_STANDARD = "gnu++14";
				CLANG_CXX_LIBRARY = "libc++";
				CLANG_ENABLE_MODULES = YES;
				CLANG_ENABLE_OBJC_ARC = YES;
				CLANG_ENABLE_OBJC_WEAK = YES;
				CLANG_WARN_BLOCK_CAPTURE_AUTORELEASING = YES;
				CLANG_WARN_BOOL_CONVERSION = YES;
				CLANG_WARN_COMMA = YES;
				CLANG_WARN_CONSTANT_CONVERSION = YES;
				CLANG_WARN_DEPRECATED_OBJC_IMPLEMENTATIONS = YES;
				CLANG_WARN_DIRECT_OBJC_ISA_USAGE = YES_ERROR;
				CLANG_WARN_DOCUMENTATION_COMMENTS = YES;
				CLANG_WARN_EMPTY_BODY = YES;
				CLANG_WARN_ENUM_CONVERSION = YES;
				CLANG_WARN_INFINITE_RECURSION = YES;
				CLANG_WARN_INT_CONVERSION = YES;
				CLANG_WARN_NON_LITERAL_NULL_CONVERSION = YES;
				CLANG_WARN_OBJC_IMPLICIT_RETAIN_SELF = YES;
				CLANG_WARN_OBJC_LITERAL_CONVERSION = YES;
				CLANG_WARN_OBJC_ROOT_CLASS = YES_ERROR;
				CLANG_WARN_RANGE_LOOP_ANALYSIS = YES;
				CLANG_WARN_STRICT_PROTOTYPES = YES;
				CLANG_WARN_SUSPICIOUS_MOVE = YES;
				CLANG_WARN_UNGUARDED_AVAILABILITY = YES_AGGRESSIVE;
				CLANG_WARN_UNREACHABLE_CODE = YES;
				CLANG_WARN__DUPLICATE_METHOD_MATCH = YES;
				CODE_SIGN_IDENTITY = "iPhone Developer";
				COPY_PHASE_STRIP = NO;
				DEBUG_INFORMATION_FORMAT = dwarf;
				ENABLE_STRICT_OBJC_MSGSEND = YES;
				ENABLE_TESTABILITY = YES;
				GCC_C_LANGUAGE_STANDARD = gnu11;
				GCC_DYNAMIC_NO_PIC = NO;
				GCC_NO_COMMON_BLOCKS = YES;
				GCC_OPTIMIZATION_LEVEL = 0;
				GCC_PREPROCESSOR_DEFINITIONS = (
					"DEBUG=1",
					"$(inherited)",
				);
				GCC_WARN_64_TO_32_BIT_CONVERSION = YES;
				GCC_WARN_ABOUT_RETURN_TYPE = YES_ERROR;
				GCC_WARN_UNDECLARED_SELECTOR = YES;
				GCC_WARN_UNINITIALIZED_AUTOS = YES_AGGRESSIVE;
				GCC_WARN_UNUSED_FUNCTION = YES;
				GCC_WARN_UNUSED_VARIABLE = YES;
				IPHONEOS_DEPLOYMENT_TARGET = 11.3;
				MTL_ENABLE_DEBUG_INFO = YES;
				ONLY_ACTIVE_ARCH = YES;
				SDKROOT = iphoneos;
				SWIFT_ACTIVE_COMPILATION_CONDITIONS = DEBUG;
				SWIFT_OPTIMIZATION_LEVEL = "-Onone";
			};
			name = Debug;
		};
		4B22058F208F0C3D00CA002B /* Release */ = {
			isa = XCBuildConfiguration;
			buildSettings = {
				ALWAYS_SEARCH_USER_PATHS = NO;
				CLANG_ANALYZER_NONNULL = YES;
				CLANG_ANALYZER_NUMBER_OBJECT_CONVERSION = YES_AGGRESSIVE;
				CLANG_CXX_LANGUAGE_STANDARD = "gnu++14";
				CLANG_CXX_LIBRARY = "libc++";
				CLANG_ENABLE_MODULES = YES;
				CLANG_ENABLE_OBJC_ARC = YES;
				CLANG_ENABLE_OBJC_WEAK = YES;
				CLANG_WARN_BLOCK_CAPTURE_AUTORELEASING = YES;
				CLANG_WARN_BOOL_CONVERSION = YES;
				CLANG_WARN_COMMA = YES;
				CLANG_WARN_CONSTANT_CONVERSION = YES;
				CLANG_WARN_DEPRECATED_OBJC_IMPLEMENTATIONS = YES;
				CLANG_WARN_DIRECT_OBJC_ISA_USAGE = YES_ERROR;
				CLANG_WARN_DOCUMENTATION_COMMENTS = YES;
				CLANG_WARN_EMPTY_BODY = YES;
				CLANG_WARN_ENUM_CONVERSION = YES;
				CLANG_WARN_INFINITE_RECURSION = YES;
				CLANG_WARN_INT_CONVERSION = YES;
				CLANG_WARN_NON_LITERAL_NULL_CONVERSION = YES;
				CLANG_WARN_OBJC_IMPLICIT_RETAIN_SELF = YES;
				CLANG_WARN_OBJC_LITERAL_CONVERSION = YES;
				CLANG_WARN_OBJC_ROOT_CLASS = YES_ERROR;
				CLANG_WARN_RANGE_LOOP_ANALYSIS = YES;
				CLANG_WARN_STRICT_PROTOTYPES = YES;
				CLANG_WARN_SUSPICIOUS_MOVE = YES;
				CLANG_WARN_UNGUARDED_AVAILABILITY = YES_AGGRESSIVE;
				CLANG_WARN_UNREACHABLE_CODE = YES;
				CLANG_WARN__DUPLICATE_METHOD_MATCH = YES;
				CODE_SIGN_IDENTITY = "iPhone Developer";
				COPY_PHASE_STRIP = NO;
				DEBUG_INFORMATION_FORMAT = "dwarf-with-dsym";
				ENABLE_NS_ASSERTIONS = NO;
				ENABLE_STRICT_OBJC_MSGSEND = YES;
				GCC_C_LANGUAGE_STANDARD = gnu11;
				GCC_NO_COMMON_BLOCKS = YES;
				GCC_WARN_64_TO_32_BIT_CONVERSION = YES;
				GCC_WARN_ABOUT_RETURN_TYPE = YES_ERROR;
				GCC_WARN_UNDECLARED_SELECTOR = YES;
				GCC_WARN_UNINITIALIZED_AUTOS = YES_AGGRESSIVE;
				GCC_WARN_UNUSED_FUNCTION = YES;
				GCC_WARN_UNUSED_VARIABLE = YES;
				IPHONEOS_DEPLOYMENT_TARGET = 11.3;
				MTL_ENABLE_DEBUG_INFO = NO;
				SDKROOT = iphoneos;
				SWIFT_COMPILATION_MODE = wholemodule;
				SWIFT_OPTIMIZATION_LEVEL = "-O";
				VALIDATE_PRODUCT = YES;
			};
			name = Release;
		};
		4B220591208F0C3D00CA002B /* Debug */ = {
			isa = XCBuildConfiguration;
			buildSettings = {
				ASSETCATALOG_COMPILER_APPICON_NAME = AppIcon;
				CODE_SIGN_STYLE = Automatic;
				DEVELOPMENT_TEAM = 3F685LX6UR;
				INFOPLIST_FILE = BroadcastStarter/Info.plist;
				LD_RUNPATH_SEARCH_PATHS = (
					"$(inherited)",
					"@executable_path/Frameworks",
				);
				PRODUCT_BUNDLE_IDENTIFIER = com.caicai.BroadcastStarter;
				PRODUCT_NAME = "$(TARGET_NAME)";
				SWIFT_VERSION = 4.0;
				TARGETED_DEVICE_FAMILY = "1,2";
			};
			name = Debug;
		};
		4B220592208F0C3D00CA002B /* Release */ = {
			isa = XCBuildConfiguration;
			buildSettings = {
				ASSETCATALOG_COMPILER_APPICON_NAME = AppIcon;
				CODE_SIGN_STYLE = Automatic;
				DEVELOPMENT_TEAM = 3F685LX6UR;
				INFOPLIST_FILE = BroadcastStarter/Info.plist;
				LD_RUNPATH_SEARCH_PATHS = (
					"$(inherited)",
					"@executable_path/Frameworks",
				);
				PRODUCT_BUNDLE_IDENTIFIER = com.caicai.BroadcastStarter;
				PRODUCT_NAME = "$(TARGET_NAME)";
				SWIFT_VERSION = 4.0;
				TARGETED_DEVICE_FAMILY = "1,2";
			};
			name = Release;
		};
		4B220594208F0C3D00CA002B /* Debug */ = {
			isa = XCBuildConfiguration;
			buildSettings = {
				ALWAYS_EMBED_SWIFT_STANDARD_LIBRARIES = YES;
				BUNDLE_LOADER = "$(TEST_HOST)";
				CODE_SIGN_STYLE = Automatic;
				DEVELOPMENT_TEAM = 3F685LX6UR;
				INFOPLIST_FILE = BroadcastStarterTests/Info.plist;
				LD_RUNPATH_SEARCH_PATHS = (
					"$(inherited)",
					"@executable_path/Frameworks",
					"@loader_path/Frameworks",
				);
				PRODUCT_BUNDLE_IDENTIFIER = com.caicai.BroadcastStarterTests;
				PRODUCT_NAME = "$(TARGET_NAME)";
				SWIFT_VERSION = 4.0;
				TARGETED_DEVICE_FAMILY = "1,2";
				TEST_HOST = "$(BUILT_PRODUCTS_DIR)/BroadcastStarter.app/BroadcastStarter";
			};
			name = Debug;
		};
		4B220595208F0C3D00CA002B /* Release */ = {
			isa = XCBuildConfiguration;
			buildSettings = {
				ALWAYS_EMBED_SWIFT_STANDARD_LIBRARIES = YES;
				BUNDLE_LOADER = "$(TEST_HOST)";
				CODE_SIGN_STYLE = Automatic;
				DEVELOPMENT_TEAM = 3F685LX6UR;
				INFOPLIST_FILE = BroadcastStarterTests/Info.plist;
				LD_RUNPATH_SEARCH_PATHS = (
					"$(inherited)",
					"@executable_path/Frameworks",
					"@loader_path/Frameworks",
				);
				PRODUCT_BUNDLE_IDENTIFIER = com.caicai.BroadcastStarterTests;
				PRODUCT_NAME = "$(TARGET_NAME)";
				SWIFT_VERSION = 4.0;
				TARGETED_DEVICE_FAMILY = "1,2";
				TEST_HOST = "$(BUILT_PRODUCTS_DIR)/BroadcastStarter.app/BroadcastStarter";
			};
			name = Release;
		};
		4B220597208F0C3D00CA002B /* Debug */ = {
			isa = XCBuildConfiguration;
			buildSettings = {
				ALWAYS_EMBED_SWIFT_STANDARD_LIBRARIES = YES;
				CODE_SIGN_STYLE = Automatic;
				DEVELOPMENT_TEAM = 3F685LX6UR;
				INFOPLIST_FILE = BroadcastStarterUITests/Info.plist;
				LD_RUNPATH_SEARCH_PATHS = (
					"$(inherited)",
					"@executable_path/Frameworks",
					"@loader_path/Frameworks",
				);
				PRODUCT_BUNDLE_IDENTIFIER = com.caicai.BroadcastStarterUITests;
				PRODUCT_NAME = "$(TARGET_NAME)";
				SWIFT_VERSION = 4.0;
				TARGETED_DEVICE_FAMILY = "1,2";
				TEST_TARGET_NAME = BroadcastStarter;
			};
			name = Debug;
		};
		4B220598208F0C3D00CA002B /* Release */ = {
			isa = XCBuildConfiguration;
			buildSettings = {
				ALWAYS_EMBED_SWIFT_STANDARD_LIBRARIES = YES;
				CODE_SIGN_STYLE = Automatic;
				DEVELOPMENT_TEAM = 3F685LX6UR;
				INFOPLIST_FILE = BroadcastStarterUITests/Info.plist;
				LD_RUNPATH_SEARCH_PATHS = (
					"$(inherited)",
					"@executable_path/Frameworks",
					"@loader_path/Frameworks",
				);
				PRODUCT_BUNDLE_IDENTIFIER = com.caicai.BroadcastStarterUITests;
				PRODUCT_NAME = "$(TARGET_NAME)";
				SWIFT_VERSION = 4.0;
				TARGETED_DEVICE_FAMILY = "1,2";
				TEST_TARGET_NAME = BroadcastStarter;
			};
			name = Release;
		};
/* End XCBuildConfiguration section */

/* Begin XCConfigurationList section */
		4B220563208F0C3B00CA002B /* Build configuration list for PBXProject "BroadcastStarter" */ = {
			isa = XCConfigurationList;
			buildConfigurations = (
				4B22058E208F0C3D00CA002B /* Debug */,
				4B22058F208F0C3D00CA002B /* Release */,
			);
			defaultConfigurationIsVisible = 0;
			defaultConfigurationName = Release;
		};
		4B220590208F0C3D00CA002B /* Build configuration list for PBXNativeTarget "BroadcastStarter" */ = {
			isa = XCConfigurationList;
			buildConfigurations = (
				4B220591208F0C3D00CA002B /* Debug */,
				4B220592208F0C3D00CA002B /* Release */,
			);
			defaultConfigurationIsVisible = 0;
			defaultConfigurationName = Release;
		};
		4B220593208F0C3D00CA002B /* Build configuration list for PBXNativeTarget "BroadcastStarterTests" */ = {
			isa = XCConfigurationList;
			buildConfigurations = (
				4B220594208F0C3D00CA002B /* Debug */,
				4B220595208F0C3D00CA002B /* Release */,
			);
			defaultConfigurationIsVisible = 0;
			defaultConfigurationName = Release;
		};
		4B220596208F0C3D00CA002B /* Build configuration list for PBXNativeTarget "BroadcastStarterUITests" */ = {
			isa = XCConfigurationList;
			buildConfigurations = (
				4B220597208F0C3D00CA002B /* Debug */,
				4B220598208F0C3D00CA002B /* Release */,
			);
			defaultConfigurationIsVisible = 0;
			defaultConfigurationName = Release;
		};
/* End XCConfigurationList section */
	};
	rootObject = 4B220560208F0C3B00CA002B /* Project object */;
}
