// !$*UTF8*$!
{
	archiveVersion = 1;
	classes = {
	};
	objectVersion = 46;
	objects = {

/* Begin PBXBuildFile section */
		4B02A1F61E6D34D50059EB0B /* CAIJSPatch.framework in Frameworks */ = {isa = PBXBuildFile; fileRef = 4B02A1EC1E6D34D50059EB0B /* CAIJSPatch.framework */; };
		4B02A1FB1E6D34D50059EB0B /* CAIJSPatchTests.m in Sources */ = {isa = PBXBuildFile; fileRef = 4B02A1FA1E6D34D50059EB0B /* CAIJSPatchTests.m */; };
		4B02A1FD1E6D34D50059EB0B /* CAIJSPatch.h in Headers */ = {isa = PBXBuildFile; fileRef = 4B02A1EF1E6D34D50059EB0B /* CAIJSPatch.h */; settings = {ATTRIBUTES = (Public, ); }; };
		4B02A2761E6D354D0059EB0B /* JPBlock.h in Headers */ = {isa = PBXBuildFile; fileRef = 4B02A20B1E6D354D0059EB0B /* JPBlock.h */; };
		4B02A2771E6D354D0059EB0B /* JPBlock.m in Sources */ = {isa = PBXBuildFile; fileRef = 4B02A20C1E6D354D0059EB0B /* JPBlock.m */; };
		4B02A2781E6D354D0059EB0B /* JPBlockWrapper.h in Headers */ = {isa = PBXBuildFile; fileRef = 4B02A20D1E6D354D0059EB0B /* JPBlockWrapper.h */; };
		4B02A2791E6D354D0059EB0B /* JPBlockWrapper.m in Sources */ = {isa = PBXBuildFile; fileRef = 4B02A20E1E6D354D0059EB0B /* JPBlockWrapper.m */; };
		4B02A27A1E6D354D0059EB0B /* JPCFunction.h in Headers */ = {isa = PBXBuildFile; fileRef = 4B02A2101E6D354D0059EB0B /* JPCFunction.h */; };
		4B02A27B1E6D354D0059EB0B /* JPCFunction.m in Sources */ = {isa = PBXBuildFile; fileRef = 4B02A2111E6D354D0059EB0B /* JPCFunction.m */; };
		4B02A27C1E6D354D0059EB0B /* JPMemory.h in Headers */ = {isa = PBXBuildFile; fileRef = 4B02A2121E6D354D0059EB0B /* JPMemory.h */; };
		4B02A27D1E6D354D0059EB0B /* JPMemory.m in Sources */ = {isa = PBXBuildFile; fileRef = 4B02A2131E6D354D0059EB0B /* JPMemory.m */; };
		4B02A27E1E6D354D0059EB0B /* JPStructPointer.h in Headers */ = {isa = PBXBuildFile; fileRef = 4B02A2141E6D354D0059EB0B /* JPStructPointer.h */; };
		4B02A27F1E6D354D0059EB0B /* JPStructPointer.m in Sources */ = {isa = PBXBuildFile; fileRef = 4B02A2151E6D354D0059EB0B /* JPStructPointer.m */; };
		4B02A2801E6D354D0059EB0B /* JPCGBitmapContext.h in Headers */ = {isa = PBXBuildFile; fileRef = 4B02A2181E6D354D0059EB0B /* JPCGBitmapContext.h */; };
		4B02A2811E6D354D0059EB0B /* JPCGBitmapContext.m in Sources */ = {isa = PBXBuildFile; fileRef = 4B02A2191E6D354D0059EB0B /* JPCGBitmapContext.m */; };
		4B02A2821E6D354D0059EB0B /* JPCGColor.h in Headers */ = {isa = PBXBuildFile; fileRef = 4B02A21A1E6D354D0059EB0B /* JPCGColor.h */; };
		4B02A2831E6D354D0059EB0B /* JPCGColor.m in Sources */ = {isa = PBXBuildFile; fileRef = 4B02A21B1E6D354D0059EB0B /* JPCGColor.m */; };
		4B02A2841E6D354D0059EB0B /* JPCGContext.h in Headers */ = {isa = PBXBuildFile; fileRef = 4B02A21C1E6D354D0059EB0B /* JPCGContext.h */; };
		4B02A2851E6D354D0059EB0B /* JPCGContext.m in Sources */ = {isa = PBXBuildFile; fileRef = 4B02A21D1E6D354D0059EB0B /* JPCGContext.m */; };
		4B02A2861E6D354D0059EB0B /* JPCGGeometry.h in Headers */ = {isa = PBXBuildFile; fileRef = 4B02A21E1E6D354D0059EB0B /* JPCGGeometry.h */; };
		4B02A2871E6D354D0059EB0B /* JPCGGeometry.m in Sources */ = {isa = PBXBuildFile; fileRef = 4B02A21F1E6D354D0059EB0B /* JPCGGeometry.m */; };
		4B02A2881E6D354D0059EB0B /* JPCGImage.h in Headers */ = {isa = PBXBuildFile; fileRef = 4B02A2201E6D354D0059EB0B /* JPCGImage.h */; };
		4B02A2891E6D354D0059EB0B /* JPCGImage.m in Sources */ = {isa = PBXBuildFile; fileRef = 4B02A2211E6D354D0059EB0B /* JPCGImage.m */; };
		4B02A28A1E6D354D0059EB0B /* JPCGPath.h in Headers */ = {isa = PBXBuildFile; fileRef = 4B02A2221E6D354D0059EB0B /* JPCGPath.h */; };
		4B02A28B1E6D354D0059EB0B /* JPCGPath.m in Sources */ = {isa = PBXBuildFile; fileRef = 4B02A2231E6D354D0059EB0B /* JPCGPath.m */; };
		4B02A28C1E6D354D0059EB0B /* JPCGTransform.h in Headers */ = {isa = PBXBuildFile; fileRef = 4B02A2241E6D354D0059EB0B /* JPCGTransform.h */; };
		4B02A28D1E6D354D0059EB0B /* JPCGTransform.m in Sources */ = {isa = PBXBuildFile; fileRef = 4B02A2251E6D354D0059EB0B /* JPCGTransform.m */; };
		4B02A28E1E6D354D0059EB0B /* JPCoreGraphics.h in Headers */ = {isa = PBXBuildFile; fileRef = 4B02A2261E6D354D0059EB0B /* JPCoreGraphics.h */; };
		4B02A28F1E6D354D0059EB0B /* JPCoreGraphics.m in Sources */ = {isa = PBXBuildFile; fileRef = 4B02A2271E6D354D0059EB0B /* JPCoreGraphics.m */; };
		4B02A2901E6D354D0059EB0B /* JPUIGeometry.h in Headers */ = {isa = PBXBuildFile; fileRef = 4B02A2291E6D354D0059EB0B /* JPUIGeometry.h */; };
		4B02A2911E6D354D0059EB0B /* JPUIGeometry.m in Sources */ = {isa = PBXBuildFile; fileRef = 4B02A22A1E6D354D0059EB0B /* JPUIGeometry.m */; };
		4B02A2921E6D354D0059EB0B /* JPUIGraphics.h in Headers */ = {isa = PBXBuildFile; fileRef = 4B02A22B1E6D354D0059EB0B /* JPUIGraphics.h */; };
		4B02A2931E6D354D0059EB0B /* JPUIGraphics.m in Sources */ = {isa = PBXBuildFile; fileRef = 4B02A22C1E6D354D0059EB0B /* JPUIGraphics.m */; };
		4B02A2941E6D354D0059EB0B /* JPUIImage.h in Headers */ = {isa = PBXBuildFile; fileRef = 4B02A22D1E6D354D0059EB0B /* JPUIImage.h */; };
		4B02A2951E6D354D0059EB0B /* JPUIImage.m in Sources */ = {isa = PBXBuildFile; fileRef = 4B02A22E1E6D354D0059EB0B /* JPUIImage.m */; };
		4B02A2961E6D354D0059EB0B /* JPUIKit.h in Headers */ = {isa = PBXBuildFile; fileRef = 4B02A22F1E6D354D0059EB0B /* JPUIKit.h */; };
		4B02A2971E6D354D0059EB0B /* JPUIKit.m in Sources */ = {isa = PBXBuildFile; fileRef = 4B02A2301E6D354D0059EB0B /* JPUIKit.m */; };
		4B02A2981E6D354D0059EB0B /* JPCleaner.h in Headers */ = {isa = PBXBuildFile; fileRef = 4B02A2311E6D354D0059EB0B /* JPCleaner.h */; };
		4B02A2991E6D354D0059EB0B /* JPCleaner.m in Sources */ = {isa = PBXBuildFile; fileRef = 4B02A2321E6D354D0059EB0B /* JPCleaner.m */; };
		4B02A29A1E6D354D0059EB0B /* JPDispatch.h in Headers */ = {isa = PBXBuildFile; fileRef = 4B02A2331E6D354D0059EB0B /* JPDispatch.h */; };
		4B02A29B1E6D354D0059EB0B /* JPDispatch.m in Sources */ = {isa = PBXBuildFile; fileRef = 4B02A2341E6D354D0059EB0B /* JPDispatch.m */; };
		4B02A29C1E6D354D0059EB0B /* JPMethodSignature.h in Headers */ = {isa = PBXBuildFile; fileRef = 4B02A2361E6D354D0059EB0B /* JPMethodSignature.h */; };
		4B02A29D1E6D354D0059EB0B /* JPMethodSignature.m in Sources */ = {isa = PBXBuildFile; fileRef = 4B02A2371E6D354D0059EB0B /* JPMethodSignature.m */; };
		4B02A29E1E6D354D0059EB0B /* ffi.h in Headers */ = {isa = PBXBuildFile; fileRef = 4B02A2391E6D354D0059EB0B /* ffi.h */; };
		4B02A29F1E6D354D0059EB0B /* ffi_arm.h in Headers */ = {isa = PBXBuildFile; fileRef = 4B02A23A1E6D354D0059EB0B /* ffi_arm.h */; };
		4B02A2A01E6D354D0059EB0B /* ffi_arm64.h in Headers */ = {isa = PBXBuildFile; fileRef = 4B02A23B1E6D354D0059EB0B /* ffi_arm64.h */; };
		4B02A2A11E6D354D0059EB0B /* ffi_i386.h in Headers */ = {isa = PBXBuildFile; fileRef = 4B02A23C1E6D354D0059EB0B /* ffi_i386.h */; };
		4B02A2A21E6D354D0059EB0B /* ffi_x86_64.h in Headers */ = {isa = PBXBuildFile; fileRef = 4B02A23D1E6D354D0059EB0B /* ffi_x86_64.h */; };
		4B02A2A31E6D354D0059EB0B /* ffitarget.h in Headers */ = {isa = PBXBuildFile; fileRef = 4B02A23E1E6D354D0059EB0B /* ffitarget.h */; };
		4B02A2A41E6D354D0059EB0B /* ffitarget_arm.h in Headers */ = {isa = PBXBuildFile; fileRef = 4B02A23F1E6D354D0059EB0B /* ffitarget_arm.h */; };
		4B02A2A51E6D354D0059EB0B /* ffitarget_arm64.h in Headers */ = {isa = PBXBuildFile; fileRef = 4B02A2401E6D354D0059EB0B /* ffitarget_arm64.h */; };
		4B02A2A61E6D354E0059EB0B /* ffitarget_i386.h in Headers */ = {isa = PBXBuildFile; fileRef = 4B02A2411E6D354D0059EB0B /* ffitarget_i386.h */; };
		4B02A2A71E6D354E0059EB0B /* ffitarget_x86_64.h in Headers */ = {isa = PBXBuildFile; fileRef = 4B02A2421E6D354D0059EB0B /* ffitarget_x86_64.h */; };
		4B02A2A81E6D354E0059EB0B /* libffi.a in Frameworks */ = {isa = PBXBuildFile; fileRef = 4B02A2431E6D354D0059EB0B /* libffi.a */; };
		4B02A2A91E6D354E0059EB0B /* JPLocker.h in Headers */ = {isa = PBXBuildFile; fileRef = 4B02A2441E6D354D0059EB0B /* JPLocker.h */; };
		4B02A2AA1E6D354E0059EB0B /* JPLocker.m in Sources */ = {isa = PBXBuildFile; fileRef = 4B02A2451E6D354D0059EB0B /* JPLocker.m */; };
		4B02A2AB1E6D354E0059EB0B /* JPNumber.h in Headers */ = {isa = PBXBuildFile; fileRef = 4B02A2461E6D354D0059EB0B /* JPNumber.h */; };
		4B02A2AC1E6D354E0059EB0B /* JPNumber.m in Sources */ = {isa = PBXBuildFile; fileRef = 4B02A2471E6D354D0059EB0B /* JPNumber.m */; };
		4B02A2AD1E6D354E0059EB0B /* JPPlayground.h in Headers */ = {isa = PBXBuildFile; fileRef = 4B02A2491E6D354D0059EB0B /* JPPlayground.h */; };
		4B02A2AE1E6D354E0059EB0B /* JPPlayground.m in Sources */ = {isa = PBXBuildFile; fileRef = 4B02A24A1E6D354D0059EB0B /* JPPlayground.m */; };
		4B02A2AF1E6D354E0059EB0B /* JPKeyCommands.h in Headers */ = {isa = PBXBuildFile; fileRef = 4B02A24C1E6D354D0059EB0B /* JPKeyCommands.h */; };
		4B02A2B01E6D354E0059EB0B /* JPKeyCommands.m in Sources */ = {isa = PBXBuildFile; fileRef = 4B02A24D1E6D354D0059EB0B /* JPKeyCommands.m */; };
		4B02A2B11E6D354E0059EB0B /* SGDirWatchdog.h in Headers */ = {isa = PBXBuildFile; fileRef = 4B02A24E1E6D354D0059EB0B /* SGDirWatchdog.h */; };
		4B02A2B21E6D354E0059EB0B /* SGDirWatchdog.m in Sources */ = {isa = PBXBuildFile; fileRef = 4B02A24F1E6D354D0059EB0B /* SGDirWatchdog.m */; };
		4B02A2B31E6D354E0059EB0B /* JPDevErrorView.h in Headers */ = {isa = PBXBuildFile; fileRef = 4B02A2511E6D354D0059EB0B /* JPDevErrorView.h */; };
		4B02A2B41E6D354E0059EB0B /* JPDevErrorView.m in Sources */ = {isa = PBXBuildFile; fileRef = 4B02A2521E6D354D0059EB0B /* JPDevErrorView.m */; };
		4B02A2B51E6D354E0059EB0B /* JPDevMenu.h in Headers */ = {isa = PBXBuildFile; fileRef = 4B02A2531E6D354D0059EB0B /* JPDevMenu.h */; };
		4B02A2B61E6D354E0059EB0B /* JPDevMenu.m in Sources */ = {isa = PBXBuildFile; fileRef = 4B02A2541E6D354D0059EB0B /* JPDevMenu.m */; };
		4B02A2B71E6D354E0059EB0B /* JPDevTipView.h in Headers */ = {isa = PBXBuildFile; fileRef = 4B02A2551E6D354D0059EB0B /* JPDevTipView.h */; };
		4B02A2B81E6D354E0059EB0B /* JPDevTipView.m in Sources */ = {isa = PBXBuildFile; fileRef = 4B02A2561E6D354D0059EB0B /* JPDevTipView.m */; };
		4B02A2B91E6D354E0059EB0B /* README.md in Sources */ = {isa = PBXBuildFile; fileRef = 4B02A2571E6D354D0059EB0B /* README.md */; };
		4B02A2BA1E6D354E0059EB0B /* JPProtocol.h in Headers */ = {isa = PBXBuildFile; fileRef = 4B02A2581E6D354D0059EB0B /* JPProtocol.h */; };
		4B02A2BB1E6D354E0059EB0B /* JPProtocol.m in Sources */ = {isa = PBXBuildFile; fileRef = 4B02A2591E6D354D0059EB0B /* JPProtocol.m */; };
		4B02A2BC1E6D354E0059EB0B /* JPSpecialInit.h in Headers */ = {isa = PBXBuildFile; fileRef = 4B02A25A1E6D354D0059EB0B /* JPSpecialInit.h */; };
		4B02A2BD1E6D354E0059EB0B /* JPSpecialInit.m in Sources */ = {isa = PBXBuildFile; fileRef = 4B02A25B1E6D354D0059EB0B /* JPSpecialInit.m */; };
		4B02A2BE1E6D354E0059EB0B /* Info.plist in Resources */ = {isa = PBXBuildFile; fileRef = 4B02A25C1E6D354D0059EB0B /* Info.plist */; };
		4B02A2BF1E6D354E0059EB0B /* JPEngine.h in Headers */ = {isa = PBXBuildFile; fileRef = 4B02A25E1E6D354D0059EB0B /* JPEngine.h */; settings = {ATTRIBUTES = (Public, ); }; };
		4B02A2C01E6D354E0059EB0B /* JPEngine.m in Sources */ = {isa = PBXBuildFile; fileRef = 4B02A25F1E6D354D0059EB0B /* JPEngine.m */; };
		4B02A2C11E6D354E0059EB0B /* JSPatch.js in Resources */ = {isa = PBXBuildFile; fileRef = 4B02A2601E6D354D0059EB0B /* JSPatch.js */; };
		4B02A2C21E6D354E0059EB0B /* JSPatch.h in Headers */ = {isa = PBXBuildFile; fileRef = 4B02A2611E6D354D0059EB0B /* JSPatch.h */; };
		4B02A2C31E6D354E0059EB0B /* JPLoader.h in Headers */ = {isa = PBXBuildFile; fileRef = 4B02A2631E6D354D0059EB0B /* JPLoader.h */; };
		4B02A2C41E6D354E0059EB0B /* JPLoader.m in Sources */ = {isa = PBXBuildFile; fileRef = 4B02A2641E6D354D0059EB0B /* JPLoader.m */; };
		4B02A2C51E6D354E0059EB0B /* crypt.h in Headers */ = {isa = PBXBuildFile; fileRef = 4B02A2671E6D354D0059EB0B /* crypt.h */; };
		4B02A2C61E6D354E0059EB0B /* ioapi.c in Sources */ = {isa = PBXBuildFile; fileRef = 4B02A2681E6D354D0059EB0B /* ioapi.c */; };
		4B02A2C71E6D354E0059EB0B /* ioapi.h in Headers */ = {isa = PBXBuildFile; fileRef = 4B02A2691E6D354D0059EB0B /* ioapi.h */; };
		4B02A2C81E6D354E0059EB0B /* mztools.c in Sources */ = {isa = PBXBuildFile; fileRef = 4B02A26A1E6D354D0059EB0B /* mztools.c */; };
		4B02A2C91E6D354E0059EB0B /* mztools.h in Headers */ = {isa = PBXBuildFile; fileRef = 4B02A26B1E6D354D0059EB0B /* mztools.h */; };
		4B02A2CA1E6D354E0059EB0B /* unzip.c in Sources */ = {isa = PBXBuildFile; fileRef = 4B02A26C1E6D354D0059EB0B /* unzip.c */; };
		4B02A2CB1E6D354E0059EB0B /* unzip.h in Headers */ = {isa = PBXBuildFile; fileRef = 4B02A26D1E6D354D0059EB0B /* unzip.h */; };
		4B02A2CC1E6D354E0059EB0B /* zip.c in Sources */ = {isa = PBXBuildFile; fileRef = 4B02A26E1E6D354D0059EB0B /* zip.c */; };
		4B02A2CD1E6D354E0059EB0B /* zip.h in Headers */ = {isa = PBXBuildFile; fileRef = 4B02A26F1E6D354D0059EB0B /* zip.h */; };
		4B02A2CE1E6D354E0059EB0B /* RSA.h in Headers */ = {isa = PBXBuildFile; fileRef = 4B02A2701E6D354D0059EB0B /* RSA.h */; };
		4B02A2CF1E6D354E0059EB0B /* RSA.m in Sources */ = {isa = PBXBuildFile; fileRef = 4B02A2711E6D354D0059EB0B /* RSA.m */; };
		4B02A2D01E6D354E0059EB0B /* ZipArchive.h in Headers */ = {isa = PBXBuildFile; fileRef = 4B02A2721E6D354D0059EB0B /* ZipArchive.h */; };
		4B02A2D11E6D354E0059EB0B /* ZipArchive.m in Sources */ = {isa = PBXBuildFile; fileRef = 4B02A2731E6D354D0059EB0B /* ZipArchive.m */; };
		4B02A2D21E6D354E0059EB0B /* packer.php in Resources */ = {isa = PBXBuildFile; fileRef = 4B02A2751E6D354D0059EB0B /* packer.php */; };
		4B02A2D61E6D36680059EB0B /* CAIPatch.h in Headers */ = {isa = PBXBuildFile; fileRef = 4B02A2D41E6D36680059EB0B /* CAIPatch.h */; settings = {ATTRIBUTES = (Public, ); }; };
		4B02A2D71E6D36680059EB0B /* CAIPatch.m in Sources */ = {isa = PBXBuildFile; fileRef = 4B02A2D51E6D36680059EB0B /* CAIPatch.m */; };
		4B02A2DA1E6D47590059EB0B /* libz.tbd in Frameworks */ = {isa = PBXBuildFile; fileRef = 4B02A2D91E6D47590059EB0B /* libz.tbd */; };
		4B02A2DC1E6D47760059EB0B /* JavaScriptCore.framework in Frameworks */ = {isa = PBXBuildFile; fileRef = 4B02A2DB1E6D47760059EB0B /* JavaScriptCore.framework */; };
/* End PBXBuildFile section */

/* Begin PBXContainerItemProxy section */
		4B02A1F71E6D34D50059EB0B /* PBXContainerItemProxy */ = {
			isa = PBXContainerItemProxy;
			containerPortal = 4B02A1E31E6D34D50059EB0B /* Project object */;
			proxyType = 1;
			remoteGlobalIDString = 4B02A1EB1E6D34D50059EB0B;
			remoteInfo = CAIJSPatch;
		};
/* End PBXContainerItemProxy section */

/* Begin PBXFileReference section */
		4B02A1EC1E6D34D50059EB0B /* CAIJSPatch.framework */ = {isa = PBXFileReference; explicitFileType = wrapper.framework; includeInIndex = 0; path = CAIJSPatch.framework; sourceTree = BUILT_PRODUCTS_DIR; };
		4B02A1EF1E6D34D50059EB0B /* CAIJSPatch.h */ = {isa = PBXFileReference; lastKnownFileType = sourcecode.c.h; path = CAIJSPatch.h; sourceTree = "<group>"; };
		4B02A1F01E6D34D50059EB0B /* Info.plist */ = {isa = PBXFileReference; lastKnownFileType = text.plist.xml; path = Info.plist; sourceTree = "<group>"; };
		4B02A1F51E6D34D50059EB0B /* CAIJSPatchTests.xctest */ = {isa = PBXFileReference; explicitFileType = wrapper.cfbundle; includeInIndex = 0; path = CAIJSPatchTests.xctest; sourceTree = BUILT_PRODUCTS_DIR; };
		4B02A1FA1E6D34D50059EB0B /* CAIJSPatchTests.m */ = {isa = PBXFileReference; lastKnownFileType = sourcecode.c.objc; path = CAIJSPatchTests.m; sourceTree = "<group>"; };
		4B02A1FC1E6D34D50059EB0B /* Info.plist */ = {isa = PBXFileReference; lastKnownFileType = text.plist.xml; path = Info.plist; sourceTree = "<group>"; };
		4B02A20B1E6D354D0059EB0B /* JPBlock.h */ = {isa = PBXFileReference; fileEncoding = 4; lastKnownFileType = sourcecode.c.h; path = JPBlock.h; sourceTree = "<group>"; };
		4B02A20C1E6D354D0059EB0B /* JPBlock.m */ = {isa = PBXFileReference; fileEncoding = 4; lastKnownFileType = sourcecode.c.objc; path = JPBlock.m; sourceTree = "<group>"; };
		4B02A20D1E6D354D0059EB0B /* JPBlockWrapper.h */ = {isa = PBXFileReference; fileEncoding = 4; lastKnownFileType = sourcecode.c.h; path = JPBlockWrapper.h; sourceTree = "<group>"; };
		4B02A20E1E6D354D0059EB0B /* JPBlockWrapper.m */ = {isa = PBXFileReference; fileEncoding = 4; lastKnownFileType = sourcecode.c.objc; path = JPBlockWrapper.m; sourceTree = "<group>"; };
		4B02A2101E6D354D0059EB0B /* JPCFunction.h */ = {isa = PBXFileReference; fileEncoding = 4; lastKnownFileType = sourcecode.c.h; path = JPCFunction.h; sourceTree = "<group>"; };
		4B02A2111E6D354D0059EB0B /* JPCFunction.m */ = {isa = PBXFileReference; fileEncoding = 4; lastKnownFileType = sourcecode.c.objc; path = JPCFunction.m; sourceTree = "<group>"; };
		4B02A2121E6D354D0059EB0B /* JPMemory.h */ = {isa = PBXFileReference; fileEncoding = 4; lastKnownFileType = sourcecode.c.h; path = JPMemory.h; sourceTree = "<group>"; };
		4B02A2131E6D354D0059EB0B /* JPMemory.m */ = {isa = PBXFileReference; fileEncoding = 4; lastKnownFileType = sourcecode.c.objc; path = JPMemory.m; sourceTree = "<group>"; };
		4B02A2141E6D354D0059EB0B /* JPStructPointer.h */ = {isa = PBXFileReference; fileEncoding = 4; lastKnownFileType = sourcecode.c.h; path = JPStructPointer.h; sourceTree = "<group>"; };
		4B02A2151E6D354D0059EB0B /* JPStructPointer.m */ = {isa = PBXFileReference; fileEncoding = 4; lastKnownFileType = sourcecode.c.objc; path = JPStructPointer.m; sourceTree = "<group>"; };
		4B02A2181E6D354D0059EB0B /* JPCGBitmapContext.h */ = {isa = PBXFileReference; fileEncoding = 4; lastKnownFileType = sourcecode.c.h; path = JPCGBitmapContext.h; sourceTree = "<group>"; };
		4B02A2191E6D354D0059EB0B /* JPCGBitmapContext.m */ = {isa = PBXFileReference; fileEncoding = 4; lastKnownFileType = sourcecode.c.objc; path = JPCGBitmapContext.m; sourceTree = "<group>"; };
		4B02A21A1E6D354D0059EB0B /* JPCGColor.h */ = {isa = PBXFileReference; fileEncoding = 4; lastKnownFileType = sourcecode.c.h; path = JPCGColor.h; sourceTree = "<group>"; };
		4B02A21B1E6D354D0059EB0B /* JPCGColor.m */ = {isa = PBXFileReference; fileEncoding = 4; lastKnownFileType = sourcecode.c.objc; path = JPCGColor.m; sourceTree = "<group>"; };
		4B02A21C1E6D354D0059EB0B /* JPCGContext.h */ = {isa = PBXFileReference; fileEncoding = 4; lastKnownFileType = sourcecode.c.h; path = JPCGContext.h; sourceTree = "<group>"; };
		4B02A21D1E6D354D0059EB0B /* JPCGContext.m */ = {isa = PBXFileReference; fileEncoding = 4; lastKnownFileType = sourcecode.c.objc; path = JPCGContext.m; sourceTree = "<group>"; };
		4B02A21E1E6D354D0059EB0B /* JPCGGeometry.h */ = {isa = PBXFileReference; fileEncoding = 4; lastKnownFileType = sourcecode.c.h; path = JPCGGeometry.h; sourceTree = "<group>"; };
		4B02A21F1E6D354D0059EB0B /* JPCGGeometry.m */ = {isa = PBXFileReference; fileEncoding = 4; lastKnownFileType = sourcecode.c.objc; path = JPCGGeometry.m; sourceTree = "<group>"; };
		4B02A2201E6D354D0059EB0B /* JPCGImage.h */ = {isa = PBXFileReference; fileEncoding = 4; lastKnownFileType = sourcecode.c.h; path = JPCGImage.h; sourceTree = "<group>"; };
		4B02A2211E6D354D0059EB0B /* JPCGImage.m */ = {isa = PBXFileReference; fileEncoding = 4; lastKnownFileType = sourcecode.c.objc; path = JPCGImage.m; sourceTree = "<group>"; };
		4B02A2221E6D354D0059EB0B /* JPCGPath.h */ = {isa = PBXFileReference; fileEncoding = 4; lastKnownFileType = sourcecode.c.h; path = JPCGPath.h; sourceTree = "<group>"; };
		4B02A2231E6D354D0059EB0B /* JPCGPath.m */ = {isa = PBXFileReference; fileEncoding = 4; lastKnownFileType = sourcecode.c.objc; path = JPCGPath.m; sourceTree = "<group>"; };
		4B02A2241E6D354D0059EB0B /* JPCGTransform.h */ = {isa = PBXFileReference; fileEncoding = 4; lastKnownFileType = sourcecode.c.h; path = JPCGTransform.h; sourceTree = "<group>"; };
		4B02A2251E6D354D0059EB0B /* JPCGTransform.m */ = {isa = PBXFileReference; fileEncoding = 4; lastKnownFileType = sourcecode.c.objc; path = JPCGTransform.m; sourceTree = "<group>"; };
		4B02A2261E6D354D0059EB0B /* JPCoreGraphics.h */ = {isa = PBXFileReference; fileEncoding = 4; lastKnownFileType = sourcecode.c.h; path = JPCoreGraphics.h; sourceTree = "<group>"; };
		4B02A2271E6D354D0059EB0B /* JPCoreGraphics.m */ = {isa = PBXFileReference; fileEncoding = 4; lastKnownFileType = sourcecode.c.objc; path = JPCoreGraphics.m; sourceTree = "<group>"; };
		4B02A2291E6D354D0059EB0B /* JPUIGeometry.h */ = {isa = PBXFileReference; fileEncoding = 4; lastKnownFileType = sourcecode.c.h; path = JPUIGeometry.h; sourceTree = "<group>"; };
		4B02A22A1E6D354D0059EB0B /* JPUIGeometry.m */ = {isa = PBXFileReference; fileEncoding = 4; lastKnownFileType = sourcecode.c.objc; path = JPUIGeometry.m; sourceTree = "<group>"; };
		4B02A22B1E6D354D0059EB0B /* JPUIGraphics.h */ = {isa = PBXFileReference; fileEncoding = 4; lastKnownFileType = sourcecode.c.h; path = JPUIGraphics.h; sourceTree = "<group>"; };
		4B02A22C1E6D354D0059EB0B /* JPUIGraphics.m */ = {isa = PBXFileReference; fileEncoding = 4; lastKnownFileType = sourcecode.c.objc; path = JPUIGraphics.m; sourceTree = "<group>"; };
		4B02A22D1E6D354D0059EB0B /* JPUIImage.h */ = {isa = PBXFileReference; fileEncoding = 4; lastKnownFileType = sourcecode.c.h; path = JPUIImage.h; sourceTree = "<group>"; };
		4B02A22E1E6D354D0059EB0B /* JPUIImage.m */ = {isa = PBXFileReference; fileEncoding = 4; lastKnownFileType = sourcecode.c.objc; path = JPUIImage.m; sourceTree = "<group>"; };
		4B02A22F1E6D354D0059EB0B /* JPUIKit.h */ = {isa = PBXFileReference; fileEncoding = 4; lastKnownFileType = sourcecode.c.h; path = JPUIKit.h; sourceTree = "<group>"; };
		4B02A2301E6D354D0059EB0B /* JPUIKit.m */ = {isa = PBXFileReference; fileEncoding = 4; lastKnownFileType = sourcecode.c.objc; path = JPUIKit.m; sourceTree = "<group>"; };
		4B02A2311E6D354D0059EB0B /* JPCleaner.h */ = {isa = PBXFileReference; fileEncoding = 4; lastKnownFileType = sourcecode.c.h; path = JPCleaner.h; sourceTree = "<group>"; };
		4B02A2321E6D354D0059EB0B /* JPCleaner.m */ = {isa = PBXFileReference; fileEncoding = 4; lastKnownFileType = sourcecode.c.objc; path = JPCleaner.m; sourceTree = "<group>"; };
		4B02A2331E6D354D0059EB0B /* JPDispatch.h */ = {isa = PBXFileReference; fileEncoding = 4; lastKnownFileType = sourcecode.c.h; path = JPDispatch.h; sourceTree = "<group>"; };
		4B02A2341E6D354D0059EB0B /* JPDispatch.m */ = {isa = PBXFileReference; fileEncoding = 4; lastKnownFileType = sourcecode.c.objc; path = JPDispatch.m; sourceTree = "<group>"; };
		4B02A2361E6D354D0059EB0B /* JPMethodSignature.h */ = {isa = PBXFileReference; fileEncoding = 4; lastKnownFileType = sourcecode.c.h; path = JPMethodSignature.h; sourceTree = "<group>"; };
		4B02A2371E6D354D0059EB0B /* JPMethodSignature.m */ = {isa = PBXFileReference; fileEncoding = 4; lastKnownFileType = sourcecode.c.objc; path = JPMethodSignature.m; sourceTree = "<group>"; };
		4B02A2391E6D354D0059EB0B /* ffi.h */ = {isa = PBXFileReference; fileEncoding = 4; lastKnownFileType = sourcecode.c.h; path = ffi.h; sourceTree = "<group>"; };
		4B02A23A1E6D354D0059EB0B /* ffi_arm.h */ = {isa = PBXFileReference; fileEncoding = 4; lastKnownFileType = sourcecode.c.h; path = ffi_arm.h; sourceTree = "<group>"; };
		4B02A23B1E6D354D0059EB0B /* ffi_arm64.h */ = {isa = PBXFileReference; fileEncoding = 4; lastKnownFileType = sourcecode.c.h; path = ffi_arm64.h; sourceTree = "<group>"; };
		4B02A23C1E6D354D0059EB0B /* ffi_i386.h */ = {isa = PBXFileReference; fileEncoding = 4; lastKnownFileType = sourcecode.c.h; path = ffi_i386.h; sourceTree = "<group>"; };
		4B02A23D1E6D354D0059EB0B /* ffi_x86_64.h */ = {isa = PBXFileReference; fileEncoding = 4; lastKnownFileType = sourcecode.c.h; path = ffi_x86_64.h; sourceTree = "<group>"; };
		4B02A23E1E6D354D0059EB0B /* ffitarget.h */ = {isa = PBXFileReference; fileEncoding = 4; lastKnownFileType = sourcecode.c.h; path = ffitarget.h; sourceTree = "<group>"; };
		4B02A23F1E6D354D0059EB0B /* ffitarget_arm.h */ = {isa = PBXFileReference; fileEncoding = 4; lastKnownFileType = sourcecode.c.h; path = ffitarget_arm.h; sourceTree = "<group>"; };
		4B02A2401E6D354D0059EB0B /* ffitarget_arm64.h */ = {isa = PBXFileReference; fileEncoding = 4; lastKnownFileType = sourcecode.c.h; path = ffitarget_arm64.h; sourceTree = "<group>"; };
		4B02A2411E6D354D0059EB0B /* ffitarget_i386.h */ = {isa = PBXFileReference; fileEncoding = 4; lastKnownFileType = sourcecode.c.h; path = ffitarget_i386.h; sourceTree = "<group>"; };
		4B02A2421E6D354D0059EB0B /* ffitarget_x86_64.h */ = {isa = PBXFileReference; fileEncoding = 4; lastKnownFileType = sourcecode.c.h; path = ffitarget_x86_64.h; sourceTree = "<group>"; };
		4B02A2431E6D354D0059EB0B /* libffi.a */ = {isa = PBXFileReference; lastKnownFileType = archive.ar; path = libffi.a; sourceTree = "<group>"; };
		4B02A2441E6D354D0059EB0B /* JPLocker.h */ = {isa = PBXFileReference; fileEncoding = 4; lastKnownFileType = sourcecode.c.h; path = JPLocker.h; sourceTree = "<group>"; };
		4B02A2451E6D354D0059EB0B /* JPLocker.m */ = {isa = PBXFileReference; fileEncoding = 4; lastKnownFileType = sourcecode.c.objc; path = JPLocker.m; sourceTree = "<group>"; };
		4B02A2461E6D354D0059EB0B /* JPNumber.h */ = {isa = PBXFileReference; fileEncoding = 4; lastKnownFileType = sourcecode.c.h; path = JPNumber.h; sourceTree = "<group>"; };
		4B02A2471E6D354D0059EB0B /* JPNumber.m */ = {isa = PBXFileReference; fileEncoding = 4; lastKnownFileType = sourcecode.c.objc; path = JPNumber.m; sourceTree = "<group>"; };
		4B02A2491E6D354D0059EB0B /* JPPlayground.h */ = {isa = PBXFileReference; fileEncoding = 4; lastKnownFileType = sourcecode.c.h; path = JPPlayground.h; sourceTree = "<group>"; };
		4B02A24A1E6D354D0059EB0B /* JPPlayground.m */ = {isa = PBXFileReference; fileEncoding = 4; lastKnownFileType = sourcecode.c.objc; path = JPPlayground.m; sourceTree = "<group>"; };
		4B02A24C1E6D354D0059EB0B /* JPKeyCommands.h */ = {isa = PBXFileReference; fileEncoding = 4; lastKnownFileType = sourcecode.c.h; path = JPKeyCommands.h; sourceTree = "<group>"; };
		4B02A24D1E6D354D0059EB0B /* JPKeyCommands.m */ = {isa = PBXFileReference; fileEncoding = 4; lastKnownFileType = sourcecode.c.objc; path = JPKeyCommands.m; sourceTree = "<group>"; };
		4B02A24E1E6D354D0059EB0B /* SGDirWatchdog.h */ = {isa = PBXFileReference; fileEncoding = 4; lastKnownFileType = sourcecode.c.h; path = SGDirWatchdog.h; sourceTree = "<group>"; };
		4B02A24F1E6D354D0059EB0B /* SGDirWatchdog.m */ = {isa = PBXFileReference; fileEncoding = 4; lastKnownFileType = sourcecode.c.objc; path = SGDirWatchdog.m; sourceTree = "<group>"; };
		4B02A2511E6D354D0059EB0B /* JPDevErrorView.h */ = {isa = PBXFileReference; fileEncoding = 4; lastKnownFileType = sourcecode.c.h; path = JPDevErrorView.h; sourceTree = "<group>"; };
		4B02A2521E6D354D0059EB0B /* JPDevErrorView.m */ = {isa = PBXFileReference; fileEncoding = 4; lastKnownFileType = sourcecode.c.objc; path = JPDevErrorView.m; sourceTree = "<group>"; };
		4B02A2531E6D354D0059EB0B /* JPDevMenu.h */ = {isa = PBXFileReference; fileEncoding = 4; lastKnownFileType = sourcecode.c.h; path = JPDevMenu.h; sourceTree = "<group>"; };
		4B02A2541E6D354D0059EB0B /* JPDevMenu.m */ = {isa = PBXFileReference; fileEncoding = 4; lastKnownFileType = sourcecode.c.objc; path = JPDevMenu.m; sourceTree = "<group>"; };
		4B02A2551E6D354D0059EB0B /* JPDevTipView.h */ = {isa = PBXFileReference; fileEncoding = 4; lastKnownFileType = sourcecode.c.h; path = JPDevTipView.h; sourceTree = "<group>"; };
		4B02A2561E6D354D0059EB0B /* JPDevTipView.m */ = {isa = PBXFileReference; fileEncoding = 4; lastKnownFileType = sourcecode.c.objc; path = JPDevTipView.m; sourceTree = "<group>"; };
		4B02A2571E6D354D0059EB0B /* README.md */ = {isa = PBXFileReference; fileEncoding = 4; lastKnownFileType = net.daringfireball.markdown; path = README.md; sourceTree = "<group>"; };
		4B02A2581E6D354D0059EB0B /* JPProtocol.h */ = {isa = PBXFileReference; fileEncoding = 4; lastKnownFileType = sourcecode.c.h; path = JPProtocol.h; sourceTree = "<group>"; };
		4B02A2591E6D354D0059EB0B /* JPProtocol.m */ = {isa = PBXFileReference; fileEncoding = 4; lastKnownFileType = sourcecode.c.objc; path = JPProtocol.m; sourceTree = "<group>"; };
		4B02A25A1E6D354D0059EB0B /* JPSpecialInit.h */ = {isa = PBXFileReference; fileEncoding = 4; lastKnownFileType = sourcecode.c.h; path = JPSpecialInit.h; sourceTree = "<group>"; };
		4B02A25B1E6D354D0059EB0B /* JPSpecialInit.m */ = {isa = PBXFileReference; fileEncoding = 4; lastKnownFileType = sourcecode.c.objc; path = JPSpecialInit.m; sourceTree = "<group>"; };
		4B02A25C1E6D354D0059EB0B /* Info.plist */ = {isa = PBXFileReference; fileEncoding = 4; lastKnownFileType = text.plist.xml; path = Info.plist; sourceTree = "<group>"; };
		4B02A25E1E6D354D0059EB0B /* JPEngine.h */ = {isa = PBXFileReference; fileEncoding = 4; lastKnownFileType = sourcecode.c.h; path = JPEngine.h; sourceTree = "<group>"; };
		4B02A25F1E6D354D0059EB0B /* JPEngine.m */ = {isa = PBXFileReference; fileEncoding = 4; lastKnownFileType = sourcecode.c.objc; path = JPEngine.m; sourceTree = "<group>"; };
		4B02A2601E6D354D0059EB0B /* JSPatch.js */ = {isa = PBXFileReference; fileEncoding = 4; lastKnownFileType = sourcecode.javascript; path = JSPatch.js; sourceTree = "<group>"; };
		4B02A2611E6D354D0059EB0B /* JSPatch.h */ = {isa = PBXFileReference; fileEncoding = 4; lastKnownFileType = sourcecode.c.h; path = JSPatch.h; sourceTree = "<group>"; };
		4B02A2631E6D354D0059EB0B /* JPLoader.h */ = {isa = PBXFileReference; fileEncoding = 4; lastKnownFileType = sourcecode.c.h; path = JPLoader.h; sourceTree = "<group>"; };
		4B02A2641E6D354D0059EB0B /* JPLoader.m */ = {isa = PBXFileReference; fileEncoding = 4; lastKnownFileType = sourcecode.c.objc; path = JPLoader.m; sourceTree = "<group>"; };
		4B02A2671E6D354D0059EB0B /* crypt.h */ = {isa = PBXFileReference; fileEncoding = 4; lastKnownFileType = sourcecode.c.h; path = crypt.h; sourceTree = "<group>"; };
		4B02A2681E6D354D0059EB0B /* ioapi.c */ = {isa = PBXFileReference; fileEncoding = 4; lastKnownFileType = sourcecode.c.c; path = ioapi.c; sourceTree = "<group>"; };
		4B02A2691E6D354D0059EB0B /* ioapi.h */ = {isa = PBXFileReference; fileEncoding = 4; lastKnownFileType = sourcecode.c.h; path = ioapi.h; sourceTree = "<group>"; };
		4B02A26A1E6D354D0059EB0B /* mztools.c */ = {isa = PBXFileReference; fileEncoding = 4; lastKnownFileType = sourcecode.c.c; path = mztools.c; sourceTree = "<group>"; };
		4B02A26B1E6D354D0059EB0B /* mztools.h */ = {isa = PBXFileReference; fileEncoding = 4; lastKnownFileType = sourcecode.c.h; path = mztools.h; sourceTree = "<group>"; };
		4B02A26C1E6D354D0059EB0B /* unzip.c */ = {isa = PBXFileReference; fileEncoding = 4; lastKnownFileType = sourcecode.c.c; path = unzip.c; sourceTree = "<group>"; };
		4B02A26D1E6D354D0059EB0B /* unzip.h */ = {isa = PBXFileReference; fileEncoding = 4; lastKnownFileType = sourcecode.c.h; path = unzip.h; sourceTree = "<group>"; };
		4B02A26E1E6D354D0059EB0B /* zip.c */ = {isa = PBXFileReference; fileEncoding = 4; lastKnownFileType = sourcecode.c.c; path = zip.c; sourceTree = "<group>"; };
		4B02A26F1E6D354D0059EB0B /* zip.h */ = {isa = PBXFileReference; fileEncoding = 4; lastKnownFileType = sourcecode.c.h; path = zip.h; sourceTree = "<group>"; };
		4B02A2701E6D354D0059EB0B /* RSA.h */ = {isa = PBXFileReference; fileEncoding = 4; lastKnownFileType = sourcecode.c.h; path = RSA.h; sourceTree = "<group>"; };
		4B02A2711E6D354D0059EB0B /* RSA.m */ = {isa = PBXFileReference; fileEncoding = 4; lastKnownFileType = sourcecode.c.objc; path = RSA.m; sourceTree = "<group>"; };
		4B02A2721E6D354D0059EB0B /* ZipArchive.h */ = {isa = PBXFileReference; fileEncoding = 4; lastKnownFileType = sourcecode.c.h; path = ZipArchive.h; sourceTree = "<group>"; };
		4B02A2731E6D354D0059EB0B /* ZipArchive.m */ = {isa = PBXFileReference; fileEncoding = 4; lastKnownFileType = sourcecode.c.objc; path = ZipArchive.m; sourceTree = "<group>"; };
		4B02A2751E6D354D0059EB0B /* packer.php */ = {isa = PBXFileReference; fileEncoding = 4; lastKnownFileType = text.script.php; path = packer.php; sourceTree = "<group>"; };
		4B02A2D41E6D36680059EB0B /* CAIPatch.h */ = {isa = PBXFileReference; fileEncoding = 4; lastKnownFileType = sourcecode.c.h; path = CAIPatch.h; sourceTree = "<group>"; };
		4B02A2D51E6D36680059EB0B /* CAIPatch.m */ = {isa = PBXFileReference; fileEncoding = 4; lastKnownFileType = sourcecode.c.objc; path = CAIPatch.m; sourceTree = "<group>"; };
		4B02A2D91E6D47590059EB0B /* libz.tbd */ = {isa = PBXFileReference; lastKnownFileType = "sourcecode.text-based-dylib-definition"; name = libz.tbd; path = usr/lib/libz.tbd; sourceTree = SDKROOT; };
		4B02A2DB1E6D47760059EB0B /* JavaScriptCore.framework */ = {isa = PBXFileReference; lastKnownFileType = wrapper.framework; name = JavaScriptCore.framework; path = System/Library/Frameworks/JavaScriptCore.framework; sourceTree = SDKROOT; };
/* End PBXFileReference section */

/* Begin PBXFrameworksBuildPhase section */
		4B02A1E81E6D34D50059EB0B /* Frameworks */ = {
			isa = PBXFrameworksBuildPhase;
			buildActionMask = 2147483647;
			files = (
				4B02A2DC1E6D47760059EB0B /* JavaScriptCore.framework in Frameworks */,
				4B02A2DA1E6D47590059EB0B /* libz.tbd in Frameworks */,
				4B02A2A81E6D354E0059EB0B /* libffi.a in Frameworks */,
			);
			runOnlyForDeploymentPostprocessing = 0;
		};
		4B02A1F21E6D34D50059EB0B /* Frameworks */ = {
			isa = PBXFrameworksBuildPhase;
			buildActionMask = 2147483647;
			files = (
				4B02A1F61E6D34D50059EB0B /* CAIJSPatch.framework in Frameworks */,
			);
			runOnlyForDeploymentPostprocessing = 0;
		};
/* End PBXFrameworksBuildPhase section */

/* Begin PBXGroup section */
		4B02A1E21E6D34D50059EB0B = {
			isa = PBXGroup;
			children = (
				4B02A1EE1E6D34D50059EB0B /* CAIJSPatch */,
				4B02A1F91E6D34D50059EB0B /* CAIJSPatchTests */,
				4B02A1ED1E6D34D50059EB0B /* Products */,
				4B02A2D81E6D47590059EB0B /* Frameworks */,
			);
			sourceTree = "<group>";
		};
		4B02A1ED1E6D34D50059EB0B /* Products */ = {
			isa = PBXGroup;
			children = (
				4B02A1EC1E6D34D50059EB0B /* CAIJSPatch.framework */,
				4B02A1F51E6D34D50059EB0B /* CAIJSPatchTests.xctest */,
			);
			name = Products;
			sourceTree = "<group>";
		};
		4B02A1EE1E6D34D50059EB0B /* CAIJSPatch */ = {
			isa = PBXGroup;
			children = (
				4B02A2D31E6D362F0059EB0B /* CAIPatch */,
				4B02A2081E6D354D0059EB0B /* JSPatch */,
				4B02A1EF1E6D34D50059EB0B /* CAIJSPatch.h */,
				4B02A1F01E6D34D50059EB0B /* Info.plist */,
			);
			path = CAIJSPatch;
			sourceTree = "<group>";
		};
		4B02A1F91E6D34D50059EB0B /* CAIJSPatchTests */ = {
			isa = PBXGroup;
			children = (
				4B02A1FA1E6D34D50059EB0B /* CAIJSPatchTests.m */,
				4B02A1FC1E6D34D50059EB0B /* Info.plist */,
			);
			path = CAIJSPatchTests;
			sourceTree = "<group>";
		};
		4B02A2081E6D354D0059EB0B /* JSPatch */ = {
			isa = PBXGroup;
			children = (
				4B02A2091E6D354D0059EB0B /* Extensions */,
				4B02A25C1E6D354D0059EB0B /* Info.plist */,
				4B02A25D1E6D354D0059EB0B /* JSPatch */,
				4B02A2611E6D354D0059EB0B /* JSPatch.h */,
				4B02A2621E6D354D0059EB0B /* Loader */,
			);
			path = JSPatch;
			sourceTree = "<group>";
		};
		4B02A2091E6D354D0059EB0B /* Extensions */ = {
			isa = PBXGroup;
			children = (
				4B02A20A1E6D354D0059EB0B /* JPBlock */,
				4B02A20F1E6D354D0059EB0B /* JPCFunction */,
				4B02A2161E6D354D0059EB0B /* JPCFunctionBinder */,
				4B02A2311E6D354D0059EB0B /* JPCleaner.h */,
				4B02A2321E6D354D0059EB0B /* JPCleaner.m */,
				4B02A2331E6D354D0059EB0B /* JPDispatch.h */,
				4B02A2341E6D354D0059EB0B /* JPDispatch.m */,
				4B02A2351E6D354D0059EB0B /* JPLibffi */,
				4B02A2441E6D354D0059EB0B /* JPLocker.h */,
				4B02A2451E6D354D0059EB0B /* JPLocker.m */,
				4B02A2461E6D354D0059EB0B /* JPNumber.h */,
				4B02A2471E6D354D0059EB0B /* JPNumber.m */,
				4B02A2481E6D354D0059EB0B /* JPPlaygroundTool */,
				4B02A2581E6D354D0059EB0B /* JPProtocol.h */,
				4B02A2591E6D354D0059EB0B /* JPProtocol.m */,
				4B02A25A1E6D354D0059EB0B /* JPSpecialInit.h */,
				4B02A25B1E6D354D0059EB0B /* JPSpecialInit.m */,
			);
			path = Extensions;
			sourceTree = "<group>";
		};
		4B02A20A1E6D354D0059EB0B /* JPBlock */ = {
			isa = PBXGroup;
			children = (
				4B02A20B1E6D354D0059EB0B /* JPBlock.h */,
				4B02A20C1E6D354D0059EB0B /* JPBlock.m */,
				4B02A20D1E6D354D0059EB0B /* JPBlockWrapper.h */,
				4B02A20E1E6D354D0059EB0B /* JPBlockWrapper.m */,
			);
			path = JPBlock;
			sourceTree = "<group>";
		};
		4B02A20F1E6D354D0059EB0B /* JPCFunction */ = {
			isa = PBXGroup;
			children = (
				4B02A2101E6D354D0059EB0B /* JPCFunction.h */,
				4B02A2111E6D354D0059EB0B /* JPCFunction.m */,
				4B02A2121E6D354D0059EB0B /* JPMemory.h */,
				4B02A2131E6D354D0059EB0B /* JPMemory.m */,
				4B02A2141E6D354D0059EB0B /* JPStructPointer.h */,
				4B02A2151E6D354D0059EB0B /* JPStructPointer.m */,
			);
			path = JPCFunction;
			sourceTree = "<group>";
		};
		4B02A2161E6D354D0059EB0B /* JPCFunctionBinder */ = {
			isa = PBXGroup;
			children = (
				4B02A2171E6D354D0059EB0B /* CoreGraphics */,
				4B02A2281E6D354D0059EB0B /* UIKit */,
			);
			path = JPCFunctionBinder;
			sourceTree = "<group>";
		};
		4B02A2171E6D354D0059EB0B /* CoreGraphics */ = {
			isa = PBXGroup;
			children = (
				4B02A2181E6D354D0059EB0B /* JPCGBitmapContext.h */,
				4B02A2191E6D354D0059EB0B /* JPCGBitmapContext.m */,
				4B02A21A1E6D354D0059EB0B /* JPCGColor.h */,
				4B02A21B1E6D354D0059EB0B /* JPCGColor.m */,
				4B02A21C1E6D354D0059EB0B /* JPCGContext.h */,
				4B02A21D1E6D354D0059EB0B /* JPCGContext.m */,
				4B02A21E1E6D354D0059EB0B /* JPCGGeometry.h */,
				4B02A21F1E6D354D0059EB0B /* JPCGGeometry.m */,
				4B02A2201E6D354D0059EB0B /* JPCGImage.h */,
				4B02A2211E6D354D0059EB0B /* JPCGImage.m */,
				4B02A2221E6D354D0059EB0B /* JPCGPath.h */,
				4B02A2231E6D354D0059EB0B /* JPCGPath.m */,
				4B02A2241E6D354D0059EB0B /* JPCGTransform.h */,
				4B02A2251E6D354D0059EB0B /* JPCGTransform.m */,
				4B02A2261E6D354D0059EB0B /* JPCoreGraphics.h */,
				4B02A2271E6D354D0059EB0B /* JPCoreGraphics.m */,
			);
			path = CoreGraphics;
			sourceTree = "<group>";
		};
		4B02A2281E6D354D0059EB0B /* UIKit */ = {
			isa = PBXGroup;
			children = (
				4B02A2291E6D354D0059EB0B /* JPUIGeometry.h */,
				4B02A22A1E6D354D0059EB0B /* JPUIGeometry.m */,
				4B02A22B1E6D354D0059EB0B /* JPUIGraphics.h */,
				4B02A22C1E6D354D0059EB0B /* JPUIGraphics.m */,
				4B02A22D1E6D354D0059EB0B /* JPUIImage.h */,
				4B02A22E1E6D354D0059EB0B /* JPUIImage.m */,
				4B02A22F1E6D354D0059EB0B /* JPUIKit.h */,
				4B02A2301E6D354D0059EB0B /* JPUIKit.m */,
			);
			path = UIKit;
			sourceTree = "<group>";
		};
		4B02A2351E6D354D0059EB0B /* JPLibffi */ = {
			isa = PBXGroup;
			children = (
				4B02A2361E6D354D0059EB0B /* JPMethodSignature.h */,
				4B02A2371E6D354D0059EB0B /* JPMethodSignature.m */,
				4B02A2381E6D354D0059EB0B /* libffi */,
			);
			path = JPLibffi;
			sourceTree = "<group>";
		};
		4B02A2381E6D354D0059EB0B /* libffi */ = {
			isa = PBXGroup;
			children = (
				4B02A2391E6D354D0059EB0B /* ffi.h */,
				4B02A23A1E6D354D0059EB0B /* ffi_arm.h */,
				4B02A23B1E6D354D0059EB0B /* ffi_arm64.h */,
				4B02A23C1E6D354D0059EB0B /* ffi_i386.h */,
				4B02A23D1E6D354D0059EB0B /* ffi_x86_64.h */,
				4B02A23E1E6D354D0059EB0B /* ffitarget.h */,
				4B02A23F1E6D354D0059EB0B /* ffitarget_arm.h */,
				4B02A2401E6D354D0059EB0B /* ffitarget_arm64.h */,
				4B02A2411E6D354D0059EB0B /* ffitarget_i386.h */,
				4B02A2421E6D354D0059EB0B /* ffitarget_x86_64.h */,
				4B02A2431E6D354D0059EB0B /* libffi.a */,
			);
			path = libffi;
			sourceTree = "<group>";
		};
		4B02A2481E6D354D0059EB0B /* JPPlaygroundTool */ = {
			isa = PBXGroup;
			children = (
				4B02A2491E6D354D0059EB0B /* JPPlayground.h */,
				4B02A24A1E6D354D0059EB0B /* JPPlayground.m */,
				4B02A24B1E6D354D0059EB0B /* JPPlaygroundModule */,
				4B02A2501E6D354D0059EB0B /* JPPlaygroundView */,
				4B02A2571E6D354D0059EB0B /* README.md */,
			);
			path = JPPlaygroundTool;
			sourceTree = "<group>";
		};
		4B02A24B1E6D354D0059EB0B /* JPPlaygroundModule */ = {
			isa = PBXGroup;
			children = (
				4B02A24C1E6D354D0059EB0B /* JPKeyCommands.h */,
				4B02A24D1E6D354D0059EB0B /* JPKeyCommands.m */,
				4B02A24E1E6D354D0059EB0B /* SGDirWatchdog.h */,
				4B02A24F1E6D354D0059EB0B /* SGDirWatchdog.m */,
			);
			path = JPPlaygroundModule;
			sourceTree = "<group>";
		};
		4B02A2501E6D354D0059EB0B /* JPPlaygroundView */ = {
			isa = PBXGroup;
			children = (
				4B02A2511E6D354D0059EB0B /* JPDevErrorView.h */,
				4B02A2521E6D354D0059EB0B /* JPDevErrorView.m */,
				4B02A2531E6D354D0059EB0B /* JPDevMenu.h */,
				4B02A2541E6D354D0059EB0B /* JPDevMenu.m */,
				4B02A2551E6D354D0059EB0B /* JPDevTipView.h */,
				4B02A2561E6D354D0059EB0B /* JPDevTipView.m */,
			);
			path = JPPlaygroundView;
			sourceTree = "<group>";
		};
		4B02A25D1E6D354D0059EB0B /* JSPatch */ = {
			isa = PBXGroup;
			children = (
				4B02A25E1E6D354D0059EB0B /* JPEngine.h */,
				4B02A25F1E6D354D0059EB0B /* JPEngine.m */,
				4B02A2601E6D354D0059EB0B /* JSPatch.js */,
			);
			path = JSPatch;
			sourceTree = "<group>";
		};
		4B02A2621E6D354D0059EB0B /* Loader */ = {
			isa = PBXGroup;
			children = (
				4B02A2631E6D354D0059EB0B /* JPLoader.h */,
				4B02A2641E6D354D0059EB0B /* JPLoader.m */,
				4B02A2651E6D354D0059EB0B /* libs */,
				4B02A2741E6D354D0059EB0B /* tools */,
			);
			path = Loader;
			sourceTree = "<group>";
		};
		4B02A2651E6D354D0059EB0B /* libs */ = {
			isa = PBXGroup;
			children = (
				4B02A2661E6D354D0059EB0B /* minizip */,
				4B02A2701E6D354D0059EB0B /* RSA.h */,
				4B02A2711E6D354D0059EB0B /* RSA.m */,
				4B02A2721E6D354D0059EB0B /* ZipArchive.h */,
				4B02A2731E6D354D0059EB0B /* ZipArchive.m */,
			);
			path = libs;
			sourceTree = "<group>";
		};
		4B02A2661E6D354D0059EB0B /* minizip */ = {
			isa = PBXGroup;
			children = (
				4B02A2671E6D354D0059EB0B /* crypt.h */,
				4B02A2681E6D354D0059EB0B /* ioapi.c */,
				4B02A2691E6D354D0059EB0B /* ioapi.h */,
				4B02A26A1E6D354D0059EB0B /* mztools.c */,
				4B02A26B1E6D354D0059EB0B /* mztools.h */,
				4B02A26C1E6D354D0059EB0B /* unzip.c */,
				4B02A26D1E6D354D0059EB0B /* unzip.h */,
				4B02A26E1E6D354D0059EB0B /* zip.c */,
				4B02A26F1E6D354D0059EB0B /* zip.h */,
			);
			path = minizip;
			sourceTree = "<group>";
		};
		4B02A2741E6D354D0059EB0B /* tools */ = {
			isa = PBXGroup;
			children = (
				4B02A2751E6D354D0059EB0B /* packer.php */,
			);
			path = tools;
			sourceTree = "<group>";
		};
		4B02A2D31E6D362F0059EB0B /* CAIPatch */ = {
			isa = PBXGroup;
			children = (
				4B02A2D41E6D36680059EB0B /* CAIPatch.h */,
				4B02A2D51E6D36680059EB0B /* CAIPatch.m */,
			);
			name = CAIPatch;
			sourceTree = "<group>";
		};
		4B02A2D81E6D47590059EB0B /* Frameworks */ = {
			isa = PBXGroup;
			children = (
				4B02A2DB1E6D47760059EB0B /* JavaScriptCore.framework */,
				4B02A2D91E6D47590059EB0B /* libz.tbd */,
			);
			name = Frameworks;
			sourceTree = "<group>";
		};
/* End PBXGroup section */

/* Begin PBXHeadersBuildPhase section */
		4B02A1E91E6D34D50059EB0B /* Headers */ = {
			isa = PBXHeadersBuildPhase;
			buildActionMask = 2147483647;
			files = (
				4B02A29E1E6D354D0059EB0B /* ffi.h in Headers */,
				4B02A2D61E6D36680059EB0B /* CAIPatch.h in Headers */,
				4B02A2BF1E6D354E0059EB0B /* JPEngine.h in Headers */,
				4B02A2CD1E6D354E0059EB0B /* zip.h in Headers */,
				4B02A2B51E6D354E0059EB0B /* JPDevMenu.h in Headers */,
				4B02A2861E6D354D0059EB0B /* JPCGGeometry.h in Headers */,
				4B02A2CB1E6D354E0059EB0B /* unzip.h in Headers */,
				4B02A27C1E6D354D0059EB0B /* JPMemory.h in Headers */,
				4B02A29F1E6D354D0059EB0B /* ffi_arm.h in Headers */,
				4B02A2A51E6D354D0059EB0B /* ffitarget_arm64.h in Headers */,
				4B02A2761E6D354D0059EB0B /* JPBlock.h in Headers */,
				4B02A2841E6D354D0059EB0B /* JPCGContext.h in Headers */,
				4B02A2881E6D354D0059EB0B /* JPCGImage.h in Headers */,
				4B02A2C51E6D354E0059EB0B /* crypt.h in Headers */,
				4B02A2C31E6D354E0059EB0B /* JPLoader.h in Headers */,
				4B02A2B71E6D354E0059EB0B /* JPDevTipView.h in Headers */,
				4B02A2A31E6D354D0059EB0B /* ffitarget.h in Headers */,
				4B02A2A41E6D354D0059EB0B /* ffitarget_arm.h in Headers */,
				4B02A2A01E6D354D0059EB0B /* ffi_arm64.h in Headers */,
				4B02A2AD1E6D354E0059EB0B /* JPPlayground.h in Headers */,
				4B02A28C1E6D354D0059EB0B /* JPCGTransform.h in Headers */,
				4B02A2A21E6D354D0059EB0B /* ffi_x86_64.h in Headers */,
				4B02A2AB1E6D354E0059EB0B /* JPNumber.h in Headers */,
				4B02A2CE1E6D354E0059EB0B /* RSA.h in Headers */,
				4B02A2C91E6D354E0059EB0B /* mztools.h in Headers */,
				4B02A28A1E6D354D0059EB0B /* JPCGPath.h in Headers */,
				4B02A2801E6D354D0059EB0B /* JPCGBitmapContext.h in Headers */,
				4B02A2BC1E6D354E0059EB0B /* JPSpecialInit.h in Headers */,
				4B02A2C21E6D354E0059EB0B /* JSPatch.h in Headers */,
				4B02A2941E6D354D0059EB0B /* JPUIImage.h in Headers */,
				4B02A1FD1E6D34D50059EB0B /* CAIJSPatch.h in Headers */,
				4B02A2A61E6D354E0059EB0B /* ffitarget_i386.h in Headers */,
				4B02A2BA1E6D354E0059EB0B /* JPProtocol.h in Headers */,
				4B02A2821E6D354D0059EB0B /* JPCGColor.h in Headers */,
				4B02A2961E6D354D0059EB0B /* JPUIKit.h in Headers */,
				4B02A29A1E6D354D0059EB0B /* JPDispatch.h in Headers */,
				4B02A2981E6D354D0059EB0B /* JPCleaner.h in Headers */,
				4B02A2AF1E6D354E0059EB0B /* JPKeyCommands.h in Headers */,
				4B02A2A71E6D354E0059EB0B /* ffitarget_x86_64.h in Headers */,
				4B02A27A1E6D354D0059EB0B /* JPCFunction.h in Headers */,
				4B02A2D01E6D354E0059EB0B /* ZipArchive.h in Headers */,
				4B02A2C71E6D354E0059EB0B /* ioapi.h in Headers */,
				4B02A2B11E6D354E0059EB0B /* SGDirWatchdog.h in Headers */,
				4B02A2781E6D354D0059EB0B /* JPBlockWrapper.h in Headers */,
				4B02A29C1E6D354D0059EB0B /* JPMethodSignature.h in Headers */,
				4B02A2A91E6D354E0059EB0B /* JPLocker.h in Headers */,
				4B02A28E1E6D354D0059EB0B /* JPCoreGraphics.h in Headers */,
				4B02A2A11E6D354D0059EB0B /* ffi_i386.h in Headers */,
				4B02A2921E6D354D0059EB0B /* JPUIGraphics.h in Headers */,
				4B02A2B31E6D354E0059EB0B /* JPDevErrorView.h in Headers */,
				4B02A2901E6D354D0059EB0B /* JPUIGeometry.h in Headers */,
				4B02A27E1E6D354D0059EB0B /* JPStructPointer.h in Headers */,
			);
			runOnlyForDeploymentPostprocessing = 0;
		};
/* End PBXHeadersBuildPhase section */

/* Begin PBXNativeTarget section */
		4B02A1EB1E6D34D50059EB0B /* CAIJSPatch */ = {
			isa = PBXNativeTarget;
			buildConfigurationList = 4B02A2001E6D34D50059EB0B /* Build configuration list for PBXNativeTarget "CAIJSPatch" */;
			buildPhases = (
				4B02A1E71E6D34D50059EB0B /* Sources */,
				4B02A1E81E6D34D50059EB0B /* Frameworks */,
				4B02A1E91E6D34D50059EB0B /* Headers */,
				4B02A1EA1E6D34D50059EB0B /* Resources */,
			);
			buildRules = (
			);
			dependencies = (
			);
			name = CAIJSPatch;
			productName = CAIJSPatch;
			productReference = 4B02A1EC1E6D34D50059EB0B /* CAIJSPatch.framework */;
			productType = "com.apple.product-type.framework";
		};
		4B02A1F41E6D34D50059EB0B /* CAIJSPatchTests */ = {
			isa = PBXNativeTarget;
			buildConfigurationList = 4B02A2031E6D34D50059EB0B /* Build configuration list for PBXNativeTarget "CAIJSPatchTests" */;
			buildPhases = (
				4B02A1F11E6D34D50059EB0B /* Sources */,
				4B02A1F21E6D34D50059EB0B /* Frameworks */,
				4B02A1F31E6D34D50059EB0B /* Resources */,
			);
			buildRules = (
			);
			dependencies = (
				4B02A1F81E6D34D50059EB0B /* PBXTargetDependency */,
			);
			name = CAIJSPatchTests;
			productName = CAIJSPatchTests;
			productReference = 4B02A1F51E6D34D50059EB0B /* CAIJSPatchTests.xctest */;
			productType = "com.apple.product-type.bundle.unit-test";
		};
/* End PBXNativeTarget section */

/* Begin PBXProject section */
		4B02A1E31E6D34D50059EB0B /* Project object */ = {
			isa = PBXProject;
			attributes = {
				LastUpgradeCheck = 0820;
				ORGANIZATIONNAME = liyufeng;
				TargetAttributes = {
					4B02A1EB1E6D34D50059EB0B = {
						CreatedOnToolsVersion = 8.2.1;
						DevelopmentTeam = 3F685LX6UR;
						ProvisioningStyle = Automatic;
					};
					4B02A1F41E6D34D50059EB0B = {
						CreatedOnToolsVersion = 8.2.1;
						DevelopmentTeam = 3F685LX6UR;
						ProvisioningStyle = Automatic;
					};
				};
			};
			buildConfigurationList = 4B02A1E61E6D34D50059EB0B /* Build configuration list for PBXProject "CAIJSPatch" */;
			compatibilityVersion = "Xcode 3.2";
			developmentRegion = English;
			hasScannedForEncodings = 0;
			knownRegions = (
				en,
			);
			mainGroup = 4B02A1E21E6D34D50059EB0B;
			productRefGroup = 4B02A1ED1E6D34D50059EB0B /* Products */;
			projectDirPath = "";
			projectRoot = "";
			targets = (
				4B02A1EB1E6D34D50059EB0B /* CAIJSPatch */,
				4B02A1F41E6D34D50059EB0B /* CAIJSPatchTests */,
			);
		};
/* End PBXProject section */

/* Begin PBXResourcesBuildPhase section */
		4B02A1EA1E6D34D50059EB0B /* Resources */ = {
			isa = PBXResourcesBuildPhase;
			buildActionMask = 2147483647;
			files = (
				4B02A2C11E6D354E0059EB0B /* JSPatch.js in Resources */,
				4B02A2BE1E6D354E0059EB0B /* Info.plist in Resources */,
				4B02A2D21E6D354E0059EB0B /* packer.php in Resources */,
			);
			runOnlyForDeploymentPostprocessing = 0;
		};
		4B02A1F31E6D34D50059EB0B /* Resources */ = {
			isa = PBXResourcesBuildPhase;
			buildActionMask = 2147483647;
			files = (
			);
			runOnlyForDeploymentPostprocessing = 0;
		};
/* End PBXResourcesBuildPhase section */

/* Begin PBXSourcesBuildPhase section */
		4B02A1E71E6D34D50059EB0B /* Sources */ = {
			isa = PBXSourcesBuildPhase;
			buildActionMask = 2147483647;
			files = (
				4B02A27D1E6D354D0059EB0B /* JPMemory.m in Sources */,
				4B02A2831E6D354D0059EB0B /* JPCGColor.m in Sources */,
				4B02A2C81E6D354E0059EB0B /* mztools.c in Sources */,
				4B02A2971E6D354D0059EB0B /* JPUIKit.m in Sources */,
				4B02A2C01E6D354E0059EB0B /* JPEngine.m in Sources */,
				4B02A2951E6D354D0059EB0B /* JPUIImage.m in Sources */,
				4B02A2931E6D354D0059EB0B /* JPUIGraphics.m in Sources */,
				4B02A2791E6D354D0059EB0B /* JPBlockWrapper.m in Sources */,
				4B02A27F1E6D354D0059EB0B /* JPStructPointer.m in Sources */,
				4B02A2811E6D354D0059EB0B /* JPCGBitmapContext.m in Sources */,
				4B02A2B21E6D354E0059EB0B /* SGDirWatchdog.m in Sources */,
				4B02A2871E6D354D0059EB0B /* JPCGGeometry.m in Sources */,
				4B02A28B1E6D354D0059EB0B /* JPCGPath.m in Sources */,
				4B02A29D1E6D354D0059EB0B /* JPMethodSignature.m in Sources */,
				4B02A2B91E6D354E0059EB0B /* README.md in Sources */,
				4B02A2911E6D354D0059EB0B /* JPUIGeometry.m in Sources */,
				4B02A2771E6D354D0059EB0B /* JPBlock.m in Sources */,
				4B02A2B01E6D354E0059EB0B /* JPKeyCommands.m in Sources */,
				4B02A2D71E6D36680059EB0B /* CAIPatch.m in Sources */,
				4B02A2CA1E6D354E0059EB0B /* unzip.c in Sources */,
				4B02A2C41E6D354E0059EB0B /* JPLoader.m in Sources */,
				4B02A2CF1E6D354E0059EB0B /* RSA.m in Sources */,
				4B02A2B41E6D354E0059EB0B /* JPDevErrorView.m in Sources */,
				4B02A2BB1E6D354E0059EB0B /* JPProtocol.m in Sources */,
				4B02A2AC1E6D354E0059EB0B /* JPNumber.m in Sources */,
				4B02A2891E6D354D0059EB0B /* JPCGImage.m in Sources */,
				4B02A2CC1E6D354E0059EB0B /* zip.c in Sources */,
				4B02A2AE1E6D354E0059EB0B /* JPPlayground.m in Sources */,
				4B02A27B1E6D354D0059EB0B /* JPCFunction.m in Sources */,
				4B02A28D1E6D354D0059EB0B /* JPCGTransform.m in Sources */,
				4B02A2991E6D354D0059EB0B /* JPCleaner.m in Sources */,
				4B02A2BD1E6D354E0059EB0B /* JPSpecialInit.m in Sources */,
				4B02A29B1E6D354D0059EB0B /* JPDispatch.m in Sources */,
				4B02A2B61E6D354E0059EB0B /* JPDevMenu.m in Sources */,
				4B02A2851E6D354D0059EB0B /* JPCGContext.m in Sources */,
				4B02A2B81E6D354E0059EB0B /* JPDevTipView.m in Sources */,
				4B02A2D11E6D354E0059EB0B /* ZipArchive.m in Sources */,
				4B02A28F1E6D354D0059EB0B /* JPCoreGraphics.m in Sources */,
				4B02A2AA1E6D354E0059EB0B /* JPLocker.m in Sources */,
				4B02A2C61E6D354E0059EB0B /* ioapi.c in Sources */,
			);
			runOnlyForDeploymentPostprocessing = 0;
		};
		4B02A1F11E6D34D50059EB0B /* Sources */ = {
			isa = PBXSourcesBuildPhase;
			buildActionMask = 2147483647;
			files = (
				4B02A1FB1E6D34D50059EB0B /* CAIJSPatchTests.m in Sources */,
			);
			runOnlyForDeploymentPostprocessing = 0;
		};
/* End PBXSourcesBuildPhase section */

/* Begin PBXTargetDependency section */
		4B02A1F81E6D34D50059EB0B /* PBXTargetDependency */ = {
			isa = PBXTargetDependency;
			target = 4B02A1EB1E6D34D50059EB0B /* CAIJSPatch */;
			targetProxy = 4B02A1F71E6D34D50059EB0B /* PBXContainerItemProxy */;
		};
/* End PBXTargetDependency section */

/* Begin XCBuildConfiguration section */
		4B02A1FE1E6D34D50059EB0B /* Debug */ = {
			isa = XCBuildConfiguration;
			buildSettings = {
				ALWAYS_SEARCH_USER_PATHS = NO;
				CLANG_ANALYZER_NONNULL = YES;
				CLANG_CXX_LANGUAGE_STANDARD = "gnu++0x";
				CLANG_CXX_LIBRARY = "libc++";
				CLANG_ENABLE_MODULES = YES;
				CLANG_ENABLE_OBJC_ARC = YES;
				CLANG_WARN_BOOL_CONVERSION = YES;
				CLANG_WARN_CONSTANT_CONVERSION = YES;
				CLANG_WARN_DIRECT_OBJC_ISA_USAGE = YES_ERROR;
				CLANG_WARN_DOCUMENTATION_COMMENTS = YES;
				CLANG_WARN_EMPTY_BODY = YES;
				CLANG_WARN_ENUM_CONVERSION = YES;
				CLANG_WARN_INFINITE_RECURSION = YES;
				CLANG_WARN_INT_CONVERSION = YES;
				CLANG_WARN_OBJC_ROOT_CLASS = YES_ERROR;
				CLANG_WARN_SUSPICIOUS_MOVE = YES;
				CLANG_WARN_UNREACHABLE_CODE = YES;
				CLANG_WARN__DUPLICATE_METHOD_MATCH = YES;
				"CODE_SIGN_IDENTITY[sdk=iphoneos*]" = "iPhone Developer";
				COPY_PHASE_STRIP = NO;
				CURRENT_PROJECT_VERSION = 1;
				DEBUG_INFORMATION_FORMAT = dwarf;
				ENABLE_STRICT_OBJC_MSGSEND = YES;
				ENABLE_TESTABILITY = YES;
				GCC_C_LANGUAGE_STANDARD = gnu99;
				GCC_DYNAMIC_NO_PIC = NO;
				GCC_NO_COMMON_BLOCKS = YES;
				GCC_OPTIMIZATION_LEVEL = 0;
				GCC_PREPROCESSOR_DEFINITIONS = (
					"DEBUG=1",
					"$(inherited)",
				);
				GCC_WARN_64_TO_32_BIT_CONVERSION = YES;
				GCC_WARN_ABOUT_RETURN_TYPE = YES_ERROR;
				GCC_WARN_UNDECLARED_SELECTOR = YES;
				GCC_WARN_UNINITIALIZED_AUTOS = YES_AGGRESSIVE;
				GCC_WARN_UNUSED_FUNCTION = YES;
				GCC_WARN_UNUSED_VARIABLE = YES;
				IPHONEOS_DEPLOYMENT_TARGET = 10.2;
				MTL_ENABLE_DEBUG_INFO = YES;
				ONLY_ACTIVE_ARCH = YES;
				SDKROOT = iphoneos;
				TARGETED_DEVICE_FAMILY = "1,2";
				VERSIONING_SYSTEM = "apple-generic";
				VERSION_INFO_PREFIX = "";
			};
			name = Debug;
		};
		4B02A1FF1E6D34D50059EB0B /* Release */ = {
			isa = XCBuildConfiguration;
			buildSettings = {
				ALWAYS_SEARCH_USER_PATHS = NO;
				CLANG_ANALYZER_NONNULL = YES;
				CLANG_CXX_LANGUAGE_STANDARD = "gnu++0x";
				CLANG_CXX_LIBRARY = "libc++";
				CLANG_ENABLE_MODULES = YES;
				CLANG_ENABLE_OBJC_ARC = YES;
				CLANG_WARN_BOOL_CONVERSION = YES;
				CLANG_WARN_CONSTANT_CONVERSION = YES;
				CLANG_WARN_DIRECT_OBJC_ISA_USAGE = YES_ERROR;
				CLANG_WARN_DOCUMENTATION_COMMENTS = YES;
				CLANG_WARN_EMPTY_BODY = YES;
				CLANG_WARN_ENUM_CONVERSION = YES;
				CLANG_WARN_INFINITE_RECURSION = YES;
				CLANG_WARN_INT_CONVERSION = YES;
				CLANG_WARN_OBJC_ROOT_CLASS = YES_ERROR;
				CLANG_WARN_SUSPICIOUS_MOVE = YES;
				CLANG_WARN_UNREACHABLE_CODE = YES;
				CLANG_WARN__DUPLICATE_METHOD_MATCH = YES;
				"CODE_SIGN_IDENTITY[sdk=iphoneos*]" = "iPhone Developer";
				COPY_PHASE_STRIP = NO;
				CURRENT_PROJECT_VERSION = 1;
				DEBUG_INFORMATION_FORMAT = "dwarf-with-dsym";
				ENABLE_NS_ASSERTIONS = NO;
				ENABLE_STRICT_OBJC_MSGSEND = YES;
				GCC_C_LANGUAGE_STANDARD = gnu99;
				GCC_NO_COMMON_BLOCKS = YES;
				GCC_WARN_64_TO_32_BIT_CONVERSION = YES;
				GCC_WARN_ABOUT_RETURN_TYPE = YES_ERROR;
				GCC_WARN_UNDECLARED_SELECTOR = YES;
				GCC_WARN_UNINITIALIZED_AUTOS = YES_AGGRESSIVE;
				GCC_WARN_UNUSED_FUNCTION = YES;
				GCC_WARN_UNUSED_VARIABLE = YES;
				IPHONEOS_DEPLOYMENT_TARGET = 10.2;
				MTL_ENABLE_DEBUG_INFO = NO;
				SDKROOT = iphoneos;
				TARGETED_DEVICE_FAMILY = "1,2";
				VALIDATE_PRODUCT = YES;
				VERSIONING_SYSTEM = "apple-generic";
				VERSION_INFO_PREFIX = "";
			};
			name = Release;
		};
		4B02A2011E6D34D50059EB0B /* Debug */ = {
			isa = XCBuildConfiguration;
			buildSettings = {
				ARCHS = "$(ARCHS_STANDARD)";
				CODE_SIGN_IDENTITY = "";
				DEFINES_MODULE = YES;
				DEVELOPMENT_TEAM = 3F685LX6UR;
				DYLIB_COMPATIBILITY_VERSION = 1;
				DYLIB_CURRENT_VERSION = 1;
				DYLIB_INSTALL_NAME_BASE = "@rpath";
				INFOPLIST_FILE = CAIJSPatch/Info.plist;
				INSTALL_PATH = "$(LOCAL_LIBRARY_DIR)/Frameworks";
				LD_RUNPATH_SEARCH_PATHS = "$(inherited) @executable_path/Frameworks @loader_path/Frameworks";
				LIBRARY_SEARCH_PATHS = (
					"$(inherited)",
					"$(PROJECT_DIR)/CAIJSPatch/JSPatch/Extensions/JPLibffi/libffi",
				);
				ONLY_ACTIVE_ARCH = NO;
				PRODUCT_BUNDLE_IDENTIFIER = com.appstore.CAIJSPatch;
				PRODUCT_NAME = "$(TARGET_NAME)";
				SKIP_INSTALL = YES;
				VALID_ARCHS = "arm64 armv7 armv7s x86_64 i386";
			};
			name = Debug;
		};
		4B02A2021E6D34D50059EB0B /* Release */ = {
			isa = XCBuildConfiguration;
			buildSettings = {
				ARCHS = "$(ARCHS_STANDARD)";
				CODE_SIGN_IDENTITY = "";
				DEFINES_MODULE = YES;
				DEVELOPMENT_TEAM = 3F685LX6UR;
				DYLIB_COMPATIBILITY_VERSION = 1;
				DYLIB_CURRENT_VERSION = 1;
				DYLIB_INSTALL_NAME_BASE = "@rpath";
				INFOPLIST_FILE = CAIJSPatch/Info.plist;
				INSTALL_PATH = "$(LOCAL_LIBRARY_DIR)/Frameworks";
				LD_RUNPATH_SEARCH_PATHS = "$(inherited) @executable_path/Frameworks @loader_path/Frameworks";
				LIBRARY_SEARCH_PATHS = (
					"$(inherited)",
					"$(PROJECT_DIR)/CAIJSPatch/JSPatch/Extensions/JPLibffi/libffi",
				);
				PRODUCT_BUNDLE_IDENTIFIER = com.appstore.CAIJSPatch;
				PRODUCT_NAME = "$(TARGET_NAME)";
				SKIP_INSTALL = YES;
				VALID_ARCHS = "arm64 armv7 armv7s x86_64 i386";
			};
			name = Release;
		};
		4B02A2041E6D34D50059EB0B /* Debug */ = {
			isa = XCBuildConfiguration;
			buildSettings = {
				DEVELOPMENT_TEAM = 3F685LX6UR;
				INFOPLIST_FILE = CAIJSPatchTests/Info.plist;
				LD_RUNPATH_SEARCH_PATHS = "$(inherited) @executable_path/Frameworks @loader_path/Frameworks";
				PRODUCT_BUNDLE_IDENTIFIER = com.appstore.CAIJSPatchTests;
				PRODUCT_NAME = "$(TARGET_NAME)";
			};
			name = Debug;
		};
		4B02A2051E6D34D50059EB0B /* Release */ = {
			isa = XCBuildConfiguration;
			buildSettings = {
				DEVELOPMENT_TEAM = 3F685LX6UR;
				INFOPLIST_FILE = CAIJSPatchTests/Info.plist;
				LD_RUNPATH_SEARCH_PATHS = "$(inherited) @executable_path/Frameworks @loader_path/Frameworks";
				PRODUCT_BUNDLE_IDENTIFIER = com.appstore.CAIJSPatchTests;
				PRODUCT_NAME = "$(TARGET_NAME)";
			};
			name = Release;
		};
/* End XCBuildConfiguration section */

/* Begin XCConfigurationList section */
		4B02A1E61E6D34D50059EB0B /* Build configuration list for PBXProject "CAIJSPatch" */ = {
			isa = XCConfigurationList;
			buildConfigurations = (
				4B02A1FE1E6D34D50059EB0B /* Debug */,
				4B02A1FF1E6D34D50059EB0B /* Release */,
			);
			defaultConfigurationIsVisible = 0;
			defaultConfigurationName = Release;
		};
		4B02A2001E6D34D50059EB0B /* Build configuration list for PBXNativeTarget "CAIJSPatch" */ = {
			isa = XCConfigurationList;
			buildConfigurations = (
				4B02A2011E6D34D50059EB0B /* Debug */,
				4B02A2021E6D34D50059EB0B /* Release */,
			);
			defaultConfigurationIsVisible = 0;
			defaultConfigurationName = Release;
		};
		4B02A2031E6D34D50059EB0B /* Build configuration list for PBXNativeTarget "CAIJSPatchTests" */ = {
			isa = XCConfigurationList;
			buildConfigurations = (
				4B02A2041E6D34D50059EB0B /* Debug */,
				4B02A2051E6D34D50059EB0B /* Release */,
			);
			defaultConfigurationIsVisible = 0;
			defaultConfigurationName = Release;
		};
/* End XCConfigurationList section */
	};
	rootObject = 4B02A1E31E6D34D50059EB0B /* Project object */;
}
