// !$*UTF8*$!
{
	archiveVersion = 1;
	classes = {
	};
	objectVersion = 46;
	objects = {

/* Begin PBXBuildFile section */
		4B26FBB11E76823B0061BE7B /* AppDelegate.swift in Sources */ = {isa = PBXBuildFile; fileRef = 4B26FBB01E76823B0061BE7B /* AppDelegate.swift */; };
		4B26FBB31E76823B0061BE7B /* ViewController.swift in Sources */ = {isa = PBXBuildFile; fileRef = 4B26FBB21E76823B0061BE7B /* ViewController.swift */; };
		4B26FBB61E76823B0061BE7B /* Main.storyboard in Resources */ = {isa = PBXBuildFile; fileRef = 4B26FBB41E76823B0061BE7B /* Main.storyboard */; };
		4B26FBB81E76823B0061BE7B /* Assets.xcassets in Resources */ = {isa = PBXBuildFile; fileRef = 4B26FBB71E76823B0061BE7B /* Assets.xcassets */; };
		4B26FBBB1E76823B0061BE7B /* LaunchScreen.storyboard in Resources */ = {isa = PBXBuildFile; fileRef = 4B26FBB91E76823B0061BE7B /* LaunchScreen.storyboard */; };
		4B26FBC61E76823B0061BE7B /* homeTests.swift in Sources */ = {isa = PBXBuildFile; fileRef = 4B26FBC51E76823B0061BE7B /* homeTests.swift */; };
		4B26FBD11E76823B0061BE7B /* homeUITests.swift in Sources */ = {isa = PBXBuildFile; fileRef = 4B26FBD01E76823B0061BE7B /* homeUITests.swift */; };
		4B26FBE11E7689320061BE7B /* SnapKit.framework in Frameworks */ = {isa = PBXBuildFile; fileRef = 4B26FBDF1E7684EE0061BE7B /* SnapKit.framework */; };
		4B26FBE21E7689320061BE7B /* SnapKit.framework in Embed Frameworks */ = {isa = PBXBuildFile; fileRef = 4B26FBDF1E7684EE0061BE7B /* SnapKit.framework */; settings = {ATTRIBUTES = (CodeSignOnCopy, RemoveHeadersOnCopy, ); }; };
		4B26FC0D1E7791040061BE7B /* headerView.swift in Sources */ = {isa = PBXBuildFile; fileRef = 4B26FC0C1E7791040061BE7B /* headerView.swift */; };
		4B26FC0F1E77911B0061BE7B /* headerView.xib in Resources */ = {isa = PBXBuildFile; fileRef = 4B26FC0E1E77911B0061BE7B /* headerView.xib */; };
		4B26FC131E77B21F0061BE7B /* TYPagerController.m in Sources */ = {isa = PBXBuildFile; fileRef = 4B26FC121E77B21F0061BE7B /* TYPagerController.m */; };
		4B26FC151E77B2B60061BE7B /* ContentViewController.swift in Sources */ = {isa = PBXBuildFile; fileRef = 4B26FC141E77B2B60061BE7B /* ContentViewController.swift */; };
/* End PBXBuildFile section */

/* Begin PBXContainerItemProxy section */
		4B26FBC21E76823B0061BE7B /* PBXContainerItemProxy */ = {
			isa = PBXContainerItemProxy;
			containerPortal = 4B26FBA51E76823A0061BE7B /* Project object */;
			proxyType = 1;
			remoteGlobalIDString = 4B26FBAC1E76823A0061BE7B;
			remoteInfo = home;
		};
		4B26FBCD1E76823B0061BE7B /* PBXContainerItemProxy */ = {
			isa = PBXContainerItemProxy;
			containerPortal = 4B26FBA51E76823A0061BE7B /* Project object */;
			proxyType = 1;
			remoteGlobalIDString = 4B26FBAC1E76823A0061BE7B;
			remoteInfo = home;
		};
/* End PBXContainerItemProxy section */

/* Begin PBXCopyFilesBuildPhase section */
		4B26FBE31E7689320061BE7B /* Embed Frameworks */ = {
			isa = PBXCopyFilesBuildPhase;
			buildActionMask = 2147483647;
			dstPath = "";
			dstSubfolderSpec = 10;
			files = (
				4B26FBE21E7689320061BE7B /* SnapKit.framework in Embed Frameworks */,
			);
			name = "Embed Frameworks";
			runOnlyForDeploymentPostprocessing = 0;
		};
/* End PBXCopyFilesBuildPhase section */

/* Begin PBXFileReference section */
		4B26FBAD1E76823A0061BE7B /* home.app */ = {isa = PBXFileReference; explicitFileType = wrapper.application; includeInIndex = 0; path = home.app; sourceTree = BUILT_PRODUCTS_DIR; };
		4B26FBB01E76823B0061BE7B /* AppDelegate.swift */ = {isa = PBXFileReference; lastKnownFileType = sourcecode.swift; path = AppDelegate.swift; sourceTree = "<group>"; };
		4B26FBB21E76823B0061BE7B /* ViewController.swift */ = {isa = PBXFileReference; lastKnownFileType = sourcecode.swift; path = ViewController.swift; sourceTree = "<group>"; };
		4B26FBB51E76823B0061BE7B /* Base */ = {isa = PBXFileReference; lastKnownFileType = file.storyboard; name = Base; path = Base.lproj/Main.storyboard; sourceTree = "<group>"; };
		4B26FBB71E76823B0061BE7B /* Assets.xcassets */ = {isa = PBXFileReference; lastKnownFileType = folder.assetcatalog; path = Assets.xcassets; sourceTree = "<group>"; };
		4B26FBBA1E76823B0061BE7B /* Base */ = {isa = PBXFileReference; lastKnownFileType = file.storyboard; name = Base; path = Base.lproj/LaunchScreen.storyboard; sourceTree = "<group>"; };
		4B26FBBC1E76823B0061BE7B /* Info.plist */ = {isa = PBXFileReference; lastKnownFileType = text.plist.xml; path = Info.plist; sourceTree = "<group>"; };
		4B26FBC11E76823B0061BE7B /* homeTests.xctest */ = {isa = PBXFileReference; explicitFileType = wrapper.cfbundle; includeInIndex = 0; path = homeTests.xctest; sourceTree = BUILT_PRODUCTS_DIR; };
		4B26FBC51E76823B0061BE7B /* homeTests.swift */ = {isa = PBXFileReference; lastKnownFileType = sourcecode.swift; path = homeTests.swift; sourceTree = "<group>"; };
		4B26FBC71E76823B0061BE7B /* Info.plist */ = {isa = PBXFileReference; lastKnownFileType = text.plist.xml; path = Info.plist; sourceTree = "<group>"; };
		4B26FBCC1E76823B0061BE7B /* homeUITests.xctest */ = {isa = PBXFileReference; explicitFileType = wrapper.cfbundle; includeInIndex = 0; path = homeUITests.xctest; sourceTree = BUILT_PRODUCTS_DIR; };
		4B26FBD01E76823B0061BE7B /* homeUITests.swift */ = {isa = PBXFileReference; lastKnownFileType = sourcecode.swift; path = homeUITests.swift; sourceTree = "<group>"; };
		4B26FBD21E76823B0061BE7B /* Info.plist */ = {isa = PBXFileReference; lastKnownFileType = text.plist.xml; path = Info.plist; sourceTree = "<group>"; };
		4B26FBDF1E7684EE0061BE7B /* SnapKit.framework */ = {isa = PBXFileReference; lastKnownFileType = wrapper.framework; path = SnapKit.framework; sourceTree = "<group>"; };
		4B26FC0C1E7791040061BE7B /* headerView.swift */ = {isa = PBXFileReference; fileEncoding = 4; lastKnownFileType = sourcecode.swift; path = headerView.swift; sourceTree = "<group>"; };
		4B26FC0E1E77911B0061BE7B /* headerView.xib */ = {isa = PBXFileReference; fileEncoding = 4; lastKnownFileType = file.xib; path = headerView.xib; sourceTree = "<group>"; };
		4B26FC101E77B21F0061BE7B /* home-Bridging-Header.h */ = {isa = PBXFileReference; lastKnownFileType = sourcecode.c.h; path = "home-Bridging-Header.h"; sourceTree = "<group>"; };
		4B26FC111E77B21F0061BE7B /* TYPagerController.h */ = {isa = PBXFileReference; fileEncoding = 4; lastKnownFileType = sourcecode.c.h; path = TYPagerController.h; sourceTree = "<group>"; };
		4B26FC121E77B21F0061BE7B /* TYPagerController.m */ = {isa = PBXFileReference; fileEncoding = 4; lastKnownFileType = sourcecode.c.objc; path = TYPagerController.m; sourceTree = "<group>"; };
		4B26FC141E77B2B60061BE7B /* ContentViewController.swift */ = {isa = PBXFileReference; fileEncoding = 4; lastKnownFileType = sourcecode.swift; path = ContentViewController.swift; sourceTree = "<group>"; };
/* End PBXFileReference section */

/* Begin PBXFrameworksBuildPhase section */
		4B26FBAA1E76823A0061BE7B /* Frameworks */ = {
			isa = PBXFrameworksBuildPhase;
			buildActionMask = 2147483647;
			files = (
				4B26FBE11E7689320061BE7B /* SnapKit.framework in Frameworks */,
			);
			runOnlyForDeploymentPostprocessing = 0;
		};
		4B26FBBE1E76823B0061BE7B /* Frameworks */ = {
			isa = PBXFrameworksBuildPhase;
			buildActionMask = 2147483647;
			files = (
			);
			runOnlyForDeploymentPostprocessing = 0;
		};
		4B26FBC91E76823B0061BE7B /* Frameworks */ = {
			isa = PBXFrameworksBuildPhase;
			buildActionMask = 2147483647;
			files = (
			);
			runOnlyForDeploymentPostprocessing = 0;
		};
/* End PBXFrameworksBuildPhase section */

/* Begin PBXGroup section */
		4B26FBA41E76823A0061BE7B = {
			isa = PBXGroup;
			children = (
				4B26FBDE1E7684EE0061BE7B /* framework */,
				4B26FBAF1E76823B0061BE7B /* home */,
				4B26FBC41E76823B0061BE7B /* homeTests */,
				4B26FBCF1E76823B0061BE7B /* homeUITests */,
				4B26FBAE1E76823A0061BE7B /* Products */,
			);
			sourceTree = "<group>";
		};
		4B26FBAE1E76823A0061BE7B /* Products */ = {
			isa = PBXGroup;
			children = (
				4B26FBAD1E76823A0061BE7B /* home.app */,
				4B26FBC11E76823B0061BE7B /* homeTests.xctest */,
				4B26FBCC1E76823B0061BE7B /* homeUITests.xctest */,
			);
			name = Products;
			sourceTree = "<group>";
		};
		4B26FBAF1E76823B0061BE7B /* home */ = {
			isa = PBXGroup;
			children = (
				4B26FC111E77B21F0061BE7B /* TYPagerController.h */,
				4B26FC121E77B21F0061BE7B /* TYPagerController.m */,
				4B26FBB01E76823B0061BE7B /* AppDelegate.swift */,
				4B26FBB21E76823B0061BE7B /* ViewController.swift */,
				4B26FBB41E76823B0061BE7B /* Main.storyboard */,
				4B26FBB71E76823B0061BE7B /* Assets.xcassets */,
				4B26FBB91E76823B0061BE7B /* LaunchScreen.storyboard */,
				4B26FBBC1E76823B0061BE7B /* Info.plist */,
				4B26FC0C1E7791040061BE7B /* headerView.swift */,
				4B26FC0E1E77911B0061BE7B /* headerView.xib */,
				4B26FC101E77B21F0061BE7B /* home-Bridging-Header.h */,
				4B26FC141E77B2B60061BE7B /* ContentViewController.swift */,
			);
			path = home;
			sourceTree = "<group>";
		};
		4B26FBC41E76823B0061BE7B /* homeTests */ = {
			isa = PBXGroup;
			children = (
				4B26FBC51E76823B0061BE7B /* homeTests.swift */,
				4B26FBC71E76823B0061BE7B /* Info.plist */,
			);
			path = homeTests;
			sourceTree = "<group>";
		};
		4B26FBCF1E76823B0061BE7B /* homeUITests */ = {
			isa = PBXGroup;
			children = (
				4B26FBD01E76823B0061BE7B /* homeUITests.swift */,
				4B26FBD21E76823B0061BE7B /* Info.plist */,
			);
			path = homeUITests;
			sourceTree = "<group>";
		};
		4B26FBDE1E7684EE0061BE7B /* framework */ = {
			isa = PBXGroup;
			children = (
				4B26FBDF1E7684EE0061BE7B /* SnapKit.framework */,
			);
			path = framework;
			sourceTree = "<group>";
		};
/* End PBXGroup section */

/* Begin PBXNativeTarget section */
		4B26FBAC1E76823A0061BE7B /* home */ = {
			isa = PBXNativeTarget;
			buildConfigurationList = 4B26FBD51E76823B0061BE7B /* Build configuration list for PBXNativeTarget "home" */;
			buildPhases = (
				4B26FBA91E76823A0061BE7B /* Sources */,
				4B26FBAA1E76823A0061BE7B /* Frameworks */,
				4B26FBAB1E76823A0061BE7B /* Resources */,
				4B26FBE31E7689320061BE7B /* Embed Frameworks */,
			);
			buildRules = (
			);
			dependencies = (
			);
			name = home;
			productName = home;
			productReference = 4B26FBAD1E76823A0061BE7B /* home.app */;
			productType = "com.apple.product-type.application";
		};
		4B26FBC01E76823B0061BE7B /* homeTests */ = {
			isa = PBXNativeTarget;
			buildConfigurationList = 4B26FBD81E76823B0061BE7B /* Build configuration list for PBXNativeTarget "homeTests" */;
			buildPhases = (
				4B26FBBD1E76823B0061BE7B /* Sources */,
				4B26FBBE1E76823B0061BE7B /* Frameworks */,
				4B26FBBF1E76823B0061BE7B /* Resources */,
			);
			buildRules = (
			);
			dependencies = (
				4B26FBC31E76823B0061BE7B /* PBXTargetDependency */,
			);
			name = homeTests;
			productName = homeTests;
			productReference = 4B26FBC11E76823B0061BE7B /* homeTests.xctest */;
			productType = "com.apple.product-type.bundle.unit-test";
		};
		4B26FBCB1E76823B0061BE7B /* homeUITests */ = {
			isa = PBXNativeTarget;
			buildConfigurationList = 4B26FBDB1E76823B0061BE7B /* Build configuration list for PBXNativeTarget "homeUITests" */;
			buildPhases = (
				4B26FBC81E76823B0061BE7B /* Sources */,
				4B26FBC91E76823B0061BE7B /* Frameworks */,
				4B26FBCA1E76823B0061BE7B /* Resources */,
			);
			buildRules = (
			);
			dependencies = (
				4B26FBCE1E76823B0061BE7B /* PBXTargetDependency */,
			);
			name = homeUITests;
			productName = homeUITests;
			productReference = 4B26FBCC1E76823B0061BE7B /* homeUITests.xctest */;
			productType = "com.apple.product-type.bundle.ui-testing";
		};
/* End PBXNativeTarget section */

/* Begin PBXProject section */
		4B26FBA51E76823A0061BE7B /* Project object */ = {
			isa = PBXProject;
			attributes = {
				LastSwiftUpdateCheck = 0820;
				LastUpgradeCheck = 0820;
				ORGANIZATIONNAME = liyufeng;
				TargetAttributes = {
					4B26FBAC1E76823A0061BE7B = {
						CreatedOnToolsVersion = 8.2.1;
						DevelopmentTeam = 3F685LX6UR;
						LastSwiftMigration = 0820;
						ProvisioningStyle = Automatic;
					};
					4B26FBC01E76823B0061BE7B = {
						CreatedOnToolsVersion = 8.2.1;
						DevelopmentTeam = 3F685LX6UR;
						ProvisioningStyle = Automatic;
						TestTargetID = 4B26FBAC1E76823A0061BE7B;
					};
					4B26FBCB1E76823B0061BE7B = {
						CreatedOnToolsVersion = 8.2.1;
						DevelopmentTeam = 3F685LX6UR;
						ProvisioningStyle = Automatic;
						TestTargetID = 4B26FBAC1E76823A0061BE7B;
					};
				};
			};
			buildConfigurationList = 4B26FBA81E76823A0061BE7B /* Build configuration list for PBXProject "home" */;
			compatibilityVersion = "Xcode 3.2";
			developmentRegion = English;
			hasScannedForEncodings = 0;
			knownRegions = (
				en,
				Base,
			);
			mainGroup = 4B26FBA41E76823A0061BE7B;
			productRefGroup = 4B26FBAE1E76823A0061BE7B /* Products */;
			projectDirPath = "";
			projectRoot = "";
			targets = (
				4B26FBAC1E76823A0061BE7B /* home */,
				4B26FBC01E76823B0061BE7B /* homeTests */,
				4B26FBCB1E76823B0061BE7B /* homeUITests */,
			);
		};
/* End PBXProject section */

/* Begin PBXResourcesBuildPhase section */
		4B26FBAB1E76823A0061BE7B /* Resources */ = {
			isa = PBXResourcesBuildPhase;
			buildActionMask = 2147483647;
			files = (
				4B26FBBB1E76823B0061BE7B /* LaunchScreen.storyboard in Resources */,
				4B26FBB81E76823B0061BE7B /* Assets.xcassets in Resources */,
				4B26FBB61E76823B0061BE7B /* Main.storyboard in Resources */,
				4B26FC0F1E77911B0061BE7B /* headerView.xib in Resources */,
			);
			runOnlyForDeploymentPostprocessing = 0;
		};
		4B26FBBF1E76823B0061BE7B /* Resources */ = {
			isa = PBXResourcesBuildPhase;
			buildActionMask = 2147483647;
			files = (
			);
			runOnlyForDeploymentPostprocessing = 0;
		};
		4B26FBCA1E76823B0061BE7B /* Resources */ = {
			isa = PBXResourcesBuildPhase;
			buildActionMask = 2147483647;
			files = (
			);
			runOnlyForDeploymentPostprocessing = 0;
		};
/* End PBXResourcesBuildPhase section */

/* Begin PBXSourcesBuildPhase section */
		4B26FBA91E76823A0061BE7B /* Sources */ = {
			isa = PBXSourcesBuildPhase;
			buildActionMask = 2147483647;
			files = (
				4B26FC151E77B2B60061BE7B /* ContentViewController.swift in Sources */,
				4B26FBB31E76823B0061BE7B /* ViewController.swift in Sources */,
				4B26FBB11E76823B0061BE7B /* AppDelegate.swift in Sources */,
				4B26FC131E77B21F0061BE7B /* TYPagerController.m in Sources */,
				4B26FC0D1E7791040061BE7B /* headerView.swift in Sources */,
			);
			runOnlyForDeploymentPostprocessing = 0;
		};
		4B26FBBD1E76823B0061BE7B /* Sources */ = {
			isa = PBXSourcesBuildPhase;
			buildActionMask = 2147483647;
			files = (
				4B26FBC61E76823B0061BE7B /* homeTests.swift in Sources */,
			);
			runOnlyForDeploymentPostprocessing = 0;
		};
		4B26FBC81E76823B0061BE7B /* Sources */ = {
			isa = PBXSourcesBuildPhase;
			buildActionMask = 2147483647;
			files = (
				4B26FBD11E76823B0061BE7B /* homeUITests.swift in Sources */,
			);
			runOnlyForDeploymentPostprocessing = 0;
		};
/* End PBXSourcesBuildPhase section */

/* Begin PBXTargetDependency section */
		4B26FBC31E76823B0061BE7B /* PBXTargetDependency */ = {
			isa = PBXTargetDependency;
			target = 4B26FBAC1E76823A0061BE7B /* home */;
			targetProxy = 4B26FBC21E76823B0061BE7B /* PBXContainerItemProxy */;
		};
		4B26FBCE1E76823B0061BE7B /* PBXTargetDependency */ = {
			isa = PBXTargetDependency;
			target = 4B26FBAC1E76823A0061BE7B /* home */;
			targetProxy = 4B26FBCD1E76823B0061BE7B /* PBXContainerItemProxy */;
		};
/* End PBXTargetDependency section */

/* Begin PBXVariantGroup section */
		4B26FBB41E76823B0061BE7B /* Main.storyboard */ = {
			isa = PBXVariantGroup;
			children = (
				4B26FBB51E76823B0061BE7B /* Base */,
			);
			name = Main.storyboard;
			sourceTree = "<group>";
		};
		4B26FBB91E76823B0061BE7B /* LaunchScreen.storyboard */ = {
			isa = PBXVariantGroup;
			children = (
				4B26FBBA1E76823B0061BE7B /* Base */,
			);
			name = LaunchScreen.storyboard;
			sourceTree = "<group>";
		};
/* End PBXVariantGroup section */

/* Begin XCBuildConfiguration section */
		4B26FBD31E76823B0061BE7B /* Debug */ = {
			isa = XCBuildConfiguration;
			buildSettings = {
				ALWAYS_SEARCH_USER_PATHS = NO;
				CLANG_ANALYZER_NONNULL = YES;
				CLANG_CXX_LANGUAGE_STANDARD = "gnu++0x";
				CLANG_CXX_LIBRARY = "libc++";
				CLANG_ENABLE_MODULES = YES;
				CLANG_ENABLE_OBJC_ARC = YES;
				CLANG_WARN_BOOL_CONVERSION = YES;
				CLANG_WARN_CONSTANT_CONVERSION = YES;
				CLANG_WARN_DIRECT_OBJC_ISA_USAGE = YES_ERROR;
				CLANG_WARN_DOCUMENTATION_COMMENTS = YES;
				CLANG_WARN_EMPTY_BODY = YES;
				CLANG_WARN_ENUM_CONVERSION = YES;
				CLANG_WARN_INFINITE_RECURSION = YES;
				CLANG_WARN_INT_CONVERSION = YES;
				CLANG_WARN_OBJC_ROOT_CLASS = YES_ERROR;
				CLANG_WARN_SUSPICIOUS_MOVE = YES;
				CLANG_WARN_UNREACHABLE_CODE = YES;
				CLANG_WARN__DUPLICATE_METHOD_MATCH = YES;
				"CODE_SIGN_IDENTITY[sdk=iphoneos*]" = "iPhone Developer";
				COPY_PHASE_STRIP = NO;
				DEBUG_INFORMATION_FORMAT = dwarf;
				ENABLE_STRICT_OBJC_MSGSEND = YES;
				ENABLE_TESTABILITY = YES;
				GCC_C_LANGUAGE_STANDARD = gnu99;
				GCC_DYNAMIC_NO_PIC = NO;
				GCC_NO_COMMON_BLOCKS = YES;
				GCC_OPTIMIZATION_LEVEL = 0;
				GCC_PREPROCESSOR_DEFINITIONS = (
					"DEBUG=1",
					"$(inherited)",
				);
				GCC_WARN_64_TO_32_BIT_CONVERSION = YES;
				GCC_WARN_ABOUT_RETURN_TYPE = YES_ERROR;
				GCC_WARN_UNDECLARED_SELECTOR = YES;
				GCC_WARN_UNINITIALIZED_AUTOS = YES_AGGRESSIVE;
				GCC_WARN_UNUSED_FUNCTION = YES;
				GCC_WARN_UNUSED_VARIABLE = YES;
				IPHONEOS_DEPLOYMENT_TARGET = 10.2;
				MTL_ENABLE_DEBUG_INFO = YES;
				ONLY_ACTIVE_ARCH = YES;
				SDKROOT = iphoneos;
				SWIFT_ACTIVE_COMPILATION_CONDITIONS = DEBUG;
				SWIFT_OPTIMIZATION_LEVEL = "-Onone";
				TARGETED_DEVICE_FAMILY = "1,2";
			};
			name = Debug;
		};
		4B26FBD41E76823B0061BE7B /* Release */ = {
			isa = XCBuildConfiguration;
			buildSettings = {
				ALWAYS_SEARCH_USER_PATHS = NO;
				CLANG_ANALYZER_NONNULL = YES;
				CLANG_CXX_LANGUAGE_STANDARD = "gnu++0x";
				CLANG_CXX_LIBRARY = "libc++";
				CLANG_ENABLE_MODULES = YES;
				CLANG_ENABLE_OBJC_ARC = YES;
				CLANG_WARN_BOOL_CONVERSION = YES;
				CLANG_WARN_CONSTANT_CONVERSION = YES;
				CLANG_WARN_DIRECT_OBJC_ISA_USAGE = YES_ERROR;
				CLANG_WARN_DOCUMENTATION_COMMENTS = YES;
				CLANG_WARN_EMPTY_BODY = YES;
				CLANG_WARN_ENUM_CONVERSION = YES;
				CLANG_WARN_INFINITE_RECURSION = YES;
				CLANG_WARN_INT_CONVERSION = YES;
				CLANG_WARN_OBJC_ROOT_CLASS = YES_ERROR;
				CLANG_WARN_SUSPICIOUS_MOVE = YES;
				CLANG_WARN_UNREACHABLE_CODE = YES;
				CLANG_WARN__DUPLICATE_METHOD_MATCH = YES;
				"CODE_SIGN_IDENTITY[sdk=iphoneos*]" = "iPhone Developer";
				COPY_PHASE_STRIP = NO;
				DEBUG_INFORMATION_FORMAT = "dwarf-with-dsym";
				ENABLE_NS_ASSERTIONS = NO;
				ENABLE_STRICT_OBJC_MSGSEND = YES;
				GCC_C_LANGUAGE_STANDARD = gnu99;
				GCC_NO_COMMON_BLOCKS = YES;
				GCC_WARN_64_TO_32_BIT_CONVERSION = YES;
				GCC_WARN_ABOUT_RETURN_TYPE = YES_ERROR;
				GCC_WARN_UNDECLARED_SELECTOR = YES;
				GCC_WARN_UNINITIALIZED_AUTOS = YES_AGGRESSIVE;
				GCC_WARN_UNUSED_FUNCTION = YES;
				GCC_WARN_UNUSED_VARIABLE = YES;
				IPHONEOS_DEPLOYMENT_TARGET = 10.2;
				MTL_ENABLE_DEBUG_INFO = NO;
				SDKROOT = iphoneos;
				SWIFT_OPTIMIZATION_LEVEL = "-Owholemodule";
				TARGETED_DEVICE_FAMILY = "1,2";
				VALIDATE_PRODUCT = YES;
			};
			name = Release;
		};
		4B26FBD61E76823B0061BE7B /* Debug */ = {
			isa = XCBuildConfiguration;
			buildSettings = {
				ASSETCATALOG_COMPILER_APPICON_NAME = AppIcon;
				CLANG_ENABLE_MODULES = YES;
				DEVELOPMENT_TEAM = 3F685LX6UR;
				FRAMEWORK_SEARCH_PATHS = (
					"$(inherited)",
					"$(PROJECT_DIR)/framework",
				);
				INFOPLIST_FILE = home/Info.plist;
				LD_RUNPATH_SEARCH_PATHS = "$(inherited) @executable_path/Frameworks";
				PRODUCT_BUNDLE_IDENTIFIER = com.appstore.home;
				PRODUCT_NAME = "$(TARGET_NAME)";
				SWIFT_OBJC_BRIDGING_HEADER = "home/home-Bridging-Header.h";
				SWIFT_OPTIMIZATION_LEVEL = "-Onone";
				SWIFT_VERSION = 3.0;
			};
			name = Debug;
		};
		4B26FBD71E76823B0061BE7B /* Release */ = {
			isa = XCBuildConfiguration;
			buildSettings = {
				ASSETCATALOG_COMPILER_APPICON_NAME = AppIcon;
				CLANG_ENABLE_MODULES = YES;
				DEVELOPMENT_TEAM = 3F685LX6UR;
				FRAMEWORK_SEARCH_PATHS = (
					"$(inherited)",
					"$(PROJECT_DIR)/framework",
				);
				INFOPLIST_FILE = home/Info.plist;
				LD_RUNPATH_SEARCH_PATHS = "$(inherited) @executable_path/Frameworks";
				PRODUCT_BUNDLE_IDENTIFIER = com.appstore.home;
				PRODUCT_NAME = "$(TARGET_NAME)";
				SWIFT_OBJC_BRIDGING_HEADER = "home/home-Bridging-Header.h";
				SWIFT_VERSION = 3.0;
			};
			name = Release;
		};
		4B26FBD91E76823B0061BE7B /* Debug */ = {
			isa = XCBuildConfiguration;
			buildSettings = {
				ALWAYS_EMBED_SWIFT_STANDARD_LIBRARIES = YES;
				BUNDLE_LOADER = "$(TEST_HOST)";
				DEVELOPMENT_TEAM = 3F685LX6UR;
				INFOPLIST_FILE = homeTests/Info.plist;
				LD_RUNPATH_SEARCH_PATHS = "$(inherited) @executable_path/Frameworks @loader_path/Frameworks";
				PRODUCT_BUNDLE_IDENTIFIER = com.appstore.homeTests;
				PRODUCT_NAME = "$(TARGET_NAME)";
				SWIFT_VERSION = 3.0;
				TEST_HOST = "$(BUILT_PRODUCTS_DIR)/home.app/home";
			};
			name = Debug;
		};
		4B26FBDA1E76823B0061BE7B /* Release */ = {
			isa = XCBuildConfiguration;
			buildSettings = {
				ALWAYS_EMBED_SWIFT_STANDARD_LIBRARIES = YES;
				BUNDLE_LOADER = "$(TEST_HOST)";
				DEVELOPMENT_TEAM = 3F685LX6UR;
				INFOPLIST_FILE = homeTests/Info.plist;
				LD_RUNPATH_SEARCH_PATHS = "$(inherited) @executable_path/Frameworks @loader_path/Frameworks";
				PRODUCT_BUNDLE_IDENTIFIER = com.appstore.homeTests;
				PRODUCT_NAME = "$(TARGET_NAME)";
				SWIFT_VERSION = 3.0;
				TEST_HOST = "$(BUILT_PRODUCTS_DIR)/home.app/home";
			};
			name = Release;
		};
		4B26FBDC1E76823B0061BE7B /* Debug */ = {
			isa = XCBuildConfiguration;
			buildSettings = {
				ALWAYS_EMBED_SWIFT_STANDARD_LIBRARIES = YES;
				DEVELOPMENT_TEAM = 3F685LX6UR;
				INFOPLIST_FILE = homeUITests/Info.plist;
				LD_RUNPATH_SEARCH_PATHS = "$(inherited) @executable_path/Frameworks @loader_path/Frameworks";
				PRODUCT_BUNDLE_IDENTIFIER = com.appstore.homeUITests;
				PRODUCT_NAME = "$(TARGET_NAME)";
				SWIFT_VERSION = 3.0;
				TEST_TARGET_NAME = home;
			};
			name = Debug;
		};
		4B26FBDD1E76823B0061BE7B /* Release */ = {
			isa = XCBuildConfiguration;
			buildSettings = {
				ALWAYS_EMBED_SWIFT_STANDARD_LIBRARIES = YES;
				DEVELOPMENT_TEAM = 3F685LX6UR;
				INFOPLIST_FILE = homeUITests/Info.plist;
				LD_RUNPATH_SEARCH_PATHS = "$(inherited) @executable_path/Frameworks @loader_path/Frameworks";
				PRODUCT_BUNDLE_IDENTIFIER = com.appstore.homeUITests;
				PRODUCT_NAME = "$(TARGET_NAME)";
				SWIFT_VERSION = 3.0;
				TEST_TARGET_NAME = home;
			};
			name = Release;
		};
/* End XCBuildConfiguration section */

/* Begin XCConfigurationList section */
		4B26FBA81E76823A0061BE7B /* Build configuration list for PBXProject "home" */ = {
			isa = XCConfigurationList;
			buildConfigurations = (
				4B26FBD31E76823B0061BE7B /* Debug */,
				4B26FBD41E76823B0061BE7B /* Release */,
			);
			defaultConfigurationIsVisible = 0;
			defaultConfigurationName = Release;
		};
		4B26FBD51E76823B0061BE7B /* Build configuration list for PBXNativeTarget "home" */ = {
			isa = XCConfigurationList;
			buildConfigurations = (
				4B26FBD61E76823B0061BE7B /* Debug */,
				4B26FBD71E76823B0061BE7B /* Release */,
			);
			defaultConfigurationIsVisible = 0;
			defaultConfigurationName = Release;
		};
		4B26FBD81E76823B0061BE7B /* Build configuration list for PBXNativeTarget "homeTests" */ = {
			isa = XCConfigurationList;
			buildConfigurations = (
				4B26FBD91E76823B0061BE7B /* Debug */,
				4B26FBDA1E76823B0061BE7B /* Release */,
			);
			defaultConfigurationIsVisible = 0;
			defaultConfigurationName = Release;
		};
		4B26FBDB1E76823B0061BE7B /* Build configuration list for PBXNativeTarget "homeUITests" */ = {
			isa = XCConfigurationList;
			buildConfigurations = (
				4B26FBDC1E76823B0061BE7B /* Debug */,
				4B26FBDD1E76823B0061BE7B /* Release */,
			);
			defaultConfigurationIsVisible = 0;
			defaultConfigurationName = Release;
		};
/* End XCConfigurationList section */
	};
	rootObject = 4B26FBA51E76823A0061BE7B /* Project object */;
}
