// !$*UTF8*$!
{
	archiveVersion = 1;
	classes = {
	};
	objectVersion = 46;
	objects = {

/* Begin PBXBuildFile section */
		4BDD437D1E8E30BA002A52E0 /* AppDelegate.swift in Sources */ = {isa = PBXBuildFile; fileRef = 4BDD437C1E8E30BA002A52E0 /* AppDelegate.swift */; };
		4BDD437F1E8E30BA002A52E0 /* ViewController.swift in Sources */ = {isa = PBXBuildFile; fileRef = 4BDD437E1E8E30BA002A52E0 /* ViewController.swift */; };
		4BDD43821E8E30BA002A52E0 /* Main.storyboard in Resources */ = {isa = PBXBuildFile; fileRef = 4BDD43801E8E30BA002A52E0 /* Main.storyboard */; };
		4BDD43841E8E30BA002A52E0 /* Assets.xcassets in Resources */ = {isa = PBXBuildFile; fileRef = 4BDD43831E8E30BA002A52E0 /* Assets.xcassets */; };
		4BDD43871E8E30BA002A52E0 /* LaunchScreen.storyboard in Resources */ = {isa = PBXBuildFile; fileRef = 4BDD43851E8E30BA002A52E0 /* LaunchScreen.storyboard */; };
		4BDD43921E8E30BA002A52E0 /* RSA_demoTests.swift in Sources */ = {isa = PBXBuildFile; fileRef = 4BDD43911E8E30BA002A52E0 /* RSA_demoTests.swift */; };
		4BDD439D1E8E30BA002A52E0 /* RSA_demoUITests.swift in Sources */ = {isa = PBXBuildFile; fileRef = 4BDD439C1E8E30BA002A52E0 /* RSA_demoUITests.swift */; };
		4BDD43AC1E8E3620002A52E0 /* SwiftyRSA.framework in Frameworks */ = {isa = PBXBuildFile; fileRef = 4BDD43AB1E8E3620002A52E0 /* SwiftyRSA.framework */; };
		4BDD43B31E8E3993002A52E0 /* SwiftyRSA.framework in Embed Frameworks */ = {isa = PBXBuildFile; fileRef = 4BDD43AB1E8E3620002A52E0 /* SwiftyRSA.framework */; settings = {ATTRIBUTES = (CodeSignOnCopy, RemoveHeadersOnCopy, ); }; };
		4BDD43B71E8E39F6002A52E0 /* Security.framework in Frameworks */ = {isa = PBXBuildFile; fileRef = 4BDD43B61E8E39F6002A52E0 /* Security.framework */; };
		4BDD43BC1E8E3C49002A52E0 /* public.pem in Resources */ = {isa = PBXBuildFile; fileRef = 4BDD43B81E8E3C49002A52E0 /* public.pem */; };
		4BDD43BD1E8E3C49002A52E0 /* private.pem in Resources */ = {isa = PBXBuildFile; fileRef = 4BDD43B91E8E3C49002A52E0 /* private.pem */; };
		4BDD43BE1E8E3C49002A52E0 /* mykey in Resources */ = {isa = PBXBuildFile; fileRef = 4BDD43BA1E8E3C49002A52E0 /* mykey */; };
		4BDD43BF1E8E3C49002A52E0 /* mykey.pub in Resources */ = {isa = PBXBuildFile; fileRef = 4BDD43BB1E8E3C49002A52E0 /* mykey.pub */; };
/* End PBXBuildFile section */

/* Begin PBXContainerItemProxy section */
		4BDD438E1E8E30BA002A52E0 /* PBXContainerItemProxy */ = {
			isa = PBXContainerItemProxy;
			containerPortal = 4BDD43711E8E30BA002A52E0 /* Project object */;
			proxyType = 1;
			remoteGlobalIDString = 4BDD43781E8E30BA002A52E0;
			remoteInfo = RSA_demo;
		};
		4BDD43991E8E30BA002A52E0 /* PBXContainerItemProxy */ = {
			isa = PBXContainerItemProxy;
			containerPortal = 4BDD43711E8E30BA002A52E0 /* Project object */;
			proxyType = 1;
			remoteGlobalIDString = 4BDD43781E8E30BA002A52E0;
			remoteInfo = RSA_demo;
		};
/* End PBXContainerItemProxy section */

/* Begin PBXCopyFilesBuildPhase section */
		4BDD43B41E8E3993002A52E0 /* Embed Frameworks */ = {
			isa = PBXCopyFilesBuildPhase;
			buildActionMask = 2147483647;
			dstPath = "";
			dstSubfolderSpec = 10;
			files = (
				4BDD43B31E8E3993002A52E0 /* SwiftyRSA.framework in Embed Frameworks */,
			);
			name = "Embed Frameworks";
			runOnlyForDeploymentPostprocessing = 0;
		};
/* End PBXCopyFilesBuildPhase section */

/* Begin PBXFileReference section */
		4BDD43791E8E30BA002A52E0 /* RSA_demo.app */ = {isa = PBXFileReference; explicitFileType = wrapper.application; includeInIndex = 0; path = RSA_demo.app; sourceTree = BUILT_PRODUCTS_DIR; };
		4BDD437C1E8E30BA002A52E0 /* AppDelegate.swift */ = {isa = PBXFileReference; lastKnownFileType = sourcecode.swift; path = AppDelegate.swift; sourceTree = "<group>"; };
		4BDD437E1E8E30BA002A52E0 /* ViewController.swift */ = {isa = PBXFileReference; lastKnownFileType = sourcecode.swift; path = ViewController.swift; sourceTree = "<group>"; };
		4BDD43811E8E30BA002A52E0 /* Base */ = {isa = PBXFileReference; lastKnownFileType = file.storyboard; name = Base; path = Base.lproj/Main.storyboard; sourceTree = "<group>"; };
		4BDD43831E8E30BA002A52E0 /* Assets.xcassets */ = {isa = PBXFileReference; lastKnownFileType = folder.assetcatalog; path = Assets.xcassets; sourceTree = "<group>"; };
		4BDD43861E8E30BA002A52E0 /* Base */ = {isa = PBXFileReference; lastKnownFileType = file.storyboard; name = Base; path = Base.lproj/LaunchScreen.storyboard; sourceTree = "<group>"; };
		4BDD43881E8E30BA002A52E0 /* Info.plist */ = {isa = PBXFileReference; lastKnownFileType = text.plist.xml; path = Info.plist; sourceTree = "<group>"; };
		4BDD438D1E8E30BA002A52E0 /* RSA_demoTests.xctest */ = {isa = PBXFileReference; explicitFileType = wrapper.cfbundle; includeInIndex = 0; path = RSA_demoTests.xctest; sourceTree = BUILT_PRODUCTS_DIR; };
		4BDD43911E8E30BA002A52E0 /* RSA_demoTests.swift */ = {isa = PBXFileReference; lastKnownFileType = sourcecode.swift; path = RSA_demoTests.swift; sourceTree = "<group>"; };
		4BDD43931E8E30BA002A52E0 /* Info.plist */ = {isa = PBXFileReference; lastKnownFileType = text.plist.xml; path = Info.plist; sourceTree = "<group>"; };
		4BDD43981E8E30BA002A52E0 /* RSA_demoUITests.xctest */ = {isa = PBXFileReference; explicitFileType = wrapper.cfbundle; includeInIndex = 0; path = RSA_demoUITests.xctest; sourceTree = BUILT_PRODUCTS_DIR; };
		4BDD439C1E8E30BA002A52E0 /* RSA_demoUITests.swift */ = {isa = PBXFileReference; lastKnownFileType = sourcecode.swift; path = RSA_demoUITests.swift; sourceTree = "<group>"; };
		4BDD439E1E8E30BA002A52E0 /* Info.plist */ = {isa = PBXFileReference; lastKnownFileType = text.plist.xml; path = Info.plist; sourceTree = "<group>"; };
		4BDD43AB1E8E3620002A52E0 /* SwiftyRSA.framework */ = {isa = PBXFileReference; lastKnownFileType = wrapper.framework; path = SwiftyRSA.framework; sourceTree = "<group>"; };
		4BDD43B61E8E39F6002A52E0 /* Security.framework */ = {isa = PBXFileReference; lastKnownFileType = wrapper.framework; name = Security.framework; path = System/Library/Frameworks/Security.framework; sourceTree = SDKROOT; };
		4BDD43B81E8E3C49002A52E0 /* public.pem */ = {isa = PBXFileReference; fileEncoding = 4; lastKnownFileType = text; path = public.pem; sourceTree = "<group>"; };
		4BDD43B91E8E3C49002A52E0 /* private.pem */ = {isa = PBXFileReference; fileEncoding = 4; lastKnownFileType = text; path = private.pem; sourceTree = "<group>"; };
		4BDD43BA1E8E3C49002A52E0 /* mykey */ = {isa = PBXFileReference; fileEncoding = 4; lastKnownFileType = text; path = mykey; sourceTree = "<group>"; };
		4BDD43BB1E8E3C49002A52E0 /* mykey.pub */ = {isa = PBXFileReference; fileEncoding = 4; lastKnownFileType = text; path = mykey.pub; sourceTree = "<group>"; };
/* End PBXFileReference section */

/* Begin PBXFrameworksBuildPhase section */
		4BDD43761E8E30BA002A52E0 /* Frameworks */ = {
			isa = PBXFrameworksBuildPhase;
			buildActionMask = 2147483647;
			files = (
				4BDD43B71E8E39F6002A52E0 /* Security.framework in Frameworks */,
				4BDD43AC1E8E3620002A52E0 /* SwiftyRSA.framework in Frameworks */,
			);
			runOnlyForDeploymentPostprocessing = 0;
		};
		4BDD438A1E8E30BA002A52E0 /* Frameworks */ = {
			isa = PBXFrameworksBuildPhase;
			buildActionMask = 2147483647;
			files = (
			);
			runOnlyForDeploymentPostprocessing = 0;
		};
		4BDD43951E8E30BA002A52E0 /* Frameworks */ = {
			isa = PBXFrameworksBuildPhase;
			buildActionMask = 2147483647;
			files = (
			);
			runOnlyForDeploymentPostprocessing = 0;
		};
/* End PBXFrameworksBuildPhase section */

/* Begin PBXGroup section */
		4BDD43701E8E30BA002A52E0 = {
			isa = PBXGroup;
			children = (
				4BDD437B1E8E30BA002A52E0 /* RSA_demo */,
				4BDD43901E8E30BA002A52E0 /* RSA_demoTests */,
				4BDD439B1E8E30BA002A52E0 /* RSA_demoUITests */,
				4BDD437A1E8E30BA002A52E0 /* Products */,
				4BDD43B51E8E39F6002A52E0 /* Frameworks */,
			);
			sourceTree = "<group>";
		};
		4BDD437A1E8E30BA002A52E0 /* Products */ = {
			isa = PBXGroup;
			children = (
				4BDD43791E8E30BA002A52E0 /* RSA_demo.app */,
				4BDD438D1E8E30BA002A52E0 /* RSA_demoTests.xctest */,
				4BDD43981E8E30BA002A52E0 /* RSA_demoUITests.xctest */,
			);
			name = Products;
			sourceTree = "<group>";
		};
		4BDD437B1E8E30BA002A52E0 /* RSA_demo */ = {
			isa = PBXGroup;
			children = (
				4BDD43AD1E8E37B5002A52E0 /* ssh */,
				4BDD43AA1E8E3620002A52E0 /* framework */,
				4BDD437C1E8E30BA002A52E0 /* AppDelegate.swift */,
				4BDD437E1E8E30BA002A52E0 /* ViewController.swift */,
				4BDD43801E8E30BA002A52E0 /* Main.storyboard */,
				4BDD43831E8E30BA002A52E0 /* Assets.xcassets */,
				4BDD43851E8E30BA002A52E0 /* LaunchScreen.storyboard */,
				4BDD43881E8E30BA002A52E0 /* Info.plist */,
			);
			path = RSA_demo;
			sourceTree = "<group>";
		};
		4BDD43901E8E30BA002A52E0 /* RSA_demoTests */ = {
			isa = PBXGroup;
			children = (
				4BDD43911E8E30BA002A52E0 /* RSA_demoTests.swift */,
				4BDD43931E8E30BA002A52E0 /* Info.plist */,
			);
			path = RSA_demoTests;
			sourceTree = "<group>";
		};
		4BDD439B1E8E30BA002A52E0 /* RSA_demoUITests */ = {
			isa = PBXGroup;
			children = (
				4BDD439C1E8E30BA002A52E0 /* RSA_demoUITests.swift */,
				4BDD439E1E8E30BA002A52E0 /* Info.plist */,
			);
			path = RSA_demoUITests;
			sourceTree = "<group>";
		};
		4BDD43AA1E8E3620002A52E0 /* framework */ = {
			isa = PBXGroup;
			children = (
				4BDD43AB1E8E3620002A52E0 /* SwiftyRSA.framework */,
			);
			path = framework;
			sourceTree = "<group>";
		};
		4BDD43AD1E8E37B5002A52E0 /* ssh */ = {
			isa = PBXGroup;
			children = (
				4BDD43B81E8E3C49002A52E0 /* public.pem */,
				4BDD43B91E8E3C49002A52E0 /* private.pem */,
				4BDD43BA1E8E3C49002A52E0 /* mykey */,
				4BDD43BB1E8E3C49002A52E0 /* mykey.pub */,
			);
			path = ssh;
			sourceTree = "<group>";
		};
		4BDD43B51E8E39F6002A52E0 /* Frameworks */ = {
			isa = PBXGroup;
			children = (
				4BDD43B61E8E39F6002A52E0 /* Security.framework */,
			);
			name = Frameworks;
			sourceTree = "<group>";
		};
/* End PBXGroup section */

/* Begin PBXNativeTarget section */
		4BDD43781E8E30BA002A52E0 /* RSA_demo */ = {
			isa = PBXNativeTarget;
			buildConfigurationList = 4BDD43A11E8E30BA002A52E0 /* Build configuration list for PBXNativeTarget "RSA_demo" */;
			buildPhases = (
				4BDD43751E8E30BA002A52E0 /* Sources */,
				4BDD43761E8E30BA002A52E0 /* Frameworks */,
				4BDD43771E8E30BA002A52E0 /* Resources */,
				4BDD43B41E8E3993002A52E0 /* Embed Frameworks */,
			);
			buildRules = (
			);
			dependencies = (
			);
			name = RSA_demo;
			productName = RSA_demo;
			productReference = 4BDD43791E8E30BA002A52E0 /* RSA_demo.app */;
			productType = "com.apple.product-type.application";
		};
		4BDD438C1E8E30BA002A52E0 /* RSA_demoTests */ = {
			isa = PBXNativeTarget;
			buildConfigurationList = 4BDD43A41E8E30BA002A52E0 /* Build configuration list for PBXNativeTarget "RSA_demoTests" */;
			buildPhases = (
				4BDD43891E8E30BA002A52E0 /* Sources */,
				4BDD438A1E8E30BA002A52E0 /* Frameworks */,
				4BDD438B1E8E30BA002A52E0 /* Resources */,
			);
			buildRules = (
			);
			dependencies = (
				4BDD438F1E8E30BA002A52E0 /* PBXTargetDependency */,
			);
			name = RSA_demoTests;
			productName = RSA_demoTests;
			productReference = 4BDD438D1E8E30BA002A52E0 /* RSA_demoTests.xctest */;
			productType = "com.apple.product-type.bundle.unit-test";
		};
		4BDD43971E8E30BA002A52E0 /* RSA_demoUITests */ = {
			isa = PBXNativeTarget;
			buildConfigurationList = 4BDD43A71E8E30BA002A52E0 /* Build configuration list for PBXNativeTarget "RSA_demoUITests" */;
			buildPhases = (
				4BDD43941E8E30BA002A52E0 /* Sources */,
				4BDD43951E8E30BA002A52E0 /* Frameworks */,
				4BDD43961E8E30BA002A52E0 /* Resources */,
			);
			buildRules = (
			);
			dependencies = (
				4BDD439A1E8E30BA002A52E0 /* PBXTargetDependency */,
			);
			name = RSA_demoUITests;
			productName = RSA_demoUITests;
			productReference = 4BDD43981E8E30BA002A52E0 /* RSA_demoUITests.xctest */;
			productType = "com.apple.product-type.bundle.ui-testing";
		};
/* End PBXNativeTarget section */

/* Begin PBXProject section */
		4BDD43711E8E30BA002A52E0 /* Project object */ = {
			isa = PBXProject;
			attributes = {
				LastSwiftUpdateCheck = 0820;
				LastUpgradeCheck = 0820;
				ORGANIZATIONNAME = liyufeng;
				TargetAttributes = {
					4BDD43781E8E30BA002A52E0 = {
						CreatedOnToolsVersion = 8.2.1;
						DevelopmentTeam = 3F685LX6UR;
						ProvisioningStyle = Automatic;
					};
					4BDD438C1E8E30BA002A52E0 = {
						CreatedOnToolsVersion = 8.2.1;
						DevelopmentTeam = 3F685LX6UR;
						ProvisioningStyle = Automatic;
						TestTargetID = 4BDD43781E8E30BA002A52E0;
					};
					4BDD43971E8E30BA002A52E0 = {
						CreatedOnToolsVersion = 8.2.1;
						DevelopmentTeam = 3F685LX6UR;
						ProvisioningStyle = Automatic;
						TestTargetID = 4BDD43781E8E30BA002A52E0;
					};
				};
			};
			buildConfigurationList = 4BDD43741E8E30BA002A52E0 /* Build configuration list for PBXProject "RSA_demo" */;
			compatibilityVersion = "Xcode 3.2";
			developmentRegion = English;
			hasScannedForEncodings = 0;
			knownRegions = (
				en,
				Base,
			);
			mainGroup = 4BDD43701E8E30BA002A52E0;
			productRefGroup = 4BDD437A1E8E30BA002A52E0 /* Products */;
			projectDirPath = "";
			projectRoot = "";
			targets = (
				4BDD43781E8E30BA002A52E0 /* RSA_demo */,
				4BDD438C1E8E30BA002A52E0 /* RSA_demoTests */,
				4BDD43971E8E30BA002A52E0 /* RSA_demoUITests */,
			);
		};
/* End PBXProject section */

/* Begin PBXResourcesBuildPhase section */
		4BDD43771E8E30BA002A52E0 /* Resources */ = {
			isa = PBXResourcesBuildPhase;
			buildActionMask = 2147483647;
			files = (
				4BDD43BE1E8E3C49002A52E0 /* mykey in Resources */,
				4BDD43871E8E30BA002A52E0 /* LaunchScreen.storyboard in Resources */,
				4BDD43BF1E8E3C49002A52E0 /* mykey.pub in Resources */,
				4BDD43BD1E8E3C49002A52E0 /* private.pem in Resources */,
				4BDD43BC1E8E3C49002A52E0 /* public.pem in Resources */,
				4BDD43841E8E30BA002A52E0 /* Assets.xcassets in Resources */,
				4BDD43821E8E30BA002A52E0 /* Main.storyboard in Resources */,
			);
			runOnlyForDeploymentPostprocessing = 0;
		};
		4BDD438B1E8E30BA002A52E0 /* Resources */ = {
			isa = PBXResourcesBuildPhase;
			buildActionMask = 2147483647;
			files = (
			);
			runOnlyForDeploymentPostprocessing = 0;
		};
		4BDD43961E8E30BA002A52E0 /* Resources */ = {
			isa = PBXResourcesBuildPhase;
			buildActionMask = 2147483647;
			files = (
			);
			runOnlyForDeploymentPostprocessing = 0;
		};
/* End PBXResourcesBuildPhase section */

/* Begin PBXSourcesBuildPhase section */
		4BDD43751E8E30BA002A52E0 /* Sources */ = {
			isa = PBXSourcesBuildPhase;
			buildActionMask = 2147483647;
			files = (
				4BDD437F1E8E30BA002A52E0 /* ViewController.swift in Sources */,
				4BDD437D1E8E30BA002A52E0 /* AppDelegate.swift in Sources */,
			);
			runOnlyForDeploymentPostprocessing = 0;
		};
		4BDD43891E8E30BA002A52E0 /* Sources */ = {
			isa = PBXSourcesBuildPhase;
			buildActionMask = 2147483647;
			files = (
				4BDD43921E8E30BA002A52E0 /* RSA_demoTests.swift in Sources */,
			);
			runOnlyForDeploymentPostprocessing = 0;
		};
		4BDD43941E8E30BA002A52E0 /* Sources */ = {
			isa = PBXSourcesBuildPhase;
			buildActionMask = 2147483647;
			files = (
				4BDD439D1E8E30BA002A52E0 /* RSA_demoUITests.swift in Sources */,
			);
			runOnlyForDeploymentPostprocessing = 0;
		};
/* End PBXSourcesBuildPhase section */

/* Begin PBXTargetDependency section */
		4BDD438F1E8E30BA002A52E0 /* PBXTargetDependency */ = {
			isa = PBXTargetDependency;
			target = 4BDD43781E8E30BA002A52E0 /* RSA_demo */;
			targetProxy = 4BDD438E1E8E30BA002A52E0 /* PBXContainerItemProxy */;
		};
		4BDD439A1E8E30BA002A52E0 /* PBXTargetDependency */ = {
			isa = PBXTargetDependency;
			target = 4BDD43781E8E30BA002A52E0 /* RSA_demo */;
			targetProxy = 4BDD43991E8E30BA002A52E0 /* PBXContainerItemProxy */;
		};
/* End PBXTargetDependency section */

/* Begin PBXVariantGroup section */
		4BDD43801E8E30BA002A52E0 /* Main.storyboard */ = {
			isa = PBXVariantGroup;
			children = (
				4BDD43811E8E30BA002A52E0 /* Base */,
			);
			name = Main.storyboard;
			sourceTree = "<group>";
		};
		4BDD43851E8E30BA002A52E0 /* LaunchScreen.storyboard */ = {
			isa = PBXVariantGroup;
			children = (
				4BDD43861E8E30BA002A52E0 /* Base */,
			);
			name = LaunchScreen.storyboard;
			sourceTree = "<group>";
		};
/* End PBXVariantGroup section */

/* Begin XCBuildConfiguration section */
		4BDD439F1E8E30BA002A52E0 /* Debug */ = {
			isa = XCBuildConfiguration;
			buildSettings = {
				ALWAYS_SEARCH_USER_PATHS = NO;
				CLANG_ANALYZER_NONNULL = YES;
				CLANG_CXX_LANGUAGE_STANDARD = "gnu++0x";
				CLANG_CXX_LIBRARY = "libc++";
				CLANG_ENABLE_MODULES = YES;
				CLANG_ENABLE_OBJC_ARC = YES;
				CLANG_WARN_BOOL_CONVERSION = YES;
				CLANG_WARN_CONSTANT_CONVERSION = YES;
				CLANG_WARN_DIRECT_OBJC_ISA_USAGE = YES_ERROR;
				CLANG_WARN_DOCUMENTATION_COMMENTS = YES;
				CLANG_WARN_EMPTY_BODY = YES;
				CLANG_WARN_ENUM_CONVERSION = YES;
				CLANG_WARN_INFINITE_RECURSION = YES;
				CLANG_WARN_INT_CONVERSION = YES;
				CLANG_WARN_OBJC_ROOT_CLASS = YES_ERROR;
				CLANG_WARN_SUSPICIOUS_MOVE = YES;
				CLANG_WARN_UNREACHABLE_CODE = YES;
				CLANG_WARN__DUPLICATE_METHOD_MATCH = YES;
				"CODE_SIGN_IDENTITY[sdk=iphoneos*]" = "iPhone Developer";
				COPY_PHASE_STRIP = NO;
				DEBUG_INFORMATION_FORMAT = dwarf;
				ENABLE_STRICT_OBJC_MSGSEND = YES;
				ENABLE_TESTABILITY = YES;
				GCC_C_LANGUAGE_STANDARD = gnu99;
				GCC_DYNAMIC_NO_PIC = NO;
				GCC_NO_COMMON_BLOCKS = YES;
				GCC_OPTIMIZATION_LEVEL = 0;
				GCC_PREPROCESSOR_DEFINITIONS = (
					"DEBUG=1",
					"$(inherited)",
				);
				GCC_WARN_64_TO_32_BIT_CONVERSION = YES;
				GCC_WARN_ABOUT_RETURN_TYPE = YES_ERROR;
				GCC_WARN_UNDECLARED_SELECTOR = YES;
				GCC_WARN_UNINITIALIZED_AUTOS = YES_AGGRESSIVE;
				GCC_WARN_UNUSED_FUNCTION = YES;
				GCC_WARN_UNUSED_VARIABLE = YES;
				IPHONEOS_DEPLOYMENT_TARGET = 10.2;
				MTL_ENABLE_DEBUG_INFO = YES;
				ONLY_ACTIVE_ARCH = YES;
				SDKROOT = iphoneos;
				SWIFT_ACTIVE_COMPILATION_CONDITIONS = DEBUG;
				SWIFT_OPTIMIZATION_LEVEL = "-Onone";
				TARGETED_DEVICE_FAMILY = "1,2";
			};
			name = Debug;
		};
		4BDD43A01E8E30BA002A52E0 /* Release */ = {
			isa = XCBuildConfiguration;
			buildSettings = {
				ALWAYS_SEARCH_USER_PATHS = NO;
				CLANG_ANALYZER_NONNULL = YES;
				CLANG_CXX_LANGUAGE_STANDARD = "gnu++0x";
				CLANG_CXX_LIBRARY = "libc++";
				CLANG_ENABLE_MODULES = YES;
				CLANG_ENABLE_OBJC_ARC = YES;
				CLANG_WARN_BOOL_CONVERSION = YES;
				CLANG_WARN_CONSTANT_CONVERSION = YES;
				CLANG_WARN_DIRECT_OBJC_ISA_USAGE = YES_ERROR;
				CLANG_WARN_DOCUMENTATION_COMMENTS = YES;
				CLANG_WARN_EMPTY_BODY = YES;
				CLANG_WARN_ENUM_CONVERSION = YES;
				CLANG_WARN_INFINITE_RECURSION = YES;
				CLANG_WARN_INT_CONVERSION = YES;
				CLANG_WARN_OBJC_ROOT_CLASS = YES_ERROR;
				CLANG_WARN_SUSPICIOUS_MOVE = YES;
				CLANG_WARN_UNREACHABLE_CODE = YES;
				CLANG_WARN__DUPLICATE_METHOD_MATCH = YES;
				"CODE_SIGN_IDENTITY[sdk=iphoneos*]" = "iPhone Developer";
				COPY_PHASE_STRIP = NO;
				DEBUG_INFORMATION_FORMAT = "dwarf-with-dsym";
				ENABLE_NS_ASSERTIONS = NO;
				ENABLE_STRICT_OBJC_MSGSEND = YES;
				GCC_C_LANGUAGE_STANDARD = gnu99;
				GCC_NO_COMMON_BLOCKS = YES;
				GCC_WARN_64_TO_32_BIT_CONVERSION = YES;
				GCC_WARN_ABOUT_RETURN_TYPE = YES_ERROR;
				GCC_WARN_UNDECLARED_SELECTOR = YES;
				GCC_WARN_UNINITIALIZED_AUTOS = YES_AGGRESSIVE;
				GCC_WARN_UNUSED_FUNCTION = YES;
				GCC_WARN_UNUSED_VARIABLE = YES;
				IPHONEOS_DEPLOYMENT_TARGET = 10.2;
				MTL_ENABLE_DEBUG_INFO = NO;
				SDKROOT = iphoneos;
				SWIFT_OPTIMIZATION_LEVEL = "-Owholemodule";
				TARGETED_DEVICE_FAMILY = "1,2";
				VALIDATE_PRODUCT = YES;
			};
			name = Release;
		};
		4BDD43A21E8E30BA002A52E0 /* Debug */ = {
			isa = XCBuildConfiguration;
			buildSettings = {
				ASSETCATALOG_COMPILER_APPICON_NAME = AppIcon;
				DEVELOPMENT_TEAM = 3F685LX6UR;
				FRAMEWORK_SEARCH_PATHS = (
					"$(inherited)",
					"$(PROJECT_DIR)/RSA_demo/framework",
				);
				INFOPLIST_FILE = RSA_demo/Info.plist;
				LD_RUNPATH_SEARCH_PATHS = "$(inherited) @executable_path/Frameworks";
				PRODUCT_BUNDLE_IDENTIFIER = "com.appstore.RSA-demo";
				PRODUCT_NAME = "$(TARGET_NAME)";
				SWIFT_VERSION = 3.0;
			};
			name = Debug;
		};
		4BDD43A31E8E30BA002A52E0 /* Release */ = {
			isa = XCBuildConfiguration;
			buildSettings = {
				ASSETCATALOG_COMPILER_APPICON_NAME = AppIcon;
				DEVELOPMENT_TEAM = 3F685LX6UR;
				FRAMEWORK_SEARCH_PATHS = (
					"$(inherited)",
					"$(PROJECT_DIR)/RSA_demo/framework",
				);
				INFOPLIST_FILE = RSA_demo/Info.plist;
				LD_RUNPATH_SEARCH_PATHS = "$(inherited) @executable_path/Frameworks";
				PRODUCT_BUNDLE_IDENTIFIER = "com.appstore.RSA-demo";
				PRODUCT_NAME = "$(TARGET_NAME)";
				SWIFT_VERSION = 3.0;
			};
			name = Release;
		};
		4BDD43A51E8E30BA002A52E0 /* Debug */ = {
			isa = XCBuildConfiguration;
			buildSettings = {
				ALWAYS_EMBED_SWIFT_STANDARD_LIBRARIES = YES;
				BUNDLE_LOADER = "$(TEST_HOST)";
				DEVELOPMENT_TEAM = 3F685LX6UR;
				INFOPLIST_FILE = RSA_demoTests/Info.plist;
				LD_RUNPATH_SEARCH_PATHS = "$(inherited) @executable_path/Frameworks @loader_path/Frameworks";
				PRODUCT_BUNDLE_IDENTIFIER = "com.appstore.RSA-demoTests";
				PRODUCT_NAME = "$(TARGET_NAME)";
				SWIFT_VERSION = 3.0;
				TEST_HOST = "$(BUILT_PRODUCTS_DIR)/RSA_demo.app/RSA_demo";
			};
			name = Debug;
		};
		4BDD43A61E8E30BA002A52E0 /* Release */ = {
			isa = XCBuildConfiguration;
			buildSettings = {
				ALWAYS_EMBED_SWIFT_STANDARD_LIBRARIES = YES;
				BUNDLE_LOADER = "$(TEST_HOST)";
				DEVELOPMENT_TEAM = 3F685LX6UR;
				INFOPLIST_FILE = RSA_demoTests/Info.plist;
				LD_RUNPATH_SEARCH_PATHS = "$(inherited) @executable_path/Frameworks @loader_path/Frameworks";
				PRODUCT_BUNDLE_IDENTIFIER = "com.appstore.RSA-demoTests";
				PRODUCT_NAME = "$(TARGET_NAME)";
				SWIFT_VERSION = 3.0;
				TEST_HOST = "$(BUILT_PRODUCTS_DIR)/RSA_demo.app/RSA_demo";
			};
			name = Release;
		};
		4BDD43A81E8E30BA002A52E0 /* Debug */ = {
			isa = XCBuildConfiguration;
			buildSettings = {
				ALWAYS_EMBED_SWIFT_STANDARD_LIBRARIES = YES;
				DEVELOPMENT_TEAM = 3F685LX6UR;
				INFOPLIST_FILE = RSA_demoUITests/Info.plist;
				LD_RUNPATH_SEARCH_PATHS = "$(inherited) @executable_path/Frameworks @loader_path/Frameworks";
				PRODUCT_BUNDLE_IDENTIFIER = "com.appstore.RSA-demoUITests";
				PRODUCT_NAME = "$(TARGET_NAME)";
				SWIFT_VERSION = 3.0;
				TEST_TARGET_NAME = RSA_demo;
			};
			name = Debug;
		};
		4BDD43A91E8E30BA002A52E0 /* Release */ = {
			isa = XCBuildConfiguration;
			buildSettings = {
				ALWAYS_EMBED_SWIFT_STANDARD_LIBRARIES = YES;
				DEVELOPMENT_TEAM = 3F685LX6UR;
				INFOPLIST_FILE = RSA_demoUITests/Info.plist;
				LD_RUNPATH_SEARCH_PATHS = "$(inherited) @executable_path/Frameworks @loader_path/Frameworks";
				PRODUCT_BUNDLE_IDENTIFIER = "com.appstore.RSA-demoUITests";
				PRODUCT_NAME = "$(TARGET_NAME)";
				SWIFT_VERSION = 3.0;
				TEST_TARGET_NAME = RSA_demo;
			};
			name = Release;
		};
/* End XCBuildConfiguration section */

/* Begin XCConfigurationList section */
		4BDD43741E8E30BA002A52E0 /* Build configuration list for PBXProject "RSA_demo" */ = {
			isa = XCConfigurationList;
			buildConfigurations = (
				4BDD439F1E8E30BA002A52E0 /* Debug */,
				4BDD43A01E8E30BA002A52E0 /* Release */,
			);
			defaultConfigurationIsVisible = 0;
			defaultConfigurationName = Release;
		};
		4BDD43A11E8E30BA002A52E0 /* Build configuration list for PBXNativeTarget "RSA_demo" */ = {
			isa = XCConfigurationList;
			buildConfigurations = (
				4BDD43A21E8E30BA002A52E0 /* Debug */,
				4BDD43A31E8E30BA002A52E0 /* Release */,
			);
			defaultConfigurationIsVisible = 0;
		};
		4BDD43A41E8E30BA002A52E0 /* Build configuration list for PBXNativeTarget "RSA_demoTests" */ = {
			isa = XCConfigurationList;
			buildConfigurations = (
				4BDD43A51E8E30BA002A52E0 /* Debug */,
				4BDD43A61E8E30BA002A52E0 /* Release */,
			);
			defaultConfigurationIsVisible = 0;
		};
		4BDD43A71E8E30BA002A52E0 /* Build configuration list for PBXNativeTarget "RSA_demoUITests" */ = {
			isa = XCConfigurationList;
			buildConfigurations = (
				4BDD43A81E8E30BA002A52E0 /* Debug */,
				4BDD43A91E8E30BA002A52E0 /* Release */,
			);
			defaultConfigurationIsVisible = 0;
		};
/* End XCConfigurationList section */
	};
	rootObject = 4BDD43711E8E30BA002A52E0 /* Project object */;
}
