// !$*UTF8*$!
{
	archiveVersion = 1;
	classes = {
	};
	objectVersion = 46;
	objects = {

/* Begin PBXBuildFile section */
		4B6675B11E65687D007F163F /* AppDelegate.swift in Sources */ = {isa = PBXBuildFile; fileRef = 4B6675B01E65687D007F163F /* AppDelegate.swift */; };
		4B6675B31E65687D007F163F /* ViewController.swift in Sources */ = {isa = PBXBuildFile; fileRef = 4B6675B21E65687D007F163F /* ViewController.swift */; };
		4B6675B61E65687D007F163F /* Main.storyboard in Resources */ = {isa = PBXBuildFile; fileRef = 4B6675B41E65687D007F163F /* Main.storyboard */; };
		4B6675B81E65687D007F163F /* Assets.xcassets in Resources */ = {isa = PBXBuildFile; fileRef = 4B6675B71E65687D007F163F /* Assets.xcassets */; };
		4B6675BB1E65687D007F163F /* LaunchScreen.storyboard in Resources */ = {isa = PBXBuildFile; fileRef = 4B6675B91E65687D007F163F /* LaunchScreen.storyboard */; };
		4B6675C61E65687D007F163F /* readerTestTests.swift in Sources */ = {isa = PBXBuildFile; fileRef = 4B6675C51E65687D007F163F /* readerTestTests.swift */; };
		4B6675D11E65687D007F163F /* readerTestUITests.swift in Sources */ = {isa = PBXBuildFile; fileRef = 4B6675D01E65687D007F163F /* readerTestUITests.swift */; };
/* End PBXBuildFile section */

/* Begin PBXContainerItemProxy section */
		4B6675C21E65687D007F163F /* PBXContainerItemProxy */ = {
			isa = PBXContainerItemProxy;
			containerPortal = 4B6675A51E65687D007F163F /* Project object */;
			proxyType = 1;
			remoteGlobalIDString = 4B6675AC1E65687D007F163F;
			remoteInfo = readerTest;
		};
		4B6675CD1E65687D007F163F /* PBXContainerItemProxy */ = {
			isa = PBXContainerItemProxy;
			containerPortal = 4B6675A51E65687D007F163F /* Project object */;
			proxyType = 1;
			remoteGlobalIDString = 4B6675AC1E65687D007F163F;
			remoteInfo = readerTest;
		};
/* End PBXContainerItemProxy section */

/* Begin PBXFileReference section */
		4B6675AD1E65687D007F163F /* readerTest.app */ = {isa = PBXFileReference; explicitFileType = wrapper.application; includeInIndex = 0; path = readerTest.app; sourceTree = BUILT_PRODUCTS_DIR; };
		4B6675B01E65687D007F163F /* AppDelegate.swift */ = {isa = PBXFileReference; lastKnownFileType = sourcecode.swift; path = AppDelegate.swift; sourceTree = "<group>"; };
		4B6675B21E65687D007F163F /* ViewController.swift */ = {isa = PBXFileReference; lastKnownFileType = sourcecode.swift; path = ViewController.swift; sourceTree = "<group>"; };
		4B6675B51E65687D007F163F /* Base */ = {isa = PBXFileReference; lastKnownFileType = file.storyboard; name = Base; path = Base.lproj/Main.storyboard; sourceTree = "<group>"; };
		4B6675B71E65687D007F163F /* Assets.xcassets */ = {isa = PBXFileReference; lastKnownFileType = folder.assetcatalog; path = Assets.xcassets; sourceTree = "<group>"; };
		4B6675BA1E65687D007F163F /* Base */ = {isa = PBXFileReference; lastKnownFileType = file.storyboard; name = Base; path = Base.lproj/LaunchScreen.storyboard; sourceTree = "<group>"; };
		4B6675BC1E65687D007F163F /* Info.plist */ = {isa = PBXFileReference; lastKnownFileType = text.plist.xml; path = Info.plist; sourceTree = "<group>"; };
		4B6675C11E65687D007F163F /* readerTestTests.xctest */ = {isa = PBXFileReference; explicitFileType = wrapper.cfbundle; includeInIndex = 0; path = readerTestTests.xctest; sourceTree = BUILT_PRODUCTS_DIR; };
		4B6675C51E65687D007F163F /* readerTestTests.swift */ = {isa = PBXFileReference; lastKnownFileType = sourcecode.swift; path = readerTestTests.swift; sourceTree = "<group>"; };
		4B6675C71E65687D007F163F /* Info.plist */ = {isa = PBXFileReference; lastKnownFileType = text.plist.xml; path = Info.plist; sourceTree = "<group>"; };
		4B6675CC1E65687D007F163F /* readerTestUITests.xctest */ = {isa = PBXFileReference; explicitFileType = wrapper.cfbundle; includeInIndex = 0; path = readerTestUITests.xctest; sourceTree = BUILT_PRODUCTS_DIR; };
		4B6675D01E65687D007F163F /* readerTestUITests.swift */ = {isa = PBXFileReference; lastKnownFileType = sourcecode.swift; path = readerTestUITests.swift; sourceTree = "<group>"; };
		4B6675D21E65687D007F163F /* Info.plist */ = {isa = PBXFileReference; lastKnownFileType = text.plist.xml; path = Info.plist; sourceTree = "<group>"; };
/* End PBXFileReference section */

/* Begin PBXFrameworksBuildPhase section */
		4B6675AA1E65687D007F163F /* Frameworks */ = {
			isa = PBXFrameworksBuildPhase;
			buildActionMask = 2147483647;
			files = (
			);
			runOnlyForDeploymentPostprocessing = 0;
		};
		4B6675BE1E65687D007F163F /* Frameworks */ = {
			isa = PBXFrameworksBuildPhase;
			buildActionMask = 2147483647;
			files = (
			);
			runOnlyForDeploymentPostprocessing = 0;
		};
		4B6675C91E65687D007F163F /* Frameworks */ = {
			isa = PBXFrameworksBuildPhase;
			buildActionMask = 2147483647;
			files = (
			);
			runOnlyForDeploymentPostprocessing = 0;
		};
/* End PBXFrameworksBuildPhase section */

/* Begin PBXGroup section */
		4B6675A41E65687D007F163F = {
			isa = PBXGroup;
			children = (
				4B6675AF1E65687D007F163F /* readerTest */,
				4B6675C41E65687D007F163F /* readerTestTests */,
				4B6675CF1E65687D007F163F /* readerTestUITests */,
				4B6675AE1E65687D007F163F /* Products */,
			);
			sourceTree = "<group>";
		};
		4B6675AE1E65687D007F163F /* Products */ = {
			isa = PBXGroup;
			children = (
				4B6675AD1E65687D007F163F /* readerTest.app */,
				4B6675C11E65687D007F163F /* readerTestTests.xctest */,
				4B6675CC1E65687D007F163F /* readerTestUITests.xctest */,
			);
			name = Products;
			sourceTree = "<group>";
		};
		4B6675AF1E65687D007F163F /* readerTest */ = {
			isa = PBXGroup;
			children = (
				4B6675B01E65687D007F163F /* AppDelegate.swift */,
				4B6675B21E65687D007F163F /* ViewController.swift */,
				4B6675B41E65687D007F163F /* Main.storyboard */,
				4B6675B71E65687D007F163F /* Assets.xcassets */,
				4B6675B91E65687D007F163F /* LaunchScreen.storyboard */,
				4B6675BC1E65687D007F163F /* Info.plist */,
			);
			path = readerTest;
			sourceTree = "<group>";
		};
		4B6675C41E65687D007F163F /* readerTestTests */ = {
			isa = PBXGroup;
			children = (
				4B6675C51E65687D007F163F /* readerTestTests.swift */,
				4B6675C71E65687D007F163F /* Info.plist */,
			);
			path = readerTestTests;
			sourceTree = "<group>";
		};
		4B6675CF1E65687D007F163F /* readerTestUITests */ = {
			isa = PBXGroup;
			children = (
				4B6675D01E65687D007F163F /* readerTestUITests.swift */,
				4B6675D21E65687D007F163F /* Info.plist */,
			);
			path = readerTestUITests;
			sourceTree = "<group>";
		};
/* End PBXGroup section */

/* Begin PBXNativeTarget section */
		4B6675AC1E65687D007F163F /* readerTest */ = {
			isa = PBXNativeTarget;
			buildConfigurationList = 4B6675D51E65687D007F163F /* Build configuration list for PBXNativeTarget "readerTest" */;
			buildPhases = (
				4B6675A91E65687D007F163F /* Sources */,
				4B6675AA1E65687D007F163F /* Frameworks */,
				4B6675AB1E65687D007F163F /* Resources */,
			);
			buildRules = (
			);
			dependencies = (
			);
			name = readerTest;
			productName = readerTest;
			productReference = 4B6675AD1E65687D007F163F /* readerTest.app */;
			productType = "com.apple.product-type.application";
		};
		4B6675C01E65687D007F163F /* readerTestTests */ = {
			isa = PBXNativeTarget;
			buildConfigurationList = 4B6675D81E65687D007F163F /* Build configuration list for PBXNativeTarget "readerTestTests" */;
			buildPhases = (
				4B6675BD1E65687D007F163F /* Sources */,
				4B6675BE1E65687D007F163F /* Frameworks */,
				4B6675BF1E65687D007F163F /* Resources */,
			);
			buildRules = (
			);
			dependencies = (
				4B6675C31E65687D007F163F /* PBXTargetDependency */,
			);
			name = readerTestTests;
			productName = readerTestTests;
			productReference = 4B6675C11E65687D007F163F /* readerTestTests.xctest */;
			productType = "com.apple.product-type.bundle.unit-test";
		};
		4B6675CB1E65687D007F163F /* readerTestUITests */ = {
			isa = PBXNativeTarget;
			buildConfigurationList = 4B6675DB1E65687D007F163F /* Build configuration list for PBXNativeTarget "readerTestUITests" */;
			buildPhases = (
				4B6675C81E65687D007F163F /* Sources */,
				4B6675C91E65687D007F163F /* Frameworks */,
				4B6675CA1E65687D007F163F /* Resources */,
			);
			buildRules = (
			);
			dependencies = (
				4B6675CE1E65687D007F163F /* PBXTargetDependency */,
			);
			name = readerTestUITests;
			productName = readerTestUITests;
			productReference = 4B6675CC1E65687D007F163F /* readerTestUITests.xctest */;
			productType = "com.apple.product-type.bundle.ui-testing";
		};
/* End PBXNativeTarget section */

/* Begin PBXProject section */
		4B6675A51E65687D007F163F /* Project object */ = {
			isa = PBXProject;
			attributes = {
				LastSwiftUpdateCheck = 0820;
				LastUpgradeCheck = 0820;
				ORGANIZATIONNAME = liyufeng;
				TargetAttributes = {
					4B6675AC1E65687D007F163F = {
						CreatedOnToolsVersion = 8.2.1;
						DevelopmentTeam = 3F685LX6UR;
						ProvisioningStyle = Automatic;
					};
					4B6675C01E65687D007F163F = {
						CreatedOnToolsVersion = 8.2.1;
						DevelopmentTeam = 3F685LX6UR;
						ProvisioningStyle = Automatic;
						TestTargetID = 4B6675AC1E65687D007F163F;
					};
					4B6675CB1E65687D007F163F = {
						CreatedOnToolsVersion = 8.2.1;
						DevelopmentTeam = 3F685LX6UR;
						ProvisioningStyle = Automatic;
						TestTargetID = 4B6675AC1E65687D007F163F;
					};
				};
			};
			buildConfigurationList = 4B6675A81E65687D007F163F /* Build configuration list for PBXProject "readerTest" */;
			compatibilityVersion = "Xcode 3.2";
			developmentRegion = English;
			hasScannedForEncodings = 0;
			knownRegions = (
				en,
				Base,
			);
			mainGroup = 4B6675A41E65687D007F163F;
			productRefGroup = 4B6675AE1E65687D007F163F /* Products */;
			projectDirPath = "";
			projectRoot = "";
			targets = (
				4B6675AC1E65687D007F163F /* readerTest */,
				4B6675C01E65687D007F163F /* readerTestTests */,
				4B6675CB1E65687D007F163F /* readerTestUITests */,
			);
		};
/* End PBXProject section */

/* Begin PBXResourcesBuildPhase section */
		4B6675AB1E65687D007F163F /* Resources */ = {
			isa = PBXResourcesBuildPhase;
			buildActionMask = 2147483647;
			files = (
				4B6675BB1E65687D007F163F /* LaunchScreen.storyboard in Resources */,
				4B6675B81E65687D007F163F /* Assets.xcassets in Resources */,
				4B6675B61E65687D007F163F /* Main.storyboard in Resources */,
			);
			runOnlyForDeploymentPostprocessing = 0;
		};
		4B6675BF1E65687D007F163F /* Resources */ = {
			isa = PBXResourcesBuildPhase;
			buildActionMask = 2147483647;
			files = (
			);
			runOnlyForDeploymentPostprocessing = 0;
		};
		4B6675CA1E65687D007F163F /* Resources */ = {
			isa = PBXResourcesBuildPhase;
			buildActionMask = 2147483647;
			files = (
			);
			runOnlyForDeploymentPostprocessing = 0;
		};
/* End PBXResourcesBuildPhase section */

/* Begin PBXSourcesBuildPhase section */
		4B6675A91E65687D007F163F /* Sources */ = {
			isa = PBXSourcesBuildPhase;
			buildActionMask = 2147483647;
			files = (
				4B6675B31E65687D007F163F /* ViewController.swift in Sources */,
				4B6675B11E65687D007F163F /* AppDelegate.swift in Sources */,
			);
			runOnlyForDeploymentPostprocessing = 0;
		};
		4B6675BD1E65687D007F163F /* Sources */ = {
			isa = PBXSourcesBuildPhase;
			buildActionMask = 2147483647;
			files = (
				4B6675C61E65687D007F163F /* readerTestTests.swift in Sources */,
			);
			runOnlyForDeploymentPostprocessing = 0;
		};
		4B6675C81E65687D007F163F /* Sources */ = {
			isa = PBXSourcesBuildPhase;
			buildActionMask = 2147483647;
			files = (
				4B6675D11E65687D007F163F /* readerTestUITests.swift in Sources */,
			);
			runOnlyForDeploymentPostprocessing = 0;
		};
/* End PBXSourcesBuildPhase section */

/* Begin PBXTargetDependency section */
		4B6675C31E65687D007F163F /* PBXTargetDependency */ = {
			isa = PBXTargetDependency;
			target = 4B6675AC1E65687D007F163F /* readerTest */;
			targetProxy = 4B6675C21E65687D007F163F /* PBXContainerItemProxy */;
		};
		4B6675CE1E65687D007F163F /* PBXTargetDependency */ = {
			isa = PBXTargetDependency;
			target = 4B6675AC1E65687D007F163F /* readerTest */;
			targetProxy = 4B6675CD1E65687D007F163F /* PBXContainerItemProxy */;
		};
/* End PBXTargetDependency section */

/* Begin PBXVariantGroup section */
		4B6675B41E65687D007F163F /* Main.storyboard */ = {
			isa = PBXVariantGroup;
			children = (
				4B6675B51E65687D007F163F /* Base */,
			);
			name = Main.storyboard;
			sourceTree = "<group>";
		};
		4B6675B91E65687D007F163F /* LaunchScreen.storyboard */ = {
			isa = PBXVariantGroup;
			children = (
				4B6675BA1E65687D007F163F /* Base */,
			);
			name = LaunchScreen.storyboard;
			sourceTree = "<group>";
		};
/* End PBXVariantGroup section */

/* Begin XCBuildConfiguration section */
		4B6675D31E65687D007F163F /* Debug */ = {
			isa = XCBuildConfiguration;
			buildSettings = {
				ALWAYS_SEARCH_USER_PATHS = NO;
				CLANG_ANALYZER_NONNULL = YES;
				CLANG_CXX_LANGUAGE_STANDARD = "gnu++0x";
				CLANG_CXX_LIBRARY = "libc++";
				CLANG_ENABLE_MODULES = YES;
				CLANG_ENABLE_OBJC_ARC = YES;
				CLANG_WARN_BOOL_CONVERSION = YES;
				CLANG_WARN_CONSTANT_CONVERSION = YES;
				CLANG_WARN_DIRECT_OBJC_ISA_USAGE = YES_ERROR;
				CLANG_WARN_DOCUMENTATION_COMMENTS = YES;
				CLANG_WARN_EMPTY_BODY = YES;
				CLANG_WARN_ENUM_CONVERSION = YES;
				CLANG_WARN_INFINITE_RECURSION = YES;
				CLANG_WARN_INT_CONVERSION = YES;
				CLANG_WARN_OBJC_ROOT_CLASS = YES_ERROR;
				CLANG_WARN_SUSPICIOUS_MOVE = YES;
				CLANG_WARN_UNREACHABLE_CODE = YES;
				CLANG_WARN__DUPLICATE_METHOD_MATCH = YES;
				"CODE_SIGN_IDENTITY[sdk=iphoneos*]" = "iPhone Developer";
				COPY_PHASE_STRIP = NO;
				DEBUG_INFORMATION_FORMAT = dwarf;
				ENABLE_STRICT_OBJC_MSGSEND = YES;
				ENABLE_TESTABILITY = YES;
				GCC_C_LANGUAGE_STANDARD = gnu99;
				GCC_DYNAMIC_NO_PIC = NO;
				GCC_NO_COMMON_BLOCKS = YES;
				GCC_OPTIMIZATION_LEVEL = 0;
				GCC_PREPROCESSOR_DEFINITIONS = (
					"DEBUG=1",
					"$(inherited)",
				);
				GCC_WARN_64_TO_32_BIT_CONVERSION = YES;
				GCC_WARN_ABOUT_RETURN_TYPE = YES_ERROR;
				GCC_WARN_UNDECLARED_SELECTOR = YES;
				GCC_WARN_UNINITIALIZED_AUTOS = YES_AGGRESSIVE;
				GCC_WARN_UNUSED_FUNCTION = YES;
				GCC_WARN_UNUSED_VARIABLE = YES;
				IPHONEOS_DEPLOYMENT_TARGET = 10.2;
				MTL_ENABLE_DEBUG_INFO = YES;
				ONLY_ACTIVE_ARCH = YES;
				SDKROOT = iphoneos;
				SWIFT_ACTIVE_COMPILATION_CONDITIONS = DEBUG;
				SWIFT_OPTIMIZATION_LEVEL = "-Onone";
				TARGETED_DEVICE_FAMILY = "1,2";
			};
			name = Debug;
		};
		4B6675D41E65687D007F163F /* Release */ = {
			isa = XCBuildConfiguration;
			buildSettings = {
				ALWAYS_SEARCH_USER_PATHS = NO;
				CLANG_ANALYZER_NONNULL = YES;
				CLANG_CXX_LANGUAGE_STANDARD = "gnu++0x";
				CLANG_CXX_LIBRARY = "libc++";
				CLANG_ENABLE_MODULES = YES;
				CLANG_ENABLE_OBJC_ARC = YES;
				CLANG_WARN_BOOL_CONVERSION = YES;
				CLANG_WARN_CONSTANT_CONVERSION = YES;
				CLANG_WARN_DIRECT_OBJC_ISA_USAGE = YES_ERROR;
				CLANG_WARN_DOCUMENTATION_COMMENTS = YES;
				CLANG_WARN_EMPTY_BODY = YES;
				CLANG_WARN_ENUM_CONVERSION = YES;
				CLANG_WARN_INFINITE_RECURSION = YES;
				CLANG_WARN_INT_CONVERSION = YES;
				CLANG_WARN_OBJC_ROOT_CLASS = YES_ERROR;
				CLANG_WARN_SUSPICIOUS_MOVE = YES;
				CLANG_WARN_UNREACHABLE_CODE = YES;
				CLANG_WARN__DUPLICATE_METHOD_MATCH = YES;
				"CODE_SIGN_IDENTITY[sdk=iphoneos*]" = "iPhone Developer";
				COPY_PHASE_STRIP = NO;
				DEBUG_INFORMATION_FORMAT = "dwarf-with-dsym";
				ENABLE_NS_ASSERTIONS = NO;
				ENABLE_STRICT_OBJC_MSGSEND = YES;
				GCC_C_LANGUAGE_STANDARD = gnu99;
				GCC_NO_COMMON_BLOCKS = YES;
				GCC_WARN_64_TO_32_BIT_CONVERSION = YES;
				GCC_WARN_ABOUT_RETURN_TYPE = YES_ERROR;
				GCC_WARN_UNDECLARED_SELECTOR = YES;
				GCC_WARN_UNINITIALIZED_AUTOS = YES_AGGRESSIVE;
				GCC_WARN_UNUSED_FUNCTION = YES;
				GCC_WARN_UNUSED_VARIABLE = YES;
				IPHONEOS_DEPLOYMENT_TARGET = 10.2;
				MTL_ENABLE_DEBUG_INFO = NO;
				SDKROOT = iphoneos;
				SWIFT_OPTIMIZATION_LEVEL = "-Owholemodule";
				TARGETED_DEVICE_FAMILY = "1,2";
				VALIDATE_PRODUCT = YES;
			};
			name = Release;
		};
		4B6675D61E65687D007F163F /* Debug */ = {
			isa = XCBuildConfiguration;
			buildSettings = {
				ASSETCATALOG_COMPILER_APPICON_NAME = AppIcon;
				DEVELOPMENT_TEAM = 3F685LX6UR;
				INFOPLIST_FILE = readerTest/Info.plist;
				LD_RUNPATH_SEARCH_PATHS = "$(inherited) @executable_path/Frameworks";
				PRODUCT_BUNDLE_IDENTIFIER = com.appstore.readerTest;
				PRODUCT_NAME = "$(TARGET_NAME)";
				SWIFT_VERSION = 3.0;
			};
			name = Debug;
		};
		4B6675D71E65687D007F163F /* Release */ = {
			isa = XCBuildConfiguration;
			buildSettings = {
				ASSETCATALOG_COMPILER_APPICON_NAME = AppIcon;
				DEVELOPMENT_TEAM = 3F685LX6UR;
				INFOPLIST_FILE = readerTest/Info.plist;
				LD_RUNPATH_SEARCH_PATHS = "$(inherited) @executable_path/Frameworks";
				PRODUCT_BUNDLE_IDENTIFIER = com.appstore.readerTest;
				PRODUCT_NAME = "$(TARGET_NAME)";
				SWIFT_VERSION = 3.0;
			};
			name = Release;
		};
		4B6675D91E65687D007F163F /* Debug */ = {
			isa = XCBuildConfiguration;
			buildSettings = {
				ALWAYS_EMBED_SWIFT_STANDARD_LIBRARIES = YES;
				BUNDLE_LOADER = "$(TEST_HOST)";
				DEVELOPMENT_TEAM = 3F685LX6UR;
				INFOPLIST_FILE = readerTestTests/Info.plist;
				LD_RUNPATH_SEARCH_PATHS = "$(inherited) @executable_path/Frameworks @loader_path/Frameworks";
				PRODUCT_BUNDLE_IDENTIFIER = com.appstore.readerTestTests;
				PRODUCT_NAME = "$(TARGET_NAME)";
				SWIFT_VERSION = 3.0;
				TEST_HOST = "$(BUILT_PRODUCTS_DIR)/readerTest.app/readerTest";
			};
			name = Debug;
		};
		4B6675DA1E65687D007F163F /* Release */ = {
			isa = XCBuildConfiguration;
			buildSettings = {
				ALWAYS_EMBED_SWIFT_STANDARD_LIBRARIES = YES;
				BUNDLE_LOADER = "$(TEST_HOST)";
				DEVELOPMENT_TEAM = 3F685LX6UR;
				INFOPLIST_FILE = readerTestTests/Info.plist;
				LD_RUNPATH_SEARCH_PATHS = "$(inherited) @executable_path/Frameworks @loader_path/Frameworks";
				PRODUCT_BUNDLE_IDENTIFIER = com.appstore.readerTestTests;
				PRODUCT_NAME = "$(TARGET_NAME)";
				SWIFT_VERSION = 3.0;
				TEST_HOST = "$(BUILT_PRODUCTS_DIR)/readerTest.app/readerTest";
			};
			name = Release;
		};
		4B6675DC1E65687D007F163F /* Debug */ = {
			isa = XCBuildConfiguration;
			buildSettings = {
				ALWAYS_EMBED_SWIFT_STANDARD_LIBRARIES = YES;
				DEVELOPMENT_TEAM = 3F685LX6UR;
				INFOPLIST_FILE = readerTestUITests/Info.plist;
				LD_RUNPATH_SEARCH_PATHS = "$(inherited) @executable_path/Frameworks @loader_path/Frameworks";
				PRODUCT_BUNDLE_IDENTIFIER = com.appstore.readerTestUITests;
				PRODUCT_NAME = "$(TARGET_NAME)";
				SWIFT_VERSION = 3.0;
				TEST_TARGET_NAME = readerTest;
			};
			name = Debug;
		};
		4B6675DD1E65687D007F163F /* Release */ = {
			isa = XCBuildConfiguration;
			buildSettings = {
				ALWAYS_EMBED_SWIFT_STANDARD_LIBRARIES = YES;
				DEVELOPMENT_TEAM = 3F685LX6UR;
				INFOPLIST_FILE = readerTestUITests/Info.plist;
				LD_RUNPATH_SEARCH_PATHS = "$(inherited) @executable_path/Frameworks @loader_path/Frameworks";
				PRODUCT_BUNDLE_IDENTIFIER = com.appstore.readerTestUITests;
				PRODUCT_NAME = "$(TARGET_NAME)";
				SWIFT_VERSION = 3.0;
				TEST_TARGET_NAME = readerTest;
			};
			name = Release;
		};
/* End XCBuildConfiguration section */

/* Begin XCConfigurationList section */
		4B6675A81E65687D007F163F /* Build configuration list for PBXProject "readerTest" */ = {
			isa = XCConfigurationList;
			buildConfigurations = (
				4B6675D31E65687D007F163F /* Debug */,
				4B6675D41E65687D007F163F /* Release */,
			);
			defaultConfigurationIsVisible = 0;
			defaultConfigurationName = Release;
		};
		4B6675D51E65687D007F163F /* Build configuration list for PBXNativeTarget "readerTest" */ = {
			isa = XCConfigurationList;
			buildConfigurations = (
				4B6675D61E65687D007F163F /* Debug */,
				4B6675D71E65687D007F163F /* Release */,
			);
			defaultConfigurationIsVisible = 0;
			defaultConfigurationName = Release;
		};
		4B6675D81E65687D007F163F /* Build configuration list for PBXNativeTarget "readerTestTests" */ = {
			isa = XCConfigurationList;
			buildConfigurations = (
				4B6675D91E65687D007F163F /* Debug */,
				4B6675DA1E65687D007F163F /* Release */,
			);
			defaultConfigurationIsVisible = 0;
			defaultConfigurationName = Release;
		};
		4B6675DB1E65687D007F163F /* Build configuration list for PBXNativeTarget "readerTestUITests" */ = {
			isa = XCConfigurationList;
			buildConfigurations = (
				4B6675DC1E65687D007F163F /* Debug */,
				4B6675DD1E65687D007F163F /* Release */,
			);
			defaultConfigurationIsVisible = 0;
			defaultConfigurationName = Release;
		};
/* End XCConfigurationList section */
	};
	rootObject = 4B6675A51E65687D007F163F /* Project object */;
}
